// !$*UTF8*$!
{
	archiveVersion = 1;
	classes = {
	};
	objectVersion = 55;
	objects = {

/* Begin PBXBuildFile section */
		AD00C71E29F71F2C0017385E /* SharedViewModel.swift in Sources */ = {isa = PBXBuildFile; fileRef = AD00C71D29F71F2C0017385E /* SharedViewModel.swift */; };
		AD00C72A29F720530017385E /* GoalEntryView.swift in Sources */ = {isa = PBXBuildFile; fileRef = AD00C72329F720530017385E /* GoalEntryView.swift */; };
		AD00C72B29F720530017385E /* LandingPageView.swift in Sources */ = {isa = PBXBuildFile; fileRef = AD00C72429F720530017385E /* LandingPageView.swift */; };
		AD00C72C29F720530017385E /* OnboardView.swift in Sources */ = {isa = PBXBuildFile; fileRef = AD00C72529F720530017385E /* OnboardView.swift */; };
		AD00C72D29F720530017385E /* VoiceQuestionView.swift in Sources */ = {isa = PBXBuildFile; fileRef = AD00C72629F720530017385E /* VoiceQuestionView.swift */; };
		AD00C72E29F720530017385E /* CustomTargetView.swift in Sources */ = {isa = PBXBuildFile; fileRef = AD00C72729F720530017385E /* CustomTargetView.swift */; };
		AD00C72F29F720530017385E /* PersonalQuestionView.swift in Sources */ = {isa = PBXBuildFile; fileRef = AD00C72829F720530017385E /* PersonalQuestionView.swift */; };
		AD00C73029F720530017385E /* TargetView.swift in Sources */ = {isa = PBXBuildFile; fileRef = AD00C72929F720530017385E /* TargetView.swift */; };
		AD00C73329F720650017385E /* ProgressBar.swift in Sources */ = {isa = PBXBuildFile; fileRef = AD00C73129F720650017385E /* ProgressBar.swift */; };
		AD00C73429F720650017385E /* HomeView.swift in Sources */ = {isa = PBXBuildFile; fileRef = AD00C73229F720650017385E /* HomeView.swift */; };
		AD00C73729F720720017385E /* ReminderPopUp.swift in Sources */ = {isa = PBXBuildFile; fileRef = AD00C73529F720720017385E /* ReminderPopUp.swift */; };
		AD00C73829F720720017385E /* SettingsView.swift in Sources */ = {isa = PBXBuildFile; fileRef = AD00C73629F720720017385E /* SettingsView.swift */; };
		AD00C73F29F720940017385E /* RecordAction.swift in Sources */ = {isa = PBXBuildFile; fileRef = AD00C73D29F720940017385E /* RecordAction.swift */; };
		AD00C74029F720940017385E /* RecordView.swift in Sources */ = {isa = PBXBuildFile; fileRef = AD00C73E29F720940017385E /* RecordView.swift */; };
		AD00C74529F720A10017385E /* CustomSlider.swift in Sources */ = {isa = PBXBuildFile; fileRef = AD00C74129F720A10017385E /* CustomSlider.swift */; };
		AD00C74629F720A10017385E /* VEScale.swift in Sources */ = {isa = PBXBuildFile; fileRef = AD00C74229F720A10017385E /* VEScale.swift */; };
		AD00C74729F720A10017385E /* SurveyView.swift in Sources */ = {isa = PBXBuildFile; fileRef = AD00C74329F720A10017385E /* SurveyView.swift */; };
		AD00C74829F720A10017385E /* VHIScale.swift in Sources */ = {isa = PBXBuildFile; fileRef = AD00C74429F720A10017385E /* VHIScale.swift */; };
		AD00C74D29F720B20017385E /* TreatmentLog.swift in Sources */ = {isa = PBXBuildFile; fileRef = AD00C74929F720B20017385E /* TreatmentLog.swift */; };
		AD00C74E29F720B20017385E /* TreatmentView.swift in Sources */ = {isa = PBXBuildFile; fileRef = AD00C74A29F720B20017385E /* TreatmentView.swift */; };
		AD00C74F29F720B20017385E /* NewTreatmentForm.swift in Sources */ = {isa = PBXBuildFile; fileRef = AD00C74B29F720B20017385E /* NewTreatmentForm.swift */; };
		AD00C75029F720B20017385E /* TreatmentRow.swift in Sources */ = {isa = PBXBuildFile; fileRef = AD00C74C29F720B20017385E /* TreatmentRow.swift */; };
		AD00C75A29F720C10017385E /* ProgressView.swift in Sources */ = {isa = PBXBuildFile; fileRef = AD00C75129F720C10017385E /* ProgressView.swift */; };
		AD00C75B29F720C10017385E /* Graphic.swift in Sources */ = {isa = PBXBuildFile; fileRef = AD00C75229F720C10017385E /* Graphic.swift */; };
		AD00C75C29F720C10017385E /* SetThreshold.swift in Sources */ = {isa = PBXBuildFile; fileRef = AD00C75329F720C10017385E /* SetThreshold.swift */; };
		AD00C75D29F720C10017385E /* ProgressViewFunctions.swift in Sources */ = {isa = PBXBuildFile; fileRef = AD00C75429F720C10017385E /* ProgressViewFunctions.swift */; };
		AD00C75E29F720C10017385E /* Filter.swift in Sources */ = {isa = PBXBuildFile; fileRef = AD00C75529F720C10017385E /* Filter.swift */; };
		AD00C75F29F720C10017385E /* GraphicTitle.swift in Sources */ = {isa = PBXBuildFile; fileRef = AD00C75629F720C10017385E /* GraphicTitle.swift */; };
		AD00C76029F720C10017385E /* EntryRow.swift in Sources */ = {isa = PBXBuildFile; fileRef = AD00C75729F720C10017385E /* EntryRow.swift */; };
		AD00C76129F720C10017385E /* DayList.swift in Sources */ = {isa = PBXBuildFile; fileRef = AD00C75829F720C10017385E /* DayList.swift */; };
		AD00C76829F720DE0017385E /* ExpandedSurvey.swift in Sources */ = {isa = PBXBuildFile; fileRef = AD00C76429F720DE0017385E /* ExpandedSurvey.swift */; };
		AD00C76929F720DE0017385E /* BaselineRecording.swift in Sources */ = {isa = PBXBuildFile; fileRef = AD00C76529F720DE0017385E /* BaselineRecording.swift */; };
		AD00C76A29F720DE0017385E /* ExpandedRecording.swift in Sources */ = {isa = PBXBuildFile; fileRef = AD00C76629F720DE0017385E /* ExpandedRecording.swift */; };
		AD00C76B29F720DE0017385E /* ExpandedJournal.swift in Sources */ = {isa = PBXBuildFile; fileRef = AD00C76729F720DE0017385E /* ExpandedJournal.swift */; };
		AD00C77229F7219D0017385E /* MiniAudioInterface.swift in Sources */ = {isa = PBXBuildFile; fileRef = AD00C77029F7219D0017385E /* MiniAudioInterface.swift */; };
		AD00C77329F7219D0017385E /* AudioInterface.swift in Sources */ = {isa = PBXBuildFile; fileRef = AD00C77129F7219D0017385E /* AudioInterface.swift */; };
		AD00C77A29F721BC0017385E /* HomeBackground.swift in Sources */ = {isa = PBXBuildFile; fileRef = AD00C77429F721BC0017385E /* HomeBackground.swift */; };
		AD00C77B29F721BC0017385E /* TextEntryField.swift in Sources */ = {isa = PBXBuildFile; fileRef = AD00C77529F721BC0017385E /* TextEntryField.swift */; };
		AD00C77C29F721BC0017385E /* DateEntryField.swift in Sources */ = {isa = PBXBuildFile; fileRef = AD00C77629F721BC0017385E /* DateEntryField.swift */; };
		AD00C77D29F721BC0017385E /* Arrow.swift in Sources */ = {isa = PBXBuildFile; fileRef = AD00C77729F721BC0017385E /* Arrow.swift */; };
		AD00C77E29F721BC0017385E /* Wave.swift in Sources */ = {isa = PBXBuildFile; fileRef = AD00C77829F721BC0017385E /* Wave.swift */; };
		AD00C77F29F721BC0017385E /* EntryField.swift in Sources */ = {isa = PBXBuildFile; fileRef = AD00C77929F721BC0017385E /* EntryField.swift */; };
		AD0FB6D329D21C5700E54749 /* SurveyGraphFunctions.swift in Sources */ = {isa = PBXBuildFile; fileRef = AD0FB6D229D21C5700E54749 /* SurveyGraphFunctions.swift */; };
		AD0FB6D529D21D1700E54749 /* GraphComponents.swift in Sources */ = {isa = PBXBuildFile; fileRef = AD0FB6D429D21D1700E54749 /* GraphComponents.swift */; };
		AD0FB6D729D21E6300E54749 /* SurveyGraphViews.swift in Sources */ = {isa = PBXBuildFile; fileRef = AD0FB6D629D21E6300E54749 /* SurveyGraphViews.swift */; };
		AD158E6C279919A500C3119A /* VoMoApp.swift in Sources */ = {isa = PBXBuildFile; fileRef = AD158E6B279919A500C3119A /* VoMoApp.swift */; };
		AD158E73279919A600C3119A /* Preview Assets.xcassets in Resources */ = {isa = PBXBuildFile; fileRef = AD158E72279919A600C3119A /* Preview Assets.xcassets */; };
		AD26BA1A2829F4C000AC1A7B /* BarChart1.swift in Sources */ = {isa = PBXBuildFile; fileRef = AD26BA192829F4C000AC1A7B /* BarChart1.swift */; };
		AD26BA1C2829F4C900AC1A7B /* BarChartCell.swift in Sources */ = {isa = PBXBuildFile; fileRef = AD26BA1B2829F4C900AC1A7B /* BarChartCell.swift */; };
		AD26BA1E2829F4DD00AC1A7B /* BarChartCellShape.swift in Sources */ = {isa = PBXBuildFile; fileRef = AD26BA1D2829F4DD00AC1A7B /* BarChartCellShape.swift */; };
		AD26BA202829F4E600AC1A7B /* BarChartRow.swift in Sources */ = {isa = PBXBuildFile; fileRef = AD26BA1F2829F4E600AC1A7B /* BarChartRow.swift */; };
		AD59E6FC293A92CB00F5BCF7 /* RecordingModel.swift in Sources */ = {isa = PBXBuildFile; fileRef = AD59E6FB293A92CB00F5BCF7 /* RecordingModel.swift */; };
		AD59E6FE293A92FC00F5BCF7 /* MetricsModel.swift in Sources */ = {isa = PBXBuildFile; fileRef = AD59E6FD293A92FC00F5BCF7 /* MetricsModel.swift */; };
		AD67CEC228A49646006AF596 /* TabIcons.swift in Sources */ = {isa = PBXBuildFile; fileRef = AD67CEC128A49646006AF596 /* TabIcons.swift */; };
		AD67CEC428A4965A006AF596 /* SubmissionButton.swift in Sources */ = {isa = PBXBuildFile; fileRef = AD67CEC328A4965A006AF596 /* SubmissionButton.swift */; };
		AD67CEC628A49665006AF596 /* YesButton.swift in Sources */ = {isa = PBXBuildFile; fileRef = AD67CEC528A49665006AF596 /* YesButton.swift */; };
		AD67CEC828A49673006AF596 /* NoButton.swift in Sources */ = {isa = PBXBuildFile; fileRef = AD67CEC728A49673006AF596 /* NoButton.swift */; };
		AD6B031C27FCB26F0066B77D /* APIPlayground.swift in Sources */ = {isa = PBXBuildFile; fileRef = AD6B031B27FCB26F0066B77D /* APIPlayground.swift */; };
		AD72972428CFD736001E7211 /* SignalProcess.swift in Sources */ = {isa = PBXBuildFile; fileRef = AD72972328CFD736001E7211 /* SignalProcess.swift */; };
		AD7BF16429B6ACF700FA0AF8 /* View.swift in Sources */ = {isa = PBXBuildFile; fileRef = AD7BF16329B6ACF700FA0AF8 /* View.swift */; };
		AD7BF16629B7121200FA0AF8 /* DurationGraph.swift in Sources */ = {isa = PBXBuildFile; fileRef = AD7BF16529B7121200FA0AF8 /* DurationGraph.swift */; };
		AD7BF16829B7121E00FA0AF8 /* QualityGraph.swift in Sources */ = {isa = PBXBuildFile; fileRef = AD7BF16729B7121E00FA0AF8 /* QualityGraph.swift */; };
		AD81B71128BC21F8009920FB /* Graph.swift in Sources */ = {isa = PBXBuildFile; fileRef = AD81B71028BC21F8009920FB /* Graph.swift */; };
		AD81B71328BDBA5A009920FB /* BarChart.swift in Sources */ = {isa = PBXBuildFile; fileRef = AD81B71228BDBA5A009920FB /* BarChart.swift */; };
		AD81B71528BEAE84009920FB /* HBarChart.swift in Sources */ = {isa = PBXBuildFile; fileRef = AD81B71428BEAE84009920FB /* HBarChart.swift */; };
		AD81B71728BEB011009920FB /* HBarChartCell.swift in Sources */ = {isa = PBXBuildFile; fileRef = AD81B71628BEB011009920FB /* HBarChartCell.swift */; };
		AD81B71928BEB0B5009920FB /* HBarChartCellShape.swift in Sources */ = {isa = PBXBuildFile; fileRef = AD81B71828BEB0B5009920FB /* HBarChartCellShape.swift */; };
		AD81B71E28BFCF83009920FB /* Notification.swift in Sources */ = {isa = PBXBuildFile; fileRef = AD81B71D28BFCF83009920FB /* Notification.swift */; };
		AD81B72028BFCFB2009920FB /* AudioRecorder.swift in Sources */ = {isa = PBXBuildFile; fileRef = AD81B71F28BFCFB2009920FB /* AudioRecorder.swift */; };
		AD81B72228BFCFCA009920FB /* AudioPlayer.swift in Sources */ = {isa = PBXBuildFile; fileRef = AD81B72128BFCFCA009920FB /* AudioPlayer.swift */; };
		AD81B72828BFD769009920FB /* SurveyModel.swift in Sources */ = {isa = PBXBuildFile; fileRef = AD81B72728BFD769009920FB /* SurveyModel.swift */; };
		AD81B72A28BFD76E009920FB /* JournalModel.swift in Sources */ = {isa = PBXBuildFile; fileRef = AD81B72928BFD76E009920FB /* JournalModel.swift */; };
		AD81B72C28BFD774009920FB /* TreatmentModel.swift in Sources */ = {isa = PBXBuildFile; fileRef = AD81B72B28BFD774009920FB /* TreatmentModel.swift */; };
		AD81B72F28BFDB13009920FB /* Entries.swift in Sources */ = {isa = PBXBuildFile; fileRef = AD81B72E28BFDB13009920FB /* Entries.swift */; };
		AD81B73128BFDBF6009920FB /* Settings.swift in Sources */ = {isa = PBXBuildFile; fileRef = AD81B73028BFDBF6009920FB /* Settings.swift */; };
		AD81B73828C00070009920FB /* ViewControllerModel.swift in Sources */ = {isa = PBXBuildFile; fileRef = AD81B73728C00070009920FB /* ViewControllerModel.swift */; };
		AD915C37280624E200B48A5C /* ProfileButton.swift in Sources */ = {isa = PBXBuildFile; fileRef = AD915C36280624E200B48A5C /* ProfileButton.swift */; };
		AD9BBAB7283419A30081331C /* KR_rainbow_1.wav in Resources */ = {isa = PBXBuildFile; fileRef = AD9BBAB6283419A30081331C /* KR_rainbow_1.wav */; };
		AD9BBAB9283419A80081331C /* KR_sustained_Ah_1.wav in Resources */ = {isa = PBXBuildFile; fileRef = AD9BBAB8283419A80081331C /* KR_sustained_Ah_1.wav */; };
		AD9EC70528050DBF007F0395 /* PlayButton.swift in Sources */ = {isa = PBXBuildFile; fileRef = AD9EC70428050DBF007F0395 /* PlayButton.swift */; };
		ADA0E0AB2824C26A00CF05D1 /* SwiftUICharts in Frameworks */ = {isa = PBXBuildFile; productRef = ADA0E0AA2824C26A00CF05D1 /* SwiftUICharts */; };
		ADA0E0B428255EAF00CF05D1 /* CardView.swift in Sources */ = {isa = PBXBuildFile; fileRef = ADA0E0B328255EAF00CF05D1 /* CardView.swift */; };
		ADA0E0B628255ECD00CF05D1 /* ChartBase.swift in Sources */ = {isa = PBXBuildFile; fileRef = ADA0E0B528255ECD00CF05D1 /* ChartBase.swift */; };
		ADA0E0B828255ED200CF05D1 /* ChartData.swift in Sources */ = {isa = PBXBuildFile; fileRef = ADA0E0B728255ED200CF05D1 /* ChartData.swift */; };
		ADA0E0BA28255EDA00CF05D1 /* ChartValue.swift in Sources */ = {isa = PBXBuildFile; fileRef = ADA0E0B928255EDA00CF05D1 /* ChartValue.swift */; };
		ADA0E0BC28255F1900CF05D1 /* Array+Extension.swift in Sources */ = {isa = PBXBuildFile; fileRef = ADA0E0BB28255F1900CF05D1 /* Array+Extension.swift */; };
		ADA0E0BE28255F3A00CF05D1 /* CGPoint+Extension.swift in Sources */ = {isa = PBXBuildFile; fileRef = ADA0E0BD28255F3A00CF05D1 /* CGPoint+Extension.swift */; };
		ADA0E0C028255F5300CF05D1 /* CGReact+Extension.swift in Sources */ = {isa = PBXBuildFile; fileRef = ADA0E0BF28255F5300CF05D1 /* CGReact+Extension.swift */; };
		ADA0E0C228255F6A00CF05D1 /* ChartBase+Extension.swift in Sources */ = {isa = PBXBuildFile; fileRef = ADA0E0C128255F6A00CF05D1 /* ChartBase+Extension.swift */; };
		ADA0E0C428255F7B00CF05D1 /* Color+Extension.swift in Sources */ = {isa = PBXBuildFile; fileRef = ADA0E0C328255F7B00CF05D1 /* Color+Extension.swift */; };
		ADA0E0C628255FA800CF05D1 /* Path+QuadCurve.swift in Sources */ = {isa = PBXBuildFile; fileRef = ADA0E0C528255FA800CF05D1 /* Path+QuadCurve.swift */; };
		ADA0E0C828255FD900CF05D1 /* View+Extension.swift in Sources */ = {isa = PBXBuildFile; fileRef = ADA0E0C728255FD900CF05D1 /* View+Extension.swift */; };
		ADA0E0CA2825601700CF05D1 /* ChartGrid.swift in Sources */ = {isa = PBXBuildFile; fileRef = ADA0E0C92825601700CF05D1 /* ChartGrid.swift */; };
		ADA0E0CC2825602A00CF05D1 /* ChartLabel.swift in Sources */ = {isa = PBXBuildFile; fileRef = ADA0E0CB2825602A00CF05D1 /* ChartLabel.swift */; };
		ADA0E0CE2825604800CF05D1 /* ChartStyle.swift in Sources */ = {isa = PBXBuildFile; fileRef = ADA0E0CD2825604800CF05D1 /* ChartStyle.swift */; };
		ADA0E0D02825604E00CF05D1 /* ColorGradient.swift in Sources */ = {isa = PBXBuildFile; fileRef = ADA0E0CF2825604E00CF05D1 /* ColorGradient.swift */; };
		ADA0E0D22825605300CF05D1 /* Colors.swift in Sources */ = {isa = PBXBuildFile; fileRef = ADA0E0D12825605300CF05D1 /* Colors.swift */; };
		ADA0E0D6282561A600CF05D1 /* IndicatorPoint.swift in Sources */ = {isa = PBXBuildFile; fileRef = ADA0E0D5282561A600CF05D1 /* IndicatorPoint.swift */; };
		ADA0E0D8282561A900CF05D1 /* Line.swift in Sources */ = {isa = PBXBuildFile; fileRef = ADA0E0D7282561A900CF05D1 /* Line.swift */; };
		ADA0E0DA282561B400CF05D1 /* LineBackgroundShape.swift in Sources */ = {isa = PBXBuildFile; fileRef = ADA0E0D9282561B400CF05D1 /* LineBackgroundShape.swift */; };
		ADA0E0DC282561BF00CF05D1 /* LineBackgroundShapeView.swift in Sources */ = {isa = PBXBuildFile; fileRef = ADA0E0DB282561BF00CF05D1 /* LineBackgroundShapeView.swift */; };
		ADA0E0DE282561C400CF05D1 /* LineChart.swift in Sources */ = {isa = PBXBuildFile; fileRef = ADA0E0DD282561C400CF05D1 /* LineChart.swift */; };
		ADA0E0E0282561CA00CF05D1 /* LineShape.swift in Sources */ = {isa = PBXBuildFile; fileRef = ADA0E0DF282561CA00CF05D1 /* LineShape.swift */; };
		ADA0E0E2282561D700CF05D1 /* LineShapeView.swift in Sources */ = {isa = PBXBuildFile; fileRef = ADA0E0E1282561D700CF05D1 /* LineShapeView.swift */; };
		ADA1EC9B2899C6B000EE58E3 /* AVAduioPCMBuffer.swift in Sources */ = {isa = PBXBuildFile; fileRef = ADA1EC9A2899C6B000EE58E3 /* AVAduioPCMBuffer.swift */; };
		ADA1EC9E2899C99400EE58E3 /* AudioKitUI in Frameworks */ = {isa = PBXBuildFile; productRef = ADA1EC9D2899C99400EE58E3 /* AudioKitUI */; };
		ADB402042A2FA58A0001001E /* ShareButton.swift in Sources */ = {isa = PBXBuildFile; fileRef = ADB402032A2FA58A0001001E /* ShareButton.swift */; };
		ADB4A81B29369516003D8556 /* AnyTransition.swift in Sources */ = {isa = PBXBuildFile; fileRef = ADB4A81A29369516003D8556 /* AnyTransition.swift */; };
		ADB4A82E2936C3E1003D8556 /* ElementModel.swift in Sources */ = {isa = PBXBuildFile; fileRef = ADB4A82D2936C3E1003D8556 /* ElementModel.swift */; };
		ADB4A8392936CFE2003D8556 /* DeleteButton.swift in Sources */ = {isa = PBXBuildFile; fileRef = ADB4A8382936CFE2003D8556 /* DeleteButton.swift */; };
		ADBAE7F9282996A500A7BD1B /* Roboto-Bold.ttf in Resources */ = {isa = PBXBuildFile; fileRef = ADBAE7F8282996A500A7BD1B /* Roboto-Bold.ttf */; };
		ADBAE7FC282996DF00A7BD1B /* Roboto-Medium.ttf in Resources */ = {isa = PBXBuildFile; fileRef = ADBAE7FB282996DF00A7BD1B /* Roboto-Medium.ttf */; };
		ADBAE7FE282996E500A7BD1B /* Roboto-Regular.ttf in Resources */ = {isa = PBXBuildFile; fileRef = ADBAE7FD282996E500A7BD1B /* Roboto-Regular.ttf */; };
		ADBAE800282996EE00A7BD1B /* Roboto-Light.ttf in Resources */ = {isa = PBXBuildFile; fileRef = ADBAE7FF282996EE00A7BD1B /* Roboto-Light.ttf */; };
		ADBAE802282996FA00A7BD1B /* Roboto-LightItalic.ttf in Resources */ = {isa = PBXBuildFile; fileRef = ADBAE801282996FA00A7BD1B /* Roboto-LightItalic.ttf */; };
		ADBAE8062829984F00A7BD1B /* Assets.xcassets in Resources */ = {isa = PBXBuildFile; fileRef = ADBAE8052829984F00A7BD1B /* Assets.xcassets */; };
		ADBDFF8628C2663000518354 /* ViewController.swift in Sources */ = {isa = PBXBuildFile; fileRef = ADBDFF8528C2663000518354 /* ViewController.swift */; };
		ADBDFF9028C26DD100518354 /* JournalView.swift in Sources */ = {isa = PBXBuildFile; fileRef = ADBDFF8F28C26DD100518354 /* JournalView.swift */; };
		ADBF43A3290AC6B1001CDBF5 /* FilterButton.swift in Sources */ = {isa = PBXBuildFile; fileRef = ADBF43A2290AC6B1001CDBF5 /* FilterButton.swift */; };
		ADC5A60628358611000C73DF /* Font.swift in Sources */ = {isa = PBXBuildFile; fileRef = ADC5A60528358611000C73DF /* Font.swift */; };
		ADC5A60828358616000C73DF /* Color.swift in Sources */ = {isa = PBXBuildFile; fileRef = ADC5A60728358616000C73DF /* Color.swift */; };
		ADC5A60A28358644000C73DF /* Date.swift in Sources */ = {isa = PBXBuildFile; fileRef = ADC5A60928358644000C73DF /* Date.swift */; };
		ADC5A60C283587D9000C73DF /* Array.swift in Sources */ = {isa = PBXBuildFile; fileRef = ADC5A60B283587D9000C73DF /* Array.swift */; };
		ADE03015293312AC00320A61 /* GraphView.swift in Sources */ = {isa = PBXBuildFile; fileRef = ADE03014293312AC00320A61 /* GraphView.swift */; };
		ADE3A01628395A8C00E56527 /* String.swift in Sources */ = {isa = PBXBuildFile; fileRef = ADE3A01528395A8C00E56527 /* String.swift */; };
		ADE416442911821500133437 /* Image.swift in Sources */ = {isa = PBXBuildFile; fileRef = ADE416432911821500133437 /* Image.swift */; };
		ADE416462911874600133437 /* NavButtons.swift in Sources */ = {isa = PBXBuildFile; fileRef = ADE416452911874600133437 /* NavButtons.swift */; };
		ADE89218295BACCC00351EA1 /* PitchGraph.swift in Sources */ = {isa = PBXBuildFile; fileRef = ADE89217295BACCC00351EA1 /* PitchGraph.swift */; };
		ADE8921A295D426900351EA1 /* SurveyGraph.swift in Sources */ = {isa = PBXBuildFile; fileRef = ADE89219295D426900351EA1 /* SurveyGraph.swift */; };
		EAD33D582A394E2B0089029D /* AudioRecorderLive.swift in Sources */ = {isa = PBXBuildFile; fileRef = EAD33D572A394E2A0089029D /* AudioRecorderLive.swift */; };
/* End PBXBuildFile section */

/* Begin PBXFileReference section */
		AD00C71D29F71F2C0017385E /* SharedViewModel.swift */ = {isa = PBXFileReference; lastKnownFileType = sourcecode.swift; name = SharedViewModel.swift; path = VoMo/Model/DataModels/SharedViewModel.swift; sourceTree = SOURCE_ROOT; };
		AD00C72329F720530017385E /* GoalEntryView.swift */ = {isa = PBXFileReference; fileEncoding = 4; lastKnownFileType = sourcecode.swift; name = GoalEntryView.swift; path = vomo/Core/Views/OnboardView/GoalEntryView.swift; sourceTree = SOURCE_ROOT; };
		AD00C72429F720530017385E /* LandingPageView.swift */ = {isa = PBXFileReference; fileEncoding = 4; lastKnownFileType = sourcecode.swift; name = LandingPageView.swift; path = vomo/Core/Views/OnboardView/LandingPageView.swift; sourceTree = SOURCE_ROOT; };
		AD00C72529F720530017385E /* OnboardView.swift */ = {isa = PBXFileReference; fileEncoding = 4; lastKnownFileType = sourcecode.swift; name = OnboardView.swift; path = vomo/Core/Views/OnboardView/OnboardView.swift; sourceTree = SOURCE_ROOT; };
		AD00C72629F720530017385E /* VoiceQuestionView.swift */ = {isa = PBXFileReference; fileEncoding = 4; lastKnownFileType = sourcecode.swift; name = VoiceQuestionView.swift; path = vomo/Core/Views/OnboardView/VoiceQuestionView.swift; sourceTree = SOURCE_ROOT; };
		AD00C72729F720530017385E /* CustomTargetView.swift */ = {isa = PBXFileReference; fileEncoding = 4; lastKnownFileType = sourcecode.swift; name = CustomTargetView.swift; path = vomo/Core/Views/OnboardView/CustomTargetView.swift; sourceTree = SOURCE_ROOT; };
		AD00C72829F720530017385E /* PersonalQuestionView.swift */ = {isa = PBXFileReference; fileEncoding = 4; lastKnownFileType = sourcecode.swift; name = PersonalQuestionView.swift; path = vomo/Core/Views/OnboardView/PersonalQuestionView.swift; sourceTree = SOURCE_ROOT; };
		AD00C72929F720530017385E /* TargetView.swift */ = {isa = PBXFileReference; fileEncoding = 4; lastKnownFileType = sourcecode.swift; name = TargetView.swift; path = vomo/Core/Views/OnboardView/TargetView.swift; sourceTree = SOURCE_ROOT; };
		AD00C73129F720650017385E /* ProgressBar.swift */ = {isa = PBXFileReference; fileEncoding = 4; lastKnownFileType = sourcecode.swift; name = ProgressBar.swift; path = vomo/Core/Views/HomeView/ProgressBar.swift; sourceTree = SOURCE_ROOT; };
		AD00C73229F720650017385E /* HomeView.swift */ = {isa = PBXFileReference; fileEncoding = 4; lastKnownFileType = sourcecode.swift; name = HomeView.swift; path = vomo/Core/Views/HomeView/HomeView.swift; sourceTree = SOURCE_ROOT; };
		AD00C73529F720720017385E /* ReminderPopUp.swift */ = {isa = PBXFileReference; fileEncoding = 4; lastKnownFileType = sourcecode.swift; name = ReminderPopUp.swift; path = vomo/Core/Views/SettingsView/ReminderPopUp.swift; sourceTree = SOURCE_ROOT; };
		AD00C73629F720720017385E /* SettingsView.swift */ = {isa = PBXFileReference; fileEncoding = 4; lastKnownFileType = sourcecode.swift; name = SettingsView.swift; path = vomo/Core/Views/SettingsView/SettingsView.swift; sourceTree = SOURCE_ROOT; };
		AD00C73D29F720940017385E /* RecordAction.swift */ = {isa = PBXFileReference; fileEncoding = 4; lastKnownFileType = sourcecode.swift; name = RecordAction.swift; path = vomo/Core/Views/RecordView/RecordAction.swift; sourceTree = SOURCE_ROOT; };
		AD00C73E29F720940017385E /* RecordView.swift */ = {isa = PBXFileReference; fileEncoding = 4; lastKnownFileType = sourcecode.swift; name = RecordView.swift; path = vomo/Core/Views/RecordView/RecordView.swift; sourceTree = SOURCE_ROOT; };
		AD00C74129F720A10017385E /* CustomSlider.swift */ = {isa = PBXFileReference; fileEncoding = 4; lastKnownFileType = sourcecode.swift; name = CustomSlider.swift; path = vomo/Core/Views/SurveyView/CustomSlider.swift; sourceTree = SOURCE_ROOT; };
		AD00C74229F720A10017385E /* VEScale.swift */ = {isa = PBXFileReference; fileEncoding = 4; lastKnownFileType = sourcecode.swift; name = VEScale.swift; path = vomo/Core/Views/SurveyView/VEScale.swift; sourceTree = SOURCE_ROOT; };
		AD00C74329F720A10017385E /* SurveyView.swift */ = {isa = PBXFileReference; fileEncoding = 4; lastKnownFileType = sourcecode.swift; name = SurveyView.swift; path = vomo/Core/Views/SurveyView/SurveyView.swift; sourceTree = SOURCE_ROOT; };
		AD00C74429F720A10017385E /* VHIScale.swift */ = {isa = PBXFileReference; fileEncoding = 4; lastKnownFileType = sourcecode.swift; name = VHIScale.swift; path = vomo/Core/Views/SurveyView/VHIScale.swift; sourceTree = SOURCE_ROOT; };
		AD00C74929F720B20017385E /* TreatmentLog.swift */ = {isa = PBXFileReference; fileEncoding = 4; lastKnownFileType = sourcecode.swift; name = TreatmentLog.swift; path = vomo/Core/Views/TreatmentView/TreatmentLog.swift; sourceTree = SOURCE_ROOT; };
		AD00C74A29F720B20017385E /* TreatmentView.swift */ = {isa = PBXFileReference; fileEncoding = 4; lastKnownFileType = sourcecode.swift; name = TreatmentView.swift; path = vomo/Core/Views/TreatmentView/TreatmentView.swift; sourceTree = SOURCE_ROOT; };
		AD00C74B29F720B20017385E /* NewTreatmentForm.swift */ = {isa = PBXFileReference; fileEncoding = 4; lastKnownFileType = sourcecode.swift; name = NewTreatmentForm.swift; path = vomo/Core/Views/TreatmentView/NewTreatmentForm.swift; sourceTree = SOURCE_ROOT; };
		AD00C74C29F720B20017385E /* TreatmentRow.swift */ = {isa = PBXFileReference; fileEncoding = 4; lastKnownFileType = sourcecode.swift; name = TreatmentRow.swift; path = vomo/Core/Views/TreatmentView/TreatmentRow.swift; sourceTree = SOURCE_ROOT; };
		AD00C75129F720C10017385E /* ProgressView.swift */ = {isa = PBXFileReference; fileEncoding = 4; lastKnownFileType = sourcecode.swift; name = ProgressView.swift; path = vomo/Core/Views/ProgressView/ProgressView.swift; sourceTree = SOURCE_ROOT; };
		AD00C75229F720C10017385E /* Graphic.swift */ = {isa = PBXFileReference; fileEncoding = 4; lastKnownFileType = sourcecode.swift; name = Graphic.swift; path = vomo/Core/Views/ProgressView/Graphic.swift; sourceTree = SOURCE_ROOT; };
		AD00C75329F720C10017385E /* SetThreshold.swift */ = {isa = PBXFileReference; fileEncoding = 4; lastKnownFileType = sourcecode.swift; name = SetThreshold.swift; path = vomo/Core/Views/ProgressView/SetThreshold.swift; sourceTree = SOURCE_ROOT; };
		AD00C75429F720C10017385E /* ProgressViewFunctions.swift */ = {isa = PBXFileReference; fileEncoding = 4; lastKnownFileType = sourcecode.swift; name = ProgressViewFunctions.swift; path = vomo/Core/Views/ProgressView/ProgressViewFunctions.swift; sourceTree = SOURCE_ROOT; };
		AD00C75529F720C10017385E /* Filter.swift */ = {isa = PBXFileReference; fileEncoding = 4; lastKnownFileType = sourcecode.swift; name = Filter.swift; path = vomo/Core/Views/ProgressView/Filter.swift; sourceTree = SOURCE_ROOT; };
		AD00C75629F720C10017385E /* GraphicTitle.swift */ = {isa = PBXFileReference; fileEncoding = 4; lastKnownFileType = sourcecode.swift; name = GraphicTitle.swift; path = vomo/Core/Views/ProgressView/GraphicTitle.swift; sourceTree = SOURCE_ROOT; };
		AD00C75729F720C10017385E /* EntryRow.swift */ = {isa = PBXFileReference; fileEncoding = 4; lastKnownFileType = sourcecode.swift; name = EntryRow.swift; path = vomo/Core/Views/ProgressView/EntryRow.swift; sourceTree = SOURCE_ROOT; };
		AD00C75829F720C10017385E /* DayList.swift */ = {isa = PBXFileReference; fileEncoding = 4; lastKnownFileType = sourcecode.swift; name = DayList.swift; path = vomo/Core/Views/ProgressView/DayList.swift; sourceTree = SOURCE_ROOT; };
		AD00C76429F720DE0017385E /* ExpandedSurvey.swift */ = {isa = PBXFileReference; fileEncoding = 4; lastKnownFileType = sourcecode.swift; path = ExpandedSurvey.swift; sourceTree = "<group>"; };
		AD00C76529F720DE0017385E /* BaselineRecording.swift */ = {isa = PBXFileReference; fileEncoding = 4; lastKnownFileType = sourcecode.swift; path = BaselineRecording.swift; sourceTree = "<group>"; };
		AD00C76629F720DE0017385E /* ExpandedRecording.swift */ = {isa = PBXFileReference; fileEncoding = 4; lastKnownFileType = sourcecode.swift; path = ExpandedRecording.swift; sourceTree = "<group>"; };
		AD00C76729F720DE0017385E /* ExpandedJournal.swift */ = {isa = PBXFileReference; fileEncoding = 4; lastKnownFileType = sourcecode.swift; path = ExpandedJournal.swift; sourceTree = "<group>"; };
		AD00C77029F7219D0017385E /* MiniAudioInterface.swift */ = {isa = PBXFileReference; fileEncoding = 4; lastKnownFileType = sourcecode.swift; name = MiniAudioInterface.swift; path = vomo/Core/Features/AudioPlayerInterface/MiniAudioInterface.swift; sourceTree = SOURCE_ROOT; };
		AD00C77129F7219D0017385E /* AudioInterface.swift */ = {isa = PBXFileReference; fileEncoding = 4; lastKnownFileType = sourcecode.swift; name = AudioInterface.swift; path = vomo/Core/Features/AudioPlayerInterface/AudioInterface.swift; sourceTree = SOURCE_ROOT; };
		AD00C77429F721BC0017385E /* HomeBackground.swift */ = {isa = PBXFileReference; fileEncoding = 4; lastKnownFileType = sourcecode.swift; name = HomeBackground.swift; path = vomo/Core/Features/CommonComponents/HomeBackground.swift; sourceTree = SOURCE_ROOT; };
		AD00C77529F721BC0017385E /* TextEntryField.swift */ = {isa = PBXFileReference; fileEncoding = 4; lastKnownFileType = sourcecode.swift; name = TextEntryField.swift; path = vomo/Core/Features/CommonComponents/TextEntryField.swift; sourceTree = SOURCE_ROOT; };
		AD00C77629F721BC0017385E /* DateEntryField.swift */ = {isa = PBXFileReference; fileEncoding = 4; lastKnownFileType = sourcecode.swift; name = DateEntryField.swift; path = vomo/Core/Features/CommonComponents/DateEntryField.swift; sourceTree = SOURCE_ROOT; };
		AD00C77729F721BC0017385E /* Arrow.swift */ = {isa = PBXFileReference; fileEncoding = 4; lastKnownFileType = sourcecode.swift; name = Arrow.swift; path = vomo/Core/Features/CommonComponents/Arrow.swift; sourceTree = SOURCE_ROOT; };
		AD00C77829F721BC0017385E /* Wave.swift */ = {isa = PBXFileReference; fileEncoding = 4; lastKnownFileType = sourcecode.swift; name = Wave.swift; path = vomo/Core/Features/CommonComponents/Wave.swift; sourceTree = SOURCE_ROOT; };
		AD00C77929F721BC0017385E /* EntryField.swift */ = {isa = PBXFileReference; fileEncoding = 4; lastKnownFileType = sourcecode.swift; name = EntryField.swift; path = vomo/Core/Features/CommonComponents/EntryField.swift; sourceTree = SOURCE_ROOT; };
		AD0FB6D229D21C5700E54749 /* SurveyGraphFunctions.swift */ = {isa = PBXFileReference; lastKnownFileType = sourcecode.swift; name = SurveyGraphFunctions.swift; path = vomo/Graphs/SurveyGraphFunctions.swift; sourceTree = SOURCE_ROOT; };
		AD0FB6D429D21D1700E54749 /* GraphComponents.swift */ = {isa = PBXFileReference; lastKnownFileType = sourcecode.swift; name = GraphComponents.swift; path = vomo/Graphs/GraphComponents.swift; sourceTree = SOURCE_ROOT; };
		AD0FB6D629D21E6300E54749 /* SurveyGraphViews.swift */ = {isa = PBXFileReference; lastKnownFileType = sourcecode.swift; name = SurveyGraphViews.swift; path = vomo/Graphs/SurveyGraphViews.swift; sourceTree = SOURCE_ROOT; };
		AD158E68279919A500C3119A /* VoMo.app */ = {isa = PBXFileReference; explicitFileType = wrapper.application; includeInIndex = 0; path = VoMo.app; sourceTree = BUILT_PRODUCTS_DIR; };
		AD158E6B279919A500C3119A /* VoMoApp.swift */ = {isa = PBXFileReference; lastKnownFileType = sourcecode.swift; path = VoMoApp.swift; sourceTree = "<group>"; };
		AD158E72279919A600C3119A /* Preview Assets.xcassets */ = {isa = PBXFileReference; lastKnownFileType = folder.assetcatalog; path = "Preview Assets.xcassets"; sourceTree = "<group>"; };
		AD26BA192829F4C000AC1A7B /* BarChart1.swift */ = {isa = PBXFileReference; lastKnownFileType = sourcecode.swift; name = BarChart1.swift; path = vomo/Graphs/BarChart/BarChart1.swift; sourceTree = SOURCE_ROOT; };
		AD26BA1B2829F4C900AC1A7B /* BarChartCell.swift */ = {isa = PBXFileReference; lastKnownFileType = sourcecode.swift; name = BarChartCell.swift; path = vomo/Graphs/BarChart/BarChartCell.swift; sourceTree = SOURCE_ROOT; };
		AD26BA1D2829F4DD00AC1A7B /* BarChartCellShape.swift */ = {isa = PBXFileReference; lastKnownFileType = sourcecode.swift; name = BarChartCellShape.swift; path = vomo/Graphs/BarChart/BarChartCellShape.swift; sourceTree = SOURCE_ROOT; };
		AD26BA1F2829F4E600AC1A7B /* BarChartRow.swift */ = {isa = PBXFileReference; lastKnownFileType = sourcecode.swift; name = BarChartRow.swift; path = vomo/Graphs/BarChart/BarChartRow.swift; sourceTree = SOURCE_ROOT; };
		AD59E6FB293A92CB00F5BCF7 /* RecordingModel.swift */ = {isa = PBXFileReference; lastKnownFileType = sourcecode.swift; name = RecordingModel.swift; path = VoMo/Model/DataModels/RecordingModel.swift; sourceTree = SOURCE_ROOT; };
		AD59E6FD293A92FC00F5BCF7 /* MetricsModel.swift */ = {isa = PBXFileReference; lastKnownFileType = sourcecode.swift; name = MetricsModel.swift; path = VoMo/Model/DataModels/MetricsModel.swift; sourceTree = SOURCE_ROOT; };
		AD67CEC128A49646006AF596 /* TabIcons.swift */ = {isa = PBXFileReference; lastKnownFileType = sourcecode.swift; name = TabIcons.swift; path = VoMo/Core/Features/Buttons/TabIcons.swift; sourceTree = SOURCE_ROOT; };
		AD67CEC328A4965A006AF596 /* SubmissionButton.swift */ = {isa = PBXFileReference; lastKnownFileType = sourcecode.swift; name = SubmissionButton.swift; path = VoMo/Core/Features/Buttons/SubmissionButton.swift; sourceTree = SOURCE_ROOT; };
		AD67CEC528A49665006AF596 /* YesButton.swift */ = {isa = PBXFileReference; lastKnownFileType = sourcecode.swift; name = YesButton.swift; path = VoMo/Core/Features/Buttons/YesButton.swift; sourceTree = SOURCE_ROOT; };
		AD67CEC728A49673006AF596 /* NoButton.swift */ = {isa = PBXFileReference; lastKnownFileType = sourcecode.swift; name = NoButton.swift; path = VoMo/Core/Features/Buttons/NoButton.swift; sourceTree = SOURCE_ROOT; };
		AD6B031B27FCB26F0066B77D /* APIPlayground.swift */ = {isa = PBXFileReference; lastKnownFileType = sourcecode.swift; path = APIPlayground.swift; sourceTree = "<group>"; };
		AD72972328CFD736001E7211 /* SignalProcess.swift */ = {isa = PBXFileReference; lastKnownFileType = sourcecode.swift; name = SignalProcess.swift; path = VoMo/Model/Service/SignalProcess.swift; sourceTree = SOURCE_ROOT; };
		AD7BF16329B6ACF700FA0AF8 /* View.swift */ = {isa = PBXFileReference; lastKnownFileType = sourcecode.swift; name = View.swift; path = vomo/Extensions/View.swift; sourceTree = SOURCE_ROOT; };
		AD7BF16529B7121200FA0AF8 /* DurationGraph.swift */ = {isa = PBXFileReference; lastKnownFileType = sourcecode.swift; name = DurationGraph.swift; path = vomo/Graphs/DurationGraph.swift; sourceTree = SOURCE_ROOT; };
		AD7BF16729B7121E00FA0AF8 /* QualityGraph.swift */ = {isa = PBXFileReference; lastKnownFileType = sourcecode.swift; name = QualityGraph.swift; path = vomo/Graphs/QualityGraph.swift; sourceTree = SOURCE_ROOT; };
		AD81B71028BC21F8009920FB /* Graph.swift */ = {isa = PBXFileReference; lastKnownFileType = sourcecode.swift; name = Graph.swift; path = vomo/Graphs/Graph.swift; sourceTree = SOURCE_ROOT; };
		AD81B71228BDBA5A009920FB /* BarChart.swift */ = {isa = PBXFileReference; lastKnownFileType = sourcecode.swift; name = BarChart.swift; path = vomo/Graphs/BarChart.swift; sourceTree = SOURCE_ROOT; };
		AD81B71428BEAE84009920FB /* HBarChart.swift */ = {isa = PBXFileReference; lastKnownFileType = sourcecode.swift; name = HBarChart.swift; path = vomo/Graphs/HBarChart.swift; sourceTree = SOURCE_ROOT; };
		AD81B71628BEB011009920FB /* HBarChartCell.swift */ = {isa = PBXFileReference; lastKnownFileType = sourcecode.swift; name = HBarChartCell.swift; path = vomo/Graphs/BarChart/HBarChartCell.swift; sourceTree = SOURCE_ROOT; };
		AD81B71828BEB0B5009920FB /* HBarChartCellShape.swift */ = {isa = PBXFileReference; lastKnownFileType = sourcecode.swift; name = HBarChartCellShape.swift; path = vomo/Graphs/BarChart/HBarChartCellShape.swift; sourceTree = SOURCE_ROOT; };
		AD81B71D28BFCF83009920FB /* Notification.swift */ = {isa = PBXFileReference; lastKnownFileType = sourcecode.swift; name = Notification.swift; path = VoMo/Model/Service/Notification.swift; sourceTree = SOURCE_ROOT; };
		AD81B71F28BFCFB2009920FB /* AudioRecorder.swift */ = {isa = PBXFileReference; lastKnownFileType = sourcecode.swift; name = AudioRecorder.swift; path = VoMo/Model/DataStorage/AudioRecorder.swift; sourceTree = SOURCE_ROOT; };
		AD81B72128BFCFCA009920FB /* AudioPlayer.swift */ = {isa = PBXFileReference; lastKnownFileType = sourcecode.swift; name = AudioPlayer.swift; path = VoMo/Model/Service/AudioPlayer.swift; sourceTree = SOURCE_ROOT; };
		AD81B72728BFD769009920FB /* SurveyModel.swift */ = {isa = PBXFileReference; lastKnownFileType = sourcecode.swift; name = SurveyModel.swift; path = VoMo/Model/DataModels/SurveyModel.swift; sourceTree = SOURCE_ROOT; };
		AD81B72928BFD76E009920FB /* JournalModel.swift */ = {isa = PBXFileReference; lastKnownFileType = sourcecode.swift; name = JournalModel.swift; path = VoMo/Model/DataModels/JournalModel.swift; sourceTree = SOURCE_ROOT; };
		AD81B72B28BFD774009920FB /* TreatmentModel.swift */ = {isa = PBXFileReference; lastKnownFileType = sourcecode.swift; name = TreatmentModel.swift; path = VoMo/Model/DataModels/TreatmentModel.swift; sourceTree = SOURCE_ROOT; };
		AD81B72E28BFDB13009920FB /* Entries.swift */ = {isa = PBXFileReference; lastKnownFileType = sourcecode.swift; name = Entries.swift; path = VoMo/Model/DataStorage/Entries.swift; sourceTree = SOURCE_ROOT; };
		AD81B73028BFDBF6009920FB /* Settings.swift */ = {isa = PBXFileReference; lastKnownFileType = sourcecode.swift; name = Settings.swift; path = VoMo/Model/DataStorage/Settings.swift; sourceTree = SOURCE_ROOT; };
		AD81B73728C00070009920FB /* ViewControllerModel.swift */ = {isa = PBXFileReference; lastKnownFileType = sourcecode.swift; name = ViewControllerModel.swift; path = VoMo/Model/DataModels/ViewControllerModel.swift; sourceTree = SOURCE_ROOT; };
		AD915C36280624E200B48A5C /* ProfileButton.swift */ = {isa = PBXFileReference; lastKnownFileType = sourcecode.swift; path = ProfileButton.swift; sourceTree = "<group>"; };
		AD9BBAB6283419A30081331C /* KR_rainbow_1.wav */ = {isa = PBXFileReference; lastKnownFileType = audio.wav; name = KR_rainbow_1.wav; path = vomo/KR_rainbow_1.wav; sourceTree = SOURCE_ROOT; };
		AD9BBAB8283419A80081331C /* KR_sustained_Ah_1.wav */ = {isa = PBXFileReference; lastKnownFileType = audio.wav; name = KR_sustained_Ah_1.wav; path = vomo/KR_sustained_Ah_1.wav; sourceTree = SOURCE_ROOT; };
		AD9EC70428050DBF007F0395 /* PlayButton.swift */ = {isa = PBXFileReference; lastKnownFileType = sourcecode.swift; path = PlayButton.swift; sourceTree = "<group>"; };
		ADA0E0B328255EAF00CF05D1 /* CardView.swift */ = {isa = PBXFileReference; lastKnownFileType = sourcecode.swift; name = CardView.swift; path = vomo/Graphs/CardView/CardView.swift; sourceTree = SOURCE_ROOT; };
		ADA0E0B528255ECD00CF05D1 /* ChartBase.swift */ = {isa = PBXFileReference; lastKnownFileType = sourcecode.swift; name = ChartBase.swift; path = vomo/Graphs/Chart/ChartBase.swift; sourceTree = SOURCE_ROOT; };
		ADA0E0B728255ED200CF05D1 /* ChartData.swift */ = {isa = PBXFileReference; lastKnownFileType = sourcecode.swift; name = ChartData.swift; path = vomo/Graphs/Chart/ChartData.swift; sourceTree = SOURCE_ROOT; };
		ADA0E0B928255EDA00CF05D1 /* ChartValue.swift */ = {isa = PBXFileReference; lastKnownFileType = sourcecode.swift; name = ChartValue.swift; path = vomo/Graphs/Chart/ChartValue.swift; sourceTree = SOURCE_ROOT; };
		ADA0E0BB28255F1900CF05D1 /* Array+Extension.swift */ = {isa = PBXFileReference; lastKnownFileType = sourcecode.swift; name = "Array+Extension.swift"; path = "vomo/Graphs/Extensions/Array+Extension.swift"; sourceTree = SOURCE_ROOT; };
		ADA0E0BD28255F3A00CF05D1 /* CGPoint+Extension.swift */ = {isa = PBXFileReference; lastKnownFileType = sourcecode.swift; name = "CGPoint+Extension.swift"; path = "vomo/Graphs/Extensions/CGPoint+Extension.swift"; sourceTree = SOURCE_ROOT; };
		ADA0E0BF28255F5300CF05D1 /* CGReact+Extension.swift */ = {isa = PBXFileReference; lastKnownFileType = sourcecode.swift; name = "CGReact+Extension.swift"; path = "vomo/Graphs/Extensions/CGReact+Extension.swift"; sourceTree = SOURCE_ROOT; };
		ADA0E0C128255F6A00CF05D1 /* ChartBase+Extension.swift */ = {isa = PBXFileReference; lastKnownFileType = sourcecode.swift; name = "ChartBase+Extension.swift"; path = "vomo/Graphs/Extensions/ChartBase+Extension.swift"; sourceTree = SOURCE_ROOT; };
		ADA0E0C328255F7B00CF05D1 /* Color+Extension.swift */ = {isa = PBXFileReference; lastKnownFileType = sourcecode.swift; name = "Color+Extension.swift"; path = "vomo/Graphs/Extensions/Color+Extension.swift"; sourceTree = SOURCE_ROOT; };
		ADA0E0C528255FA800CF05D1 /* Path+QuadCurve.swift */ = {isa = PBXFileReference; lastKnownFileType = sourcecode.swift; name = "Path+QuadCurve.swift"; path = "vomo/Graphs/Extensions/Path+QuadCurve.swift"; sourceTree = SOURCE_ROOT; };
		ADA0E0C728255FD900CF05D1 /* View+Extension.swift */ = {isa = PBXFileReference; lastKnownFileType = sourcecode.swift; name = "View+Extension.swift"; path = "vomo/Graphs/Extensions/View+Extension.swift"; sourceTree = SOURCE_ROOT; };
		ADA0E0C92825601700CF05D1 /* ChartGrid.swift */ = {isa = PBXFileReference; lastKnownFileType = sourcecode.swift; name = ChartGrid.swift; path = vomo/Graphs/Grid/ChartGrid.swift; sourceTree = SOURCE_ROOT; };
		ADA0E0CB2825602A00CF05D1 /* ChartLabel.swift */ = {isa = PBXFileReference; lastKnownFileType = sourcecode.swift; name = ChartLabel.swift; path = vomo/Graphs/Label/ChartLabel.swift; sourceTree = SOURCE_ROOT; };
		ADA0E0CD2825604800CF05D1 /* ChartStyle.swift */ = {isa = PBXFileReference; lastKnownFileType = sourcecode.swift; name = ChartStyle.swift; path = vomo/Graphs/Style/ChartStyle.swift; sourceTree = SOURCE_ROOT; };
		ADA0E0CF2825604E00CF05D1 /* ColorGradient.swift */ = {isa = PBXFileReference; lastKnownFileType = sourcecode.swift; name = ColorGradient.swift; path = vomo/Graphs/Style/ColorGradient.swift; sourceTree = SOURCE_ROOT; };
		ADA0E0D12825605300CF05D1 /* Colors.swift */ = {isa = PBXFileReference; lastKnownFileType = sourcecode.swift; name = Colors.swift; path = vomo/Graphs/Style/Colors.swift; sourceTree = SOURCE_ROOT; };
		ADA0E0D5282561A600CF05D1 /* IndicatorPoint.swift */ = {isa = PBXFileReference; lastKnownFileType = sourcecode.swift; name = IndicatorPoint.swift; path = vomo/Graphs/LineChart/IndicatorPoint.swift; sourceTree = SOURCE_ROOT; };
		ADA0E0D7282561A900CF05D1 /* Line.swift */ = {isa = PBXFileReference; lastKnownFileType = sourcecode.swift; name = Line.swift; path = vomo/Graphs/LineChart/Line.swift; sourceTree = SOURCE_ROOT; };
		ADA0E0D9282561B400CF05D1 /* LineBackgroundShape.swift */ = {isa = PBXFileReference; lastKnownFileType = sourcecode.swift; name = LineBackgroundShape.swift; path = vomo/Graphs/LineChart/LineBackgroundShape.swift; sourceTree = SOURCE_ROOT; };
		ADA0E0DB282561BF00CF05D1 /* LineBackgroundShapeView.swift */ = {isa = PBXFileReference; lastKnownFileType = sourcecode.swift; name = LineBackgroundShapeView.swift; path = vomo/Graphs/LineChart/LineBackgroundShapeView.swift; sourceTree = SOURCE_ROOT; };
		ADA0E0DD282561C400CF05D1 /* LineChart.swift */ = {isa = PBXFileReference; lastKnownFileType = sourcecode.swift; name = LineChart.swift; path = vomo/Graphs/LineChart/LineChart.swift; sourceTree = SOURCE_ROOT; };
		ADA0E0DF282561CA00CF05D1 /* LineShape.swift */ = {isa = PBXFileReference; lastKnownFileType = sourcecode.swift; name = LineShape.swift; path = vomo/Graphs/LineChart/LineShape.swift; sourceTree = SOURCE_ROOT; };
		ADA0E0E1282561D700CF05D1 /* LineShapeView.swift */ = {isa = PBXFileReference; lastKnownFileType = sourcecode.swift; name = LineShapeView.swift; path = vomo/Graphs/LineChart/LineShapeView.swift; sourceTree = SOURCE_ROOT; };
		ADA0E0E52826E42600CF05D1 /* VoMo.entitlements */ = {isa = PBXFileReference; lastKnownFileType = text.plist.entitlements; path = VoMo.entitlements; sourceTree = "<group>"; };
		ADA1EC9A2899C6B000EE58E3 /* AVAduioPCMBuffer.swift */ = {isa = PBXFileReference; lastKnownFileType = sourcecode.swift; name = AVAduioPCMBuffer.swift; path = vomo/Extensions/AVAduioPCMBuffer.swift; sourceTree = SOURCE_ROOT; };
		ADB402032A2FA58A0001001E /* ShareButton.swift */ = {isa = PBXFileReference; lastKnownFileType = sourcecode.swift; name = ShareButton.swift; path = vomo/Core/Features/Buttons/ShareButton.swift; sourceTree = SOURCE_ROOT; };
		ADB4A81A29369516003D8556 /* AnyTransition.swift */ = {isa = PBXFileReference; lastKnownFileType = sourcecode.swift; name = AnyTransition.swift; path = vomo/Extensions/AnyTransition.swift; sourceTree = SOURCE_ROOT; };
		ADB4A82D2936C3E1003D8556 /* ElementModel.swift */ = {isa = PBXFileReference; lastKnownFileType = sourcecode.swift; name = ElementModel.swift; path = VoMo/Model/DataModels/ElementModel.swift; sourceTree = SOURCE_ROOT; };
		ADB4A8382936CFE2003D8556 /* DeleteButton.swift */ = {isa = PBXFileReference; lastKnownFileType = sourcecode.swift; name = DeleteButton.swift; path = VoMo/Core/Features/Buttons/DeleteButton.swift; sourceTree = SOURCE_ROOT; };
		ADBAE7F8282996A500A7BD1B /* Roboto-Bold.ttf */ = {isa = PBXFileReference; lastKnownFileType = file; name = "Roboto-Bold.ttf"; path = "../../Roboto/Roboto-Bold.ttf"; sourceTree = "<group>"; };
		ADBAE7FB282996DF00A7BD1B /* Roboto-Medium.ttf */ = {isa = PBXFileReference; lastKnownFileType = file; name = "Roboto-Medium.ttf"; path = "../../Roboto/Roboto-Medium.ttf"; sourceTree = "<group>"; };
		ADBAE7FD282996E500A7BD1B /* Roboto-Regular.ttf */ = {isa = PBXFileReference; lastKnownFileType = file; name = "Roboto-Regular.ttf"; path = "../../Roboto/Roboto-Regular.ttf"; sourceTree = "<group>"; };
		ADBAE7FF282996EE00A7BD1B /* Roboto-Light.ttf */ = {isa = PBXFileReference; lastKnownFileType = file; name = "Roboto-Light.ttf"; path = "../../Roboto/Roboto-Light.ttf"; sourceTree = "<group>"; };
		ADBAE801282996FA00A7BD1B /* Roboto-LightItalic.ttf */ = {isa = PBXFileReference; lastKnownFileType = file; name = "Roboto-LightItalic.ttf"; path = "../../Roboto/Roboto-LightItalic.ttf"; sourceTree = "<group>"; };
		ADBAE8052829984F00A7BD1B /* Assets.xcassets */ = {isa = PBXFileReference; lastKnownFileType = folder.assetcatalog; name = Assets.xcassets; path = vomo/Assets.xcassets; sourceTree = SOURCE_ROOT; };
		ADBDFF8528C2663000518354 /* ViewController.swift */ = {isa = PBXFileReference; lastKnownFileType = sourcecode.swift; name = ViewController.swift; path = VoMo/Core/ViewController/ViewController.swift; sourceTree = SOURCE_ROOT; };
		ADBDFF8F28C26DD100518354 /* JournalView.swift */ = {isa = PBXFileReference; lastKnownFileType = sourcecode.swift; name = JournalView.swift; path = VoMo/Core/Views/JournalView/JournalView.swift; sourceTree = SOURCE_ROOT; };
		ADBF43A2290AC6B1001CDBF5 /* FilterButton.swift */ = {isa = PBXFileReference; lastKnownFileType = sourcecode.swift; name = FilterButton.swift; path = VoMo/Core/Features/Buttons/FilterButton.swift; sourceTree = SOURCE_ROOT; };
		ADC5A60528358611000C73DF /* Font.swift */ = {isa = PBXFileReference; lastKnownFileType = sourcecode.swift; name = Font.swift; path = vomo/Extensions/Font.swift; sourceTree = SOURCE_ROOT; };
		ADC5A60728358616000C73DF /* Color.swift */ = {isa = PBXFileReference; lastKnownFileType = sourcecode.swift; name = Color.swift; path = vomo/Extensions/Color.swift; sourceTree = SOURCE_ROOT; };
		ADC5A60928358644000C73DF /* Date.swift */ = {isa = PBXFileReference; lastKnownFileType = sourcecode.swift; name = Date.swift; path = vomo/Extensions/Date.swift; sourceTree = SOURCE_ROOT; };
		ADC5A60B283587D9000C73DF /* Array.swift */ = {isa = PBXFileReference; lastKnownFileType = sourcecode.swift; name = Array.swift; path = vomo/Extensions/Array.swift; sourceTree = SOURCE_ROOT; };
		ADE03014293312AC00320A61 /* GraphView.swift */ = {isa = PBXFileReference; lastKnownFileType = sourcecode.swift; name = GraphView.swift; path = vomo/Graphs/GraphView.swift; sourceTree = SOURCE_ROOT; };
		ADE3A01528395A8C00E56527 /* String.swift */ = {isa = PBXFileReference; lastKnownFileType = sourcecode.swift; name = String.swift; path = vomo/Extensions/String.swift; sourceTree = SOURCE_ROOT; };
		ADE416432911821500133437 /* Image.swift */ = {isa = PBXFileReference; lastKnownFileType = sourcecode.swift; name = Image.swift; path = vomo/Extensions/Image.swift; sourceTree = SOURCE_ROOT; };
		ADE416452911874600133437 /* NavButtons.swift */ = {isa = PBXFileReference; lastKnownFileType = sourcecode.swift; name = NavButtons.swift; path = VoMo/Core/Features/Buttons/NavButtons.swift; sourceTree = SOURCE_ROOT; };
		ADE89217295BACCC00351EA1 /* PitchGraph.swift */ = {isa = PBXFileReference; lastKnownFileType = sourcecode.swift; name = PitchGraph.swift; path = vomo/Graphs/PitchGraph.swift; sourceTree = SOURCE_ROOT; };
		ADE89219295D426900351EA1 /* SurveyGraph.swift */ = {isa = PBXFileReference; lastKnownFileType = sourcecode.swift; name = SurveyGraph.swift; path = vomo/Graphs/SurveyGraph.swift; sourceTree = SOURCE_ROOT; };
		EAD33D572A394E2A0089029D /* AudioRecorderLive.swift */ = {isa = PBXFileReference; lastKnownFileType = sourcecode.swift; path = AudioRecorderLive.swift; sourceTree = "<group>"; };
/* End PBXFileReference section */

/* Begin PBXFrameworksBuildPhase section */
		AD158E65279919A500C3119A /* Frameworks */ = {
			isa = PBXFrameworksBuildPhase;
			buildActionMask = 2147483647;
			files = (
				ADA1EC9E2899C99400EE58E3 /* AudioKitUI in Frameworks */,
				ADA0E0AB2824C26A00CF05D1 /* SwiftUICharts in Frameworks */,
			);
			runOnlyForDeploymentPostprocessing = 0;
		};
/* End PBXFrameworksBuildPhase section */

/* Begin PBXGroup section */
		AD00C71929F71CA40017385E /* DataStorage */ = {
			isa = PBXGroup;
			children = (
				EAD33D572A394E2A0089029D /* AudioRecorderLive.swift */,
				AD81B72E28BFDB13009920FB /* Entries.swift */,
				AD81B73028BFDBF6009920FB /* Settings.swift */,
				AD81B71F28BFCFB2009920FB /* AudioRecorder.swift */,
			);
			path = DataStorage;
			sourceTree = "<group>";
		};
		AD00C71A29F71CAB0017385E /* DataModels */ = {
			isa = PBXGroup;
			children = (
				AD81B73728C00070009920FB /* ViewControllerModel.swift */,
				AD00C71D29F71F2C0017385E /* SharedViewModel.swift */,
				AD81B72728BFD769009920FB /* SurveyModel.swift */,
				AD59E6FB293A92CB00F5BCF7 /* RecordingModel.swift */,
				AD81B72928BFD76E009920FB /* JournalModel.swift */,
				AD59E6FD293A92FC00F5BCF7 /* MetricsModel.swift */,
				AD81B72B28BFD774009920FB /* TreatmentModel.swift */,
				ADB4A82D2936C3E1003D8556 /* ElementModel.swift */,
			);
			path = DataModels;
			sourceTree = "<group>";
		};
		AD00C71C29F71ECA0017385E /* Service */ = {
			isa = PBXGroup;
			children = (
				AD81B71D28BFCF83009920FB /* Notification.swift */,
				AD81B72128BFCFCA009920FB /* AudioPlayer.swift */,
				AD72972328CFD736001E7211 /* SignalProcess.swift */,
			);
			path = Service;
			sourceTree = "<group>";
		};
		AD00C71F29F71FAA0017385E /* Views */ = {
			isa = PBXGroup;
			children = (
				ADB4A81D293698F4003D8556 /* OnboardView */,
				ADB4A81E29369922003D8556 /* HomeView */,
				AD59E6F82939E65100F5BCF7 /* SettingsView */,
				ADB4A84329386E78003D8556 /* RecordView */,
				ADB4A83E293830D0003D8556 /* SurveyView */,
				AD00C76C29F721060017385E /* JournalView */,
				AD2A7A8A29A6B14100EA92E8 /* TreatmentView */,
				ADB4A81F29369ACB003D8556 /* ProgressView */,
			);
			path = Views;
			sourceTree = "<group>";
		};
		AD00C72029F71FB10017385E /* Features */ = {
			isa = PBXGroup;
			children = (
				AD00C76F29F721750017385E /* AudioPlayerInterface */,
				AD00C76D29F721220017385E /* CommonComponents */,
				AD00C76E29F721340017385E /* Buttons */,
			);
			path = Features;
			sourceTree = "<group>";
		};
		AD00C76329F720CC0017385E /* ExpandedEntries */ = {
			isa = PBXGroup;
			children = (
				AD00C76529F720DE0017385E /* BaselineRecording.swift */,
				AD00C76729F720DE0017385E /* ExpandedJournal.swift */,
				AD00C76629F720DE0017385E /* ExpandedRecording.swift */,
				AD00C76429F720DE0017385E /* ExpandedSurvey.swift */,
			);
			path = ExpandedEntries;
			sourceTree = "<group>";
		};
		AD00C76C29F721060017385E /* JournalView */ = {
			isa = PBXGroup;
			children = (
				ADBDFF8F28C26DD100518354 /* JournalView.swift */,
			);
			path = JournalView;
			sourceTree = "<group>";
		};
		AD00C76D29F721220017385E /* CommonComponents */ = {
			isa = PBXGroup;
			children = (
				AD00C77729F721BC0017385E /* Arrow.swift */,
				AD00C77629F721BC0017385E /* DateEntryField.swift */,
				AD00C77929F721BC0017385E /* EntryField.swift */,
				AD00C77429F721BC0017385E /* HomeBackground.swift */,
				AD00C77529F721BC0017385E /* TextEntryField.swift */,
				AD00C77829F721BC0017385E /* Wave.swift */,
			);
			path = CommonComponents;
			sourceTree = "<group>";
		};
		AD00C76E29F721340017385E /* Buttons */ = {
			isa = PBXGroup;
			children = (
				AD915C36280624E200B48A5C /* ProfileButton.swift */,
				AD9EC70428050DBF007F0395 /* PlayButton.swift */,
				ADB402032A2FA58A0001001E /* ShareButton.swift */,
				ADB4A8382936CFE2003D8556 /* DeleteButton.swift */,
				AD67CEC128A49646006AF596 /* TabIcons.swift */,
				AD67CEC328A4965A006AF596 /* SubmissionButton.swift */,
				ADE416452911874600133437 /* NavButtons.swift */,
				AD67CEC528A49665006AF596 /* YesButton.swift */,
				AD67CEC728A49673006AF596 /* NoButton.swift */,
				ADBF43A2290AC6B1001CDBF5 /* FilterButton.swift */,
			);
			path = Buttons;
			sourceTree = "<group>";
		};
		AD00C76F29F721750017385E /* AudioPlayerInterface */ = {
			isa = PBXGroup;
			children = (
				AD00C77129F7219D0017385E /* AudioInterface.swift */,
				AD00C77029F7219D0017385E /* MiniAudioInterface.swift */,
			);
			path = AudioPlayerInterface;
			sourceTree = "<group>";
		};
		AD064FBA27DB680C00D6CA26 /* Model */ = {
			isa = PBXGroup;
			children = (
				AD00C71C29F71ECA0017385E /* Service */,
				AD00C71929F71CA40017385E /* DataStorage */,
				AD00C71A29F71CAB0017385E /* DataModels */,
			);
			path = Model;
			sourceTree = "<group>";
		};
		AD158E5F279919A500C3119A = {
			isa = PBXGroup;
			children = (
				AD158E6A279919A500C3119A /* VoMo */,
				AD158E69279919A500C3119A /* Products */,
			);
			sourceTree = "<group>";
		};
		AD158E69279919A500C3119A /* Products */ = {
			isa = PBXGroup;
			children = (
				AD158E68279919A500C3119A /* VoMo.app */,
			);
			name = Products;
			sourceTree = "<group>";
		};
		AD158E6A279919A500C3119A /* VoMo */ = {
			isa = PBXGroup;
			children = (
				ADA0E0E52826E42600CF05D1 /* VoMo.entitlements */,
				AD158E6B279919A500C3119A /* VoMoApp.swift */,
				AD064FBA27DB680C00D6CA26 /* Model */,
				ADC5A600283584FB000C73DF /* Core */,
				AD3FA000280F16F5007E6327 /* Graphs */,
				ADD6846A27D8325C00FF23D2 /* Extensions */,
				AD6B031B27FCB26F0066B77D /* APIPlayground.swift */,
				AD9BBAB6283419A30081331C /* KR_rainbow_1.wav */,
				AD9BBAB8283419A80081331C /* KR_sustained_Ah_1.wav */,
				ADBAE7F8282996A500A7BD1B /* Roboto-Bold.ttf */,
				ADBAE7FB282996DF00A7BD1B /* Roboto-Medium.ttf */,
				ADBAE7FD282996E500A7BD1B /* Roboto-Regular.ttf */,
				ADBAE7FF282996EE00A7BD1B /* Roboto-Light.ttf */,
				ADBAE801282996FA00A7BD1B /* Roboto-LightItalic.ttf */,
				ADBAE8052829984F00A7BD1B /* Assets.xcassets */,
				AD158E71279919A600C3119A /* Preview Content */,
			);
			path = VoMo;
			sourceTree = "<group>";
		};
		AD158E71279919A600C3119A /* Preview Content */ = {
			isa = PBXGroup;
			children = (
				AD158E72279919A600C3119A /* Preview Assets.xcassets */,
			);
			path = "Preview Content";
			sourceTree = "<group>";
		};
		AD26BA182829F4A200AC1A7B /* BarChart */ = {
			isa = PBXGroup;
			children = (
				AD26BA192829F4C000AC1A7B /* BarChart1.swift */,
				AD26BA1B2829F4C900AC1A7B /* BarChartCell.swift */,
				AD81B71628BEB011009920FB /* HBarChartCell.swift */,
				AD26BA1D2829F4DD00AC1A7B /* BarChartCellShape.swift */,
				AD81B71828BEB0B5009920FB /* HBarChartCellShape.swift */,
				AD26BA1F2829F4E600AC1A7B /* BarChartRow.swift */,
			);
			path = BarChart;
			sourceTree = "<group>";
		};
		AD2A7A8A29A6B14100EA92E8 /* TreatmentView */ = {
			isa = PBXGroup;
			children = (
				AD00C74B29F720B20017385E /* NewTreatmentForm.swift */,
				AD00C74929F720B20017385E /* TreatmentLog.swift */,
				AD00C74C29F720B20017385E /* TreatmentRow.swift */,
				AD00C74A29F720B20017385E /* TreatmentView.swift */,
			);
			path = TreatmentView;
			sourceTree = "<group>";
		};
		AD3FA000280F16F5007E6327 /* Graphs */ = {
			isa = PBXGroup;
			children = (
				ADE89217295BACCC00351EA1 /* PitchGraph.swift */,
				AD7BF16529B7121200FA0AF8 /* DurationGraph.swift */,
				AD7BF16729B7121E00FA0AF8 /* QualityGraph.swift */,
				ADE89219295D426900351EA1 /* SurveyGraph.swift */,
				AD0FB6D229D21C5700E54749 /* SurveyGraphFunctions.swift */,
				AD0FB6D629D21E6300E54749 /* SurveyGraphViews.swift */,
				AD0FB6D429D21D1700E54749 /* GraphComponents.swift */,
				AD81B71028BC21F8009920FB /* Graph.swift */,
				ADE03014293312AC00320A61 /* GraphView.swift */,
				AD81B71228BDBA5A009920FB /* BarChart.swift */,
				AD81B71428BEAE84009920FB /* HBarChart.swift */,
				AD26BA182829F4A200AC1A7B /* BarChart */,
				ADA0E0B228255E9F00CF05D1 /* LineChart */,
				ADA0E0B128255E9600CF05D1 /* Style */,
				ADA0E0B028255E9100CF05D1 /* Label */,
				ADA0E0AF28255E8A00CF05D1 /* Grid */,
				ADA0E0AE28255E8200CF05D1 /* Extensions */,
				ADA0E0AD28255E7D00CF05D1 /* Chart */,
				ADA0E0AC28255E7100CF05D1 /* CardView */,
			);
			path = Graphs;
			sourceTree = "<group>";
		};
		AD59E6F82939E65100F5BCF7 /* SettingsView */ = {
			isa = PBXGroup;
			children = (
				AD00C73629F720720017385E /* SettingsView.swift */,
				AD00C73529F720720017385E /* ReminderPopUp.swift */,
			);
			path = SettingsView;
			sourceTree = "<group>";
		};
		ADA0E0AC28255E7100CF05D1 /* CardView */ = {
			isa = PBXGroup;
			children = (
				ADA0E0B328255EAF00CF05D1 /* CardView.swift */,
			);
			path = CardView;
			sourceTree = "<group>";
		};
		ADA0E0AD28255E7D00CF05D1 /* Chart */ = {
			isa = PBXGroup;
			children = (
				ADA0E0B528255ECD00CF05D1 /* ChartBase.swift */,
				ADA0E0B728255ED200CF05D1 /* ChartData.swift */,
				ADA0E0B928255EDA00CF05D1 /* ChartValue.swift */,
			);
			path = Chart;
			sourceTree = "<group>";
		};
		ADA0E0AE28255E8200CF05D1 /* Extensions */ = {
			isa = PBXGroup;
			children = (
				ADA0E0BB28255F1900CF05D1 /* Array+Extension.swift */,
				ADA0E0BD28255F3A00CF05D1 /* CGPoint+Extension.swift */,
				ADA0E0BF28255F5300CF05D1 /* CGReact+Extension.swift */,
				ADA0E0C128255F6A00CF05D1 /* ChartBase+Extension.swift */,
				ADA0E0C328255F7B00CF05D1 /* Color+Extension.swift */,
				ADA0E0C528255FA800CF05D1 /* Path+QuadCurve.swift */,
				ADA0E0C728255FD900CF05D1 /* View+Extension.swift */,
			);
			path = Extensions;
			sourceTree = "<group>";
		};
		ADA0E0AF28255E8A00CF05D1 /* Grid */ = {
			isa = PBXGroup;
			children = (
				ADA0E0C92825601700CF05D1 /* ChartGrid.swift */,
			);
			path = Grid;
			sourceTree = "<group>";
		};
		ADA0E0B028255E9100CF05D1 /* Label */ = {
			isa = PBXGroup;
			children = (
				ADA0E0CB2825602A00CF05D1 /* ChartLabel.swift */,
			);
			path = Label;
			sourceTree = "<group>";
		};
		ADA0E0B128255E9600CF05D1 /* Style */ = {
			isa = PBXGroup;
			children = (
				ADA0E0CD2825604800CF05D1 /* ChartStyle.swift */,
				ADA0E0CF2825604E00CF05D1 /* ColorGradient.swift */,
				ADA0E0D12825605300CF05D1 /* Colors.swift */,
			);
			path = Style;
			sourceTree = "<group>";
		};
		ADA0E0B228255E9F00CF05D1 /* LineChart */ = {
			isa = PBXGroup;
			children = (
				ADA0E0D5282561A600CF05D1 /* IndicatorPoint.swift */,
				ADA0E0D7282561A900CF05D1 /* Line.swift */,
				ADA0E0D9282561B400CF05D1 /* LineBackgroundShape.swift */,
				ADA0E0DB282561BF00CF05D1 /* LineBackgroundShapeView.swift */,
				ADA0E0DD282561C400CF05D1 /* LineChart.swift */,
				ADA0E0DF282561CA00CF05D1 /* LineShape.swift */,
				ADA0E0E1282561D700CF05D1 /* LineShapeView.swift */,
			);
			path = LineChart;
			sourceTree = "<group>";
		};
		ADB4A81C293698DC003D8556 /* ViewController */ = {
			isa = PBXGroup;
			children = (
				ADBDFF8528C2663000518354 /* ViewController.swift */,
			);
			path = ViewController;
			sourceTree = "<group>";
		};
		ADB4A81D293698F4003D8556 /* OnboardView */ = {
			isa = PBXGroup;
			children = (
				AD00C72729F720530017385E /* CustomTargetView.swift */,
				AD00C72329F720530017385E /* GoalEntryView.swift */,
				AD00C72429F720530017385E /* LandingPageView.swift */,
				AD00C72529F720530017385E /* OnboardView.swift */,
				AD00C72829F720530017385E /* PersonalQuestionView.swift */,
				AD00C72929F720530017385E /* TargetView.swift */,
				AD00C72629F720530017385E /* VoiceQuestionView.swift */,
			);
			path = OnboardView;
			sourceTree = "<group>";
		};
		ADB4A81E29369922003D8556 /* HomeView */ = {
			isa = PBXGroup;
			children = (
				AD00C73229F720650017385E /* HomeView.swift */,
				AD00C73129F720650017385E /* ProgressBar.swift */,
			);
			path = HomeView;
			sourceTree = "<group>";
		};
		ADB4A81F29369ACB003D8556 /* ProgressView */ = {
			isa = PBXGroup;
			children = (
				AD00C75829F720C10017385E /* DayList.swift */,
				AD00C75729F720C10017385E /* EntryRow.swift */,
				AD00C76329F720CC0017385E /* ExpandedEntries */,
				AD00C75529F720C10017385E /* Filter.swift */,
				AD00C75229F720C10017385E /* Graphic.swift */,
				AD00C75629F720C10017385E /* GraphicTitle.swift */,
				AD00C75129F720C10017385E /* ProgressView.swift */,
				AD00C75429F720C10017385E /* ProgressViewFunctions.swift */,
				AD00C75329F720C10017385E /* SetThreshold.swift */,
			);
			path = ProgressView;
			sourceTree = "<group>";
		};
		ADB4A83E293830D0003D8556 /* SurveyView */ = {
			isa = PBXGroup;
			children = (
				AD00C74129F720A10017385E /* CustomSlider.swift */,
				AD00C74329F720A10017385E /* SurveyView.swift */,
				AD00C74229F720A10017385E /* VEScale.swift */,
				AD00C74429F720A10017385E /* VHIScale.swift */,
			);
			path = SurveyView;
			sourceTree = "<group>";
		};
		ADB4A84329386E78003D8556 /* RecordView */ = {
			isa = PBXGroup;
			children = (
				AD00C73D29F720940017385E /* RecordAction.swift */,
				AD00C73E29F720940017385E /* RecordView.swift */,
			);
			path = RecordView;
			sourceTree = "<group>";
		};
		ADC5A600283584FB000C73DF /* Core */ = {
			isa = PBXGroup;
			children = (
				ADB4A81C293698DC003D8556 /* ViewController */,
				AD00C71F29F71FAA0017385E /* Views */,
				AD00C72029F71FB10017385E /* Features */,
			);
			path = Core;
			sourceTree = "<group>";
		};
		ADD6846A27D8325C00FF23D2 /* Extensions */ = {
			isa = PBXGroup;
			children = (
				ADC5A60528358611000C73DF /* Font.swift */,
				AD7BF16329B6ACF700FA0AF8 /* View.swift */,
				ADC5A60728358616000C73DF /* Color.swift */,
				ADC5A60928358644000C73DF /* Date.swift */,
				ADC5A60B283587D9000C73DF /* Array.swift */,
				ADE3A01528395A8C00E56527 /* String.swift */,
				ADE416432911821500133437 /* Image.swift */,
				ADA1EC9A2899C6B000EE58E3 /* AVAduioPCMBuffer.swift */,
				ADB4A81A29369516003D8556 /* AnyTransition.swift */,
			);
			path = Extensions;
			sourceTree = "<group>";
		};
/* End PBXGroup section */

/* Begin PBXNativeTarget section */
		AD158E67279919A500C3119A /* VoMo */ = {
			isa = PBXNativeTarget;
			buildConfigurationList = AD158E76279919A600C3119A /* Build configuration list for PBXNativeTarget "VoMo" */;
			buildPhases = (
				AD158E64279919A500C3119A /* Sources */,
				AD158E65279919A500C3119A /* Frameworks */,
				AD158E66279919A500C3119A /* Resources */,
			);
			buildRules = (
			);
			dependencies = (
			);
			name = VoMo;
			packageProductDependencies = (
				ADA0E0AA2824C26A00CF05D1 /* SwiftUICharts */,
				ADA1EC9D2899C99400EE58E3 /* AudioKitUI */,
			);
			productName = VoMo;
			productReference = AD158E68279919A500C3119A /* VoMo.app */;
			productType = "com.apple.product-type.application";
		};
/* End PBXNativeTarget section */

/* Begin PBXProject section */
		AD158E60279919A500C3119A /* Project object */ = {
			isa = PBXProject;
			attributes = {
				BuildIndependentTargetsInParallel = 1;
				LastSwiftUpdateCheck = 1320;
				LastUpgradeCheck = 1320;
				TargetAttributes = {
					AD158E67279919A500C3119A = {
						CreatedOnToolsVersion = 13.2;
					};
				};
			};
			buildConfigurationList = AD158E63279919A500C3119A /* Build configuration list for PBXProject "VoMo" */;
			compatibilityVersion = "Xcode 13.0";
			developmentRegion = en;
			hasScannedForEncodings = 0;
			knownRegions = (
				en,
				Base,
			);
			mainGroup = AD158E5F279919A500C3119A;
			packageReferences = (
				ADA0E0A92824C26A00CF05D1 /* XCRemoteSwiftPackageReference "ChartView" */,
				ADA1EC9C2899C99400EE58E3 /* XCRemoteSwiftPackageReference "AudioKitUI" */,
			);
			productRefGroup = AD158E69279919A500C3119A /* Products */;
			projectDirPath = "";
			projectRoot = "";
			targets = (
				AD158E67279919A500C3119A /* VoMo */,
			);
		};
/* End PBXProject section */

/* Begin PBXResourcesBuildPhase section */
		AD158E66279919A500C3119A /* Resources */ = {
			isa = PBXResourcesBuildPhase;
			buildActionMask = 2147483647;
			files = (
				ADBAE7FC282996DF00A7BD1B /* Roboto-Medium.ttf in Resources */,
				AD158E73279919A600C3119A /* Preview Assets.xcassets in Resources */,
				AD9BBAB9283419A80081331C /* KR_sustained_Ah_1.wav in Resources */,
				ADBAE802282996FA00A7BD1B /* Roboto-LightItalic.ttf in Resources */,
				ADBAE800282996EE00A7BD1B /* Roboto-Light.ttf in Resources */,
				ADBAE8062829984F00A7BD1B /* Assets.xcassets in Resources */,
				ADBAE7FE282996E500A7BD1B /* Roboto-Regular.ttf in Resources */,
				ADBAE7F9282996A500A7BD1B /* Roboto-Bold.ttf in Resources */,
				AD9BBAB7283419A30081331C /* KR_rainbow_1.wav in Resources */,
			);
			runOnlyForDeploymentPostprocessing = 0;
		};
/* End PBXResourcesBuildPhase section */

/* Begin PBXSourcesBuildPhase section */
		AD158E64279919A500C3119A /* Sources */ = {
			isa = PBXSourcesBuildPhase;
			buildActionMask = 2147483647;
			files = (
				ADA0E0D22825605300CF05D1 /* Colors.swift in Sources */,
				AD00C77329F7219D0017385E /* AudioInterface.swift in Sources */,
				ADA0E0BC28255F1900CF05D1 /* Array+Extension.swift in Sources */,
				AD00C74029F720940017385E /* RecordView.swift in Sources */,
				AD81B73828C00070009920FB /* ViewControllerModel.swift in Sources */,
				ADA0E0D6282561A600CF05D1 /* IndicatorPoint.swift in Sources */,
				AD81B72A28BFD76E009920FB /* JournalModel.swift in Sources */,
				AD81B71128BC21F8009920FB /* Graph.swift in Sources */,
				AD59E6FC293A92CB00F5BCF7 /* RecordingModel.swift in Sources */,
				AD00C72B29F720530017385E /* LandingPageView.swift in Sources */,
				AD81B72828BFD769009920FB /* SurveyModel.swift in Sources */,
				ADA0E0B828255ED200CF05D1 /* ChartData.swift in Sources */,
				ADA0E0C428255F7B00CF05D1 /* Color+Extension.swift in Sources */,
				ADC5A60628358611000C73DF /* Font.swift in Sources */,
				ADC5A60A28358644000C73DF /* Date.swift in Sources */,
				AD00C73429F720650017385E /* HomeView.swift in Sources */,
				ADA0E0DC282561BF00CF05D1 /* LineBackgroundShapeView.swift in Sources */,
				ADC5A60C283587D9000C73DF /* Array.swift in Sources */,
				AD00C73729F720720017385E /* ReminderPopUp.swift in Sources */,
				ADA0E0D02825604E00CF05D1 /* ColorGradient.swift in Sources */,
				ADA0E0BE28255F3A00CF05D1 /* CGPoint+Extension.swift in Sources */,
				AD00C72A29F720530017385E /* GoalEntryView.swift in Sources */,
				ADC5A60828358616000C73DF /* Color.swift in Sources */,
				ADA0E0C628255FA800CF05D1 /* Path+QuadCurve.swift in Sources */,
				AD00C74529F720A10017385E /* CustomSlider.swift in Sources */,
				ADA0E0DA282561B400CF05D1 /* LineBackgroundShape.swift in Sources */,
				ADA0E0D8282561A900CF05D1 /* Line.swift in Sources */,
				ADA1EC9B2899C6B000EE58E3 /* AVAduioPCMBuffer.swift in Sources */,
				AD00C73F29F720940017385E /* RecordAction.swift in Sources */,
				ADA0E0BA28255EDA00CF05D1 /* ChartValue.swift in Sources */,
				AD00C74E29F720B20017385E /* TreatmentView.swift in Sources */,
				ADE416442911821500133437 /* Image.swift in Sources */,
				AD00C75C29F720C10017385E /* SetThreshold.swift in Sources */,
				AD00C77D29F721BC0017385E /* Arrow.swift in Sources */,
				AD67CEC228A49646006AF596 /* TabIcons.swift in Sources */,
				ADB402042A2FA58A0001001E /* ShareButton.swift in Sources */,
				AD81B73128BFDBF6009920FB /* Settings.swift in Sources */,
				ADB4A82E2936C3E1003D8556 /* ElementModel.swift in Sources */,
				AD26BA202829F4E600AC1A7B /* BarChartRow.swift in Sources */,
				ADA0E0CA2825601700CF05D1 /* ChartGrid.swift in Sources */,
				AD00C75F29F720C10017385E /* GraphicTitle.swift in Sources */,
				AD81B71E28BFCF83009920FB /* Notification.swift in Sources */,
				AD26BA1C2829F4C900AC1A7B /* BarChartCell.swift in Sources */,
				AD81B71328BDBA5A009920FB /* BarChart.swift in Sources */,
				ADB4A81B29369516003D8556 /* AnyTransition.swift in Sources */,
				AD00C75A29F720C10017385E /* ProgressView.swift in Sources */,
				AD59E6FE293A92FC00F5BCF7 /* MetricsModel.swift in Sources */,
				ADA0E0B628255ECD00CF05D1 /* ChartBase.swift in Sources */,
				AD0FB6D729D21E6300E54749 /* SurveyGraphViews.swift in Sources */,
				ADBF43A3290AC6B1001CDBF5 /* FilterButton.swift in Sources */,
				AD00C73829F720720017385E /* SettingsView.swift in Sources */,
				AD67CEC428A4965A006AF596 /* SubmissionButton.swift in Sources */,
				AD00C75B29F720C10017385E /* Graphic.swift in Sources */,
				AD00C77F29F721BC0017385E /* EntryField.swift in Sources */,
				AD915C37280624E200B48A5C /* ProfileButton.swift in Sources */,
				AD00C77229F7219D0017385E /* MiniAudioInterface.swift in Sources */,
				AD00C76A29F720DE0017385E /* ExpandedRecording.swift in Sources */,
				AD81B72F28BFDB13009920FB /* Entries.swift in Sources */,
				ADA0E0C028255F5300CF05D1 /* CGReact+Extension.swift in Sources */,
				AD67CEC628A49665006AF596 /* YesButton.swift in Sources */,
				ADE03015293312AC00320A61 /* GraphView.swift in Sources */,
				ADA0E0B428255EAF00CF05D1 /* CardView.swift in Sources */,
				AD00C73029F720530017385E /* TargetView.swift in Sources */,
				ADE89218295BACCC00351EA1 /* PitchGraph.swift in Sources */,
				AD00C74729F720A10017385E /* SurveyView.swift in Sources */,
				AD0FB6D529D21D1700E54749 /* GraphComponents.swift in Sources */,
				AD00C77E29F721BC0017385E /* Wave.swift in Sources */,
				ADE8921A295D426900351EA1 /* SurveyGraph.swift in Sources */,
				ADA0E0E0282561CA00CF05D1 /* LineShape.swift in Sources */,
				AD7BF16829B7121E00FA0AF8 /* QualityGraph.swift in Sources */,
				AD6B031C27FCB26F0066B77D /* APIPlayground.swift in Sources */,
				AD00C72D29F720530017385E /* VoiceQuestionView.swift in Sources */,
				AD00C75D29F720C10017385E /* ProgressViewFunctions.swift in Sources */,
				ADA0E0C228255F6A00CF05D1 /* ChartBase+Extension.swift in Sources */,
				AD00C73329F720650017385E /* ProgressBar.swift in Sources */,
				AD00C76129F720C10017385E /* DayList.swift in Sources */,
				AD00C77A29F721BC0017385E /* HomeBackground.swift in Sources */,
				AD00C72C29F720530017385E /* OnboardView.swift in Sources */,
				AD81B72028BFCFB2009920FB /* AudioRecorder.swift in Sources */,
				AD81B71928BEB0B5009920FB /* HBarChartCellShape.swift in Sources */,
				AD00C74629F720A10017385E /* VEScale.swift in Sources */,
				ADA0E0CC2825602A00CF05D1 /* ChartLabel.swift in Sources */,
				AD72972428CFD736001E7211 /* SignalProcess.swift in Sources */,
				ADA0E0C828255FD900CF05D1 /* View+Extension.swift in Sources */,
				AD81B72C28BFD774009920FB /* TreatmentModel.swift in Sources */,
				AD7BF16629B7121200FA0AF8 /* DurationGraph.swift in Sources */,
				AD0FB6D329D21C5700E54749 /* SurveyGraphFunctions.swift in Sources */,
				ADA0E0DE282561C400CF05D1 /* LineChart.swift in Sources */,
				ADBDFF9028C26DD100518354 /* JournalView.swift in Sources */,
				AD158E6C279919A500C3119A /* VoMoApp.swift in Sources */,
				AD9EC70528050DBF007F0395 /* PlayButton.swift in Sources */,
				AD81B71528BEAE84009920FB /* HBarChart.swift in Sources */,
				AD67CEC828A49673006AF596 /* NoButton.swift in Sources */,
				ADBDFF8628C2663000518354 /* ViewController.swift in Sources */,
				AD00C75029F720B20017385E /* TreatmentRow.swift in Sources */,
				AD00C77C29F721BC0017385E /* DateEntryField.swift in Sources */,
				AD26BA1E2829F4DD00AC1A7B /* BarChartCellShape.swift in Sources */,
				AD7BF16429B6ACF700FA0AF8 /* View.swift in Sources */,
				ADB4A8392936CFE2003D8556 /* DeleteButton.swift in Sources */,
				AD26BA1A2829F4C000AC1A7B /* BarChart1.swift in Sources */,
				AD00C71E29F71F2C0017385E /* SharedViewModel.swift in Sources */,
				AD81B71728BEB011009920FB /* HBarChartCell.swift in Sources */,
				AD00C74F29F720B20017385E /* NewTreatmentForm.swift in Sources */,
				AD00C76B29F720DE0017385E /* ExpandedJournal.swift in Sources */,
				AD00C75E29F720C10017385E /* Filter.swift in Sources */,
				AD00C76929F720DE0017385E /* BaselineRecording.swift in Sources */,
				ADA0E0E2282561D700CF05D1 /* LineShapeView.swift in Sources */,
				AD00C77B29F721BC0017385E /* TextEntryField.swift in Sources */,
				ADE3A01628395A8C00E56527 /* String.swift in Sources */,
				AD00C74D29F720B20017385E /* TreatmentLog.swift in Sources */,
				AD00C72E29F720530017385E /* CustomTargetView.swift in Sources */,
				AD00C72F29F720530017385E /* PersonalQuestionView.swift in Sources */,
				ADE416462911874600133437 /* NavButtons.swift in Sources */,
				EAD33D582A394E2B0089029D /* AudioRecorderLive.swift in Sources */,
				AD00C76029F720C10017385E /* EntryRow.swift in Sources */,
				AD00C76829F720DE0017385E /* ExpandedSurvey.swift in Sources */,
				AD81B72228BFCFCA009920FB /* AudioPlayer.swift in Sources */,
				ADA0E0CE2825604800CF05D1 /* ChartStyle.swift in Sources */,
				AD00C74829F720A10017385E /* VHIScale.swift in Sources */,
			);
			runOnlyForDeploymentPostprocessing = 0;
		};
/* End PBXSourcesBuildPhase section */

/* Begin XCBuildConfiguration section */
		AD158E74279919A600C3119A /* Debug */ = {
			isa = XCBuildConfiguration;
			buildSettings = {
				ALWAYS_SEARCH_USER_PATHS = NO;
				CLANG_ANALYZER_NONNULL = YES;
				CLANG_ANALYZER_NUMBER_OBJECT_CONVERSION = YES_AGGRESSIVE;
				CLANG_CXX_LANGUAGE_STANDARD = "gnu++17";
				CLANG_CXX_LIBRARY = "libc++";
				CLANG_ENABLE_MODULES = YES;
				CLANG_ENABLE_OBJC_ARC = YES;
				CLANG_ENABLE_OBJC_WEAK = YES;
				CLANG_WARN_BLOCK_CAPTURE_AUTORELEASING = YES;
				CLANG_WARN_BOOL_CONVERSION = YES;
				CLANG_WARN_COMMA = YES;
				CLANG_WARN_CONSTANT_CONVERSION = YES;
				CLANG_WARN_DEPRECATED_OBJC_IMPLEMENTATIONS = YES;
				CLANG_WARN_DIRECT_OBJC_ISA_USAGE = YES_ERROR;
				CLANG_WARN_DOCUMENTATION_COMMENTS = YES;
				CLANG_WARN_EMPTY_BODY = YES;
				CLANG_WARN_ENUM_CONVERSION = YES;
				CLANG_WARN_INFINITE_RECURSION = YES;
				CLANG_WARN_INT_CONVERSION = YES;
				CLANG_WARN_NON_LITERAL_NULL_CONVERSION = YES;
				CLANG_WARN_OBJC_IMPLICIT_RETAIN_SELF = YES;
				CLANG_WARN_OBJC_LITERAL_CONVERSION = YES;
				CLANG_WARN_OBJC_ROOT_CLASS = YES_ERROR;
				CLANG_WARN_QUOTED_INCLUDE_IN_FRAMEWORK_HEADER = YES;
				CLANG_WARN_RANGE_LOOP_ANALYSIS = YES;
				CLANG_WARN_STRICT_PROTOTYPES = YES;
				CLANG_WARN_SUSPICIOUS_MOVE = YES;
				CLANG_WARN_UNGUARDED_AVAILABILITY = YES_AGGRESSIVE;
				CLANG_WARN_UNREACHABLE_CODE = YES;
				CLANG_WARN__DUPLICATE_METHOD_MATCH = YES;
				COPY_PHASE_STRIP = NO;
				DEBUG_INFORMATION_FORMAT = dwarf;
				ENABLE_STRICT_OBJC_MSGSEND = YES;
				ENABLE_TESTABILITY = YES;
				GCC_C_LANGUAGE_STANDARD = gnu11;
				GCC_DYNAMIC_NO_PIC = NO;
				GCC_NO_COMMON_BLOCKS = YES;
				GCC_OPTIMIZATION_LEVEL = 0;
				GCC_PREPROCESSOR_DEFINITIONS = (
					"DEBUG=1",
					"$(inherited)",
				);
				GCC_WARN_64_TO_32_BIT_CONVERSION = YES;
				GCC_WARN_ABOUT_RETURN_TYPE = YES_ERROR;
				GCC_WARN_UNDECLARED_SELECTOR = YES;
				GCC_WARN_UNINITIALIZED_AUTOS = YES_AGGRESSIVE;
				GCC_WARN_UNUSED_FUNCTION = YES;
				GCC_WARN_UNUSED_VARIABLE = YES;
				INFOPLIST_KEY_NSMicrophoneUsageDescription = "Analyse Audio";
				IPHONEOS_DEPLOYMENT_TARGET = 15.1;
				MTL_ENABLE_DEBUG_INFO = INCLUDE_SOURCE;
				MTL_FAST_MATH = YES;
				ONLY_ACTIVE_ARCH = YES;
				SDKROOT = iphoneos;
				SWIFT_ACTIVE_COMPILATION_CONDITIONS = DEBUG;
				SWIFT_OPTIMIZATION_LEVEL = "-Onone";
				a = a;
			};
			name = Debug;
		};
		AD158E75279919A600C3119A /* Release */ = {
			isa = XCBuildConfiguration;
			buildSettings = {
				ALWAYS_SEARCH_USER_PATHS = NO;
				CLANG_ANALYZER_NONNULL = YES;
				CLANG_ANALYZER_NUMBER_OBJECT_CONVERSION = YES_AGGRESSIVE;
				CLANG_CXX_LANGUAGE_STANDARD = "gnu++17";
				CLANG_CXX_LIBRARY = "libc++";
				CLANG_ENABLE_MODULES = YES;
				CLANG_ENABLE_OBJC_ARC = YES;
				CLANG_ENABLE_OBJC_WEAK = YES;
				CLANG_WARN_BLOCK_CAPTURE_AUTORELEASING = YES;
				CLANG_WARN_BOOL_CONVERSION = YES;
				CLANG_WARN_COMMA = YES;
				CLANG_WARN_CONSTANT_CONVERSION = YES;
				CLANG_WARN_DEPRECATED_OBJC_IMPLEMENTATIONS = YES;
				CLANG_WARN_DIRECT_OBJC_ISA_USAGE = YES_ERROR;
				CLANG_WARN_DOCUMENTATION_COMMENTS = YES;
				CLANG_WARN_EMPTY_BODY = YES;
				CLANG_WARN_ENUM_CONVERSION = YES;
				CLANG_WARN_INFINITE_RECURSION = YES;
				CLANG_WARN_INT_CONVERSION = YES;
				CLANG_WARN_NON_LITERAL_NULL_CONVERSION = YES;
				CLANG_WARN_OBJC_IMPLICIT_RETAIN_SELF = YES;
				CLANG_WARN_OBJC_LITERAL_CONVERSION = YES;
				CLANG_WARN_OBJC_ROOT_CLASS = YES_ERROR;
				CLANG_WARN_QUOTED_INCLUDE_IN_FRAMEWORK_HEADER = YES;
				CLANG_WARN_RANGE_LOOP_ANALYSIS = YES;
				CLANG_WARN_STRICT_PROTOTYPES = YES;
				CLANG_WARN_SUSPICIOUS_MOVE = YES;
				CLANG_WARN_UNGUARDED_AVAILABILITY = YES_AGGRESSIVE;
				CLANG_WARN_UNREACHABLE_CODE = YES;
				CLANG_WARN__DUPLICATE_METHOD_MATCH = YES;
				COPY_PHASE_STRIP = NO;
				DEBUG_INFORMATION_FORMAT = "dwarf-with-dsym";
				ENABLE_NS_ASSERTIONS = NO;
				ENABLE_STRICT_OBJC_MSGSEND = YES;
				GCC_C_LANGUAGE_STANDARD = gnu11;
				GCC_NO_COMMON_BLOCKS = YES;
				GCC_WARN_64_TO_32_BIT_CONVERSION = YES;
				GCC_WARN_ABOUT_RETURN_TYPE = YES_ERROR;
				GCC_WARN_UNDECLARED_SELECTOR = YES;
				GCC_WARN_UNINITIALIZED_AUTOS = YES_AGGRESSIVE;
				GCC_WARN_UNUSED_FUNCTION = YES;
				GCC_WARN_UNUSED_VARIABLE = YES;
				INFOPLIST_KEY_NSMicrophoneUsageDescription = "Analyse Audio";
				IPHONEOS_DEPLOYMENT_TARGET = 15.1;
				MTL_ENABLE_DEBUG_INFO = NO;
				MTL_FAST_MATH = YES;
				SDKROOT = iphoneos;
				SWIFT_COMPILATION_MODE = wholemodule;
				SWIFT_OPTIMIZATION_LEVEL = "-O";
				VALIDATE_PRODUCT = YES;
				a = a;
			};
			name = Release;
		};
		AD158E77279919A600C3119A /* Debug */ = {
			isa = XCBuildConfiguration;
			buildSettings = {
				ASSETCATALOG_COMPILER_APPICON_NAME = AppIcon;
				ASSETCATALOG_COMPILER_GLOBAL_ACCENT_COLOR_NAME = AccentColor;
				CODE_SIGN_ENTITLEMENTS = VoMo/VoMo.entitlements;
				CODE_SIGN_IDENTITY = "Apple Development";
				CODE_SIGN_STYLE = Automatic;
				CURRENT_PROJECT_VERSION = 33;
				DEVELOPMENT_ASSET_PATHS = "\"VoMo/Preview Content\"";
				DEVELOPMENT_TEAM = LW2XXPVCD3;
				ENABLE_PREVIEWS = YES;
				GENERATE_INFOPLIST_FILE = YES;
				INFOPLIST_FILE = VoMo/Info.plist;
				INFOPLIST_KEY_CFBundleDisplayName = Vomo;
				INFOPLIST_KEY_LSApplicationCategoryType = "public.app-category.medical";
				INFOPLIST_KEY_NSCameraUsageDescription = "We use this to import a profile picture";
				INFOPLIST_KEY_NSMicrophoneUsageDescription = "We need access to your microphone";
				INFOPLIST_KEY_NSPhotoLibraryAddUsageDescription = "Our application needs permission to write photos...";
				INFOPLIST_KEY_UIApplicationSceneManifest_Generation = YES;
				INFOPLIST_KEY_UIApplicationSupportsIndirectInputEvents = YES;
				INFOPLIST_KEY_UIRequiresFullScreen = YES;
				INFOPLIST_KEY_UISupportedInterfaceOrientations = UIInterfaceOrientationPortrait;
				INFOPLIST_KEY_UISupportedInterfaceOrientations_iPad = UIInterfaceOrientationPortrait;
				INFOPLIST_KEY_UISupportedInterfaceOrientations_iPhone = UIInterfaceOrientationPortrait;
				IPHONEOS_DEPLOYMENT_TARGET = 15.1;
				LD_RUNPATH_SEARCH_PATHS = (
					"$(inherited)",
					"@executable_path/Frameworks",
				);
				MARKETING_VERSION = 1.20;
				PRODUCT_BUNDLE_IDENTIFIER = edu.uc.vomo.mac.sw;
				PRODUCT_NAME = "$(TARGET_NAME)";
				PROVISIONING_PROFILE_SPECIFIER = "";
				SWIFT_EMIT_LOC_STRINGS = YES;
				SWIFT_OPTIMIZATION_LEVEL = "-O";
				SWIFT_VERSION = 5.0;
				TARGETED_DEVICE_FAMILY = "1,2";
			};
			name = Debug;
		};
		AD158E78279919A600C3119A /* Release */ = {
			isa = XCBuildConfiguration;
			buildSettings = {
				ASSETCATALOG_COMPILER_APPICON_NAME = AppIcon;
				ASSETCATALOG_COMPILER_GLOBAL_ACCENT_COLOR_NAME = AccentColor;
				CODE_SIGN_ENTITLEMENTS = VoMo/VoMo.entitlements;
				CODE_SIGN_IDENTITY = "Apple Development";
				CODE_SIGN_STYLE = Automatic;
				CURRENT_PROJECT_VERSION = 33;
				DEVELOPMENT_ASSET_PATHS = "\"VoMo/Preview Content\"";
				DEVELOPMENT_TEAM = LW2XXPVCD3;
				ENABLE_PREVIEWS = YES;
				GENERATE_INFOPLIST_FILE = YES;
				INFOPLIST_FILE = VoMo/Info.plist;
				INFOPLIST_KEY_CFBundleDisplayName = Vomo;
				INFOPLIST_KEY_LSApplicationCategoryType = "public.app-category.medical";
				INFOPLIST_KEY_NSCameraUsageDescription = "We use this to import a profile picture";
				INFOPLIST_KEY_NSMicrophoneUsageDescription = "We need access to your microphone";
				INFOPLIST_KEY_NSPhotoLibraryAddUsageDescription = "Our application needs permission to write photos...";
				INFOPLIST_KEY_UIApplicationSceneManifest_Generation = YES;
				INFOPLIST_KEY_UIApplicationSupportsIndirectInputEvents = YES;
				INFOPLIST_KEY_UIRequiresFullScreen = YES;
				INFOPLIST_KEY_UISupportedInterfaceOrientations = UIInterfaceOrientationPortrait;
				INFOPLIST_KEY_UISupportedInterfaceOrientations_iPad = UIInterfaceOrientationPortrait;
				INFOPLIST_KEY_UISupportedInterfaceOrientations_iPhone = UIInterfaceOrientationPortrait;
				IPHONEOS_DEPLOYMENT_TARGET = 15.1;
				LD_RUNPATH_SEARCH_PATHS = (
					"$(inherited)",
					"@executable_path/Frameworks",
				);
				MARKETING_VERSION = 1.20;
				PRODUCT_BUNDLE_IDENTIFIER = edu.uc.vomo.mac.sw;
				PRODUCT_NAME = "$(TARGET_NAME)";
				PROVISIONING_PROFILE_SPECIFIER = "";
				SWIFT_EMIT_LOC_STRINGS = YES;
				SWIFT_VERSION = 5.0;
				TARGETED_DEVICE_FAMILY = "1,2";
			};
			name = Release;
		};
/* End XCBuildConfiguration section */

/* Begin XCConfigurationList section */
		AD158E63279919A500C3119A /* Build configuration list for PBXProject "VoMo" */ = {
			isa = XCConfigurationList;
			buildConfigurations = (
				AD158E74279919A600C3119A /* Debug */,
				AD158E75279919A600C3119A /* Release */,
			);
			defaultConfigurationIsVisible = 0;
			defaultConfigurationName = Release;
		};
		AD158E76279919A600C3119A /* Build configuration list for PBXNativeTarget "VoMo" */ = {
			isa = XCConfigurationList;
			buildConfigurations = (
				AD158E77279919A600C3119A /* Debug */,
				AD158E78279919A600C3119A /* Release */,
			);
			defaultConfigurationIsVisible = 0;
			defaultConfigurationName = Release;
		};
/* End XCConfigurationList section */

/* Begin XCRemoteSwiftPackageReference section */
		ADA0E0A92824C26A00CF05D1 /* XCRemoteSwiftPackageReference "ChartView" */ = {
			isa = XCRemoteSwiftPackageReference;
			repositoryURL = "https://github.com/AppPear/ChartView";
			requirement = {
				kind = exactVersion;
				version = "2.0.0-beta.2";
			};
		};
		ADA1EC9C2899C99400EE58E3 /* XCRemoteSwiftPackageReference "AudioKitUI" */ = {
			isa = XCRemoteSwiftPackageReference;
			repositoryURL = "https://github.com/AudioKit/AudioKitUI";
			requirement = {
				kind = upToNextMajorVersion;
				minimumVersion = 0.1.5;
			};
		};
/* End XCRemoteSwiftPackageReference section */

/* Begin XCSwiftPackageProductDependency section */
		ADA0E0AA2824C26A00CF05D1 /* SwiftUICharts */ = {
			isa = XCSwiftPackageProductDependency;
			package = ADA0E0A92824C26A00CF05D1 /* XCRemoteSwiftPackageReference "ChartView" */;
			productName = SwiftUICharts;
		};
		ADA1EC9D2899C99400EE58E3 /* AudioKitUI */ = {
			isa = XCSwiftPackageProductDependency;
			package = ADA1EC9C2899C99400EE58E3 /* XCRemoteSwiftPackageReference "AudioKitUI" */;
			productName = AudioKitUI;
		};
/* End XCSwiftPackageProductDependency section */
	};
	rootObject = AD158E60279919A500C3119A /* Project object */;
}
