// !$*UTF8*$!
{
	archiveVersion = 1;
	classes = {
	};
	objectVersion = 55;
	objects = {

/* Begin PBXBuildFile section */
		AD0422FD28D0F2FF00E7105B /* HomeBackground.swift in Sources */ = {isa = PBXBuildFile; fileRef = AD0422FC28D0F2FF00E7105B /* HomeBackground.swift */; };
		AD158E6C279919A500C3119A /* VoMoApp.swift in Sources */ = {isa = PBXBuildFile; fileRef = AD158E6B279919A500C3119A /* VoMoApp.swift */; };
		AD158E73279919A600C3119A /* Preview Assets.xcassets in Resources */ = {isa = PBXBuildFile; fileRef = AD158E72279919A600C3119A /* Preview Assets.xcassets */; };
		AD26BA1A2829F4C000AC1A7B /* BarChart1.swift in Sources */ = {isa = PBXBuildFile; fileRef = AD26BA192829F4C000AC1A7B /* BarChart1.swift */; };
		AD26BA1C2829F4C900AC1A7B /* BarChartCell.swift in Sources */ = {isa = PBXBuildFile; fileRef = AD26BA1B2829F4C900AC1A7B /* BarChartCell.swift */; };
		AD26BA1E2829F4DD00AC1A7B /* BarChartCellShape.swift in Sources */ = {isa = PBXBuildFile; fileRef = AD26BA1D2829F4DD00AC1A7B /* BarChartCellShape.swift */; };
		AD26BA202829F4E600AC1A7B /* BarChartRow.swift in Sources */ = {isa = PBXBuildFile; fileRef = AD26BA1F2829F4E600AC1A7B /* BarChartRow.swift */; };
		AD57E6442805D02600CDB31B /* BackUps.swift in Sources */ = {isa = PBXBuildFile; fileRef = AD57E6432805D02600CDB31B /* BackUps.swift */; };
		AD59E6FA2939E66600F5BCF7 /* ReminderPopUp.swift in Sources */ = {isa = PBXBuildFile; fileRef = AD59E6F92939E66600F5BCF7 /* ReminderPopUp.swift */; };
		AD59E6FC293A92CB00F5BCF7 /* RecordingModel.swift in Sources */ = {isa = PBXBuildFile; fileRef = AD59E6FB293A92CB00F5BCF7 /* RecordingModel.swift */; };
		AD59E6FE293A92FC00F5BCF7 /* ProcessedData.swift in Sources */ = {isa = PBXBuildFile; fileRef = AD59E6FD293A92FC00F5BCF7 /* ProcessedData.swift */; };
		AD67CEC028A48DA2006AF596 /* EntryField.swift in Sources */ = {isa = PBXBuildFile; fileRef = AD67CEBF28A48DA2006AF596 /* EntryField.swift */; };
		AD67CEC228A49646006AF596 /* TabIcons.swift in Sources */ = {isa = PBXBuildFile; fileRef = AD67CEC128A49646006AF596 /* TabIcons.swift */; };
		AD67CEC428A4965A006AF596 /* SubmissionButton.swift in Sources */ = {isa = PBXBuildFile; fileRef = AD67CEC328A4965A006AF596 /* SubmissionButton.swift */; };
		AD67CEC628A49665006AF596 /* YesButton.swift in Sources */ = {isa = PBXBuildFile; fileRef = AD67CEC528A49665006AF596 /* YesButton.swift */; };
		AD67CEC828A49673006AF596 /* NoButton.swift in Sources */ = {isa = PBXBuildFile; fileRef = AD67CEC728A49673006AF596 /* NoButton.swift */; };
		AD6B031C27FCB26F0066B77D /* APIPlayground.swift in Sources */ = {isa = PBXBuildFile; fileRef = AD6B031B27FCB26F0066B77D /* APIPlayground.swift */; };
		AD72972428CFD736001E7211 /* SignalProcessing.swift in Sources */ = {isa = PBXBuildFile; fileRef = AD72972328CFD736001E7211 /* SignalProcessing.swift */; };
		AD7525FE28C85C4B0017FEC6 /* Arrow.swift in Sources */ = {isa = PBXBuildFile; fileRef = AD7525FD28C85C4B0017FEC6 /* Arrow.swift */; };
		AD75260028C861520017FEC6 /* TextEntryField.swift in Sources */ = {isa = PBXBuildFile; fileRef = AD7525FF28C861520017FEC6 /* TextEntryField.swift */; };
		AD75260428C8639A0017FEC6 /* DateEntryField.swift in Sources */ = {isa = PBXBuildFile; fileRef = AD75260328C8639A0017FEC6 /* DateEntryField.swift */; };
		AD75260628C9002E0017FEC6 /* VHIScale.swift in Sources */ = {isa = PBXBuildFile; fileRef = AD75260528C9002E0017FEC6 /* VHIScale.swift */; };
		AD75260828C91C150017FEC6 /* Wave.swift in Sources */ = {isa = PBXBuildFile; fileRef = AD75260728C91C150017FEC6 /* Wave.swift */; };
		AD81B71128BC21F8009920FB /* Graph.swift in Sources */ = {isa = PBXBuildFile; fileRef = AD81B71028BC21F8009920FB /* Graph.swift */; };
		AD81B71328BDBA5A009920FB /* BarChart.swift in Sources */ = {isa = PBXBuildFile; fileRef = AD81B71228BDBA5A009920FB /* BarChart.swift */; };
		AD81B71528BEAE84009920FB /* HBarChart.swift in Sources */ = {isa = PBXBuildFile; fileRef = AD81B71428BEAE84009920FB /* HBarChart.swift */; };
		AD81B71728BEB011009920FB /* HBarChartCell.swift in Sources */ = {isa = PBXBuildFile; fileRef = AD81B71628BEB011009920FB /* HBarChartCell.swift */; };
		AD81B71928BEB0B5009920FB /* HBarChartCellShape.swift in Sources */ = {isa = PBXBuildFile; fileRef = AD81B71828BEB0B5009920FB /* HBarChartCellShape.swift */; };
		AD81B71E28BFCF83009920FB /* Notification.swift in Sources */ = {isa = PBXBuildFile; fileRef = AD81B71D28BFCF83009920FB /* Notification.swift */; };
		AD81B72028BFCFB2009920FB /* AudioRecorder.swift in Sources */ = {isa = PBXBuildFile; fileRef = AD81B71F28BFCFB2009920FB /* AudioRecorder.swift */; };
		AD81B72228BFCFCA009920FB /* AudioPlayer.swift in Sources */ = {isa = PBXBuildFile; fileRef = AD81B72128BFCFCA009920FB /* AudioPlayer.swift */; };
		AD81B72828BFD769009920FB /* QuestionnaireModel.swift in Sources */ = {isa = PBXBuildFile; fileRef = AD81B72728BFD769009920FB /* QuestionnaireModel.swift */; };
		AD81B72A28BFD76E009920FB /* JournalModel.swift in Sources */ = {isa = PBXBuildFile; fileRef = AD81B72928BFD76E009920FB /* JournalModel.swift */; };
		AD81B72C28BFD774009920FB /* TreatmentModel.swift in Sources */ = {isa = PBXBuildFile; fileRef = AD81B72B28BFD774009920FB /* TreatmentModel.swift */; };
		AD81B72F28BFDB13009920FB /* Entries.swift in Sources */ = {isa = PBXBuildFile; fileRef = AD81B72E28BFDB13009920FB /* Entries.swift */; };
		AD81B73128BFDBF6009920FB /* Settings.swift in Sources */ = {isa = PBXBuildFile; fileRef = AD81B73028BFDBF6009920FB /* Settings.swift */; };
		AD81B73628BFE013009920FB /* SharedViewModel.swift in Sources */ = {isa = PBXBuildFile; fileRef = AD81B73528BFE013009920FB /* SharedViewModel.swift */; };
		AD81B73828C00070009920FB /* ViewControllerModel.swift in Sources */ = {isa = PBXBuildFile; fileRef = AD81B73728C00070009920FB /* ViewControllerModel.swift */; };
		AD915C37280624E200B48A5C /* ProfileButton.swift in Sources */ = {isa = PBXBuildFile; fileRef = AD915C36280624E200B48A5C /* ProfileButton.swift */; };
		AD9BBAB7283419A30081331C /* KR_rainbow_1.wav in Resources */ = {isa = PBXBuildFile; fileRef = AD9BBAB6283419A30081331C /* KR_rainbow_1.wav */; };
		AD9BBAB9283419A80081331C /* KR_sustained_Ah_1.wav in Resources */ = {isa = PBXBuildFile; fileRef = AD9BBAB8283419A80081331C /* KR_sustained_Ah_1.wav */; };
		AD9EC70528050DBF007F0395 /* PlayButton.swift in Sources */ = {isa = PBXBuildFile; fileRef = AD9EC70428050DBF007F0395 /* PlayButton.swift */; };
		ADA0E0AB2824C26A00CF05D1 /* SwiftUICharts in Frameworks */ = {isa = PBXBuildFile; productRef = ADA0E0AA2824C26A00CF05D1 /* SwiftUICharts */; };
		ADA0E0B428255EAF00CF05D1 /* CardView.swift in Sources */ = {isa = PBXBuildFile; fileRef = ADA0E0B328255EAF00CF05D1 /* CardView.swift */; };
		ADA0E0B628255ECD00CF05D1 /* ChartBase.swift in Sources */ = {isa = PBXBuildFile; fileRef = ADA0E0B528255ECD00CF05D1 /* ChartBase.swift */; };
		ADA0E0B828255ED200CF05D1 /* ChartData.swift in Sources */ = {isa = PBXBuildFile; fileRef = ADA0E0B728255ED200CF05D1 /* ChartData.swift */; };
		ADA0E0BA28255EDA00CF05D1 /* ChartValue.swift in Sources */ = {isa = PBXBuildFile; fileRef = ADA0E0B928255EDA00CF05D1 /* ChartValue.swift */; };
		ADA0E0BC28255F1900CF05D1 /* Array+Extension.swift in Sources */ = {isa = PBXBuildFile; fileRef = ADA0E0BB28255F1900CF05D1 /* Array+Extension.swift */; };
		ADA0E0BE28255F3A00CF05D1 /* CGPoint+Extension.swift in Sources */ = {isa = PBXBuildFile; fileRef = ADA0E0BD28255F3A00CF05D1 /* CGPoint+Extension.swift */; };
		ADA0E0C028255F5300CF05D1 /* CGReact+Extension.swift in Sources */ = {isa = PBXBuildFile; fileRef = ADA0E0BF28255F5300CF05D1 /* CGReact+Extension.swift */; };
		ADA0E0C228255F6A00CF05D1 /* ChartBase+Extension.swift in Sources */ = {isa = PBXBuildFile; fileRef = ADA0E0C128255F6A00CF05D1 /* ChartBase+Extension.swift */; };
		ADA0E0C428255F7B00CF05D1 /* Color+Extension.swift in Sources */ = {isa = PBXBuildFile; fileRef = ADA0E0C328255F7B00CF05D1 /* Color+Extension.swift */; };
		ADA0E0C628255FA800CF05D1 /* Path+QuadCurve.swift in Sources */ = {isa = PBXBuildFile; fileRef = ADA0E0C528255FA800CF05D1 /* Path+QuadCurve.swift */; };
		ADA0E0C828255FD900CF05D1 /* View+Extension.swift in Sources */ = {isa = PBXBuildFile; fileRef = ADA0E0C728255FD900CF05D1 /* View+Extension.swift */; };
		ADA0E0CA2825601700CF05D1 /* ChartGrid.swift in Sources */ = {isa = PBXBuildFile; fileRef = ADA0E0C92825601700CF05D1 /* ChartGrid.swift */; };
		ADA0E0CC2825602A00CF05D1 /* ChartLabel.swift in Sources */ = {isa = PBXBuildFile; fileRef = ADA0E0CB2825602A00CF05D1 /* ChartLabel.swift */; };
		ADA0E0CE2825604800CF05D1 /* ChartStyle.swift in Sources */ = {isa = PBXBuildFile; fileRef = ADA0E0CD2825604800CF05D1 /* ChartStyle.swift */; };
		ADA0E0D02825604E00CF05D1 /* ColorGradient.swift in Sources */ = {isa = PBXBuildFile; fileRef = ADA0E0CF2825604E00CF05D1 /* ColorGradient.swift */; };
		ADA0E0D22825605300CF05D1 /* Colors.swift in Sources */ = {isa = PBXBuildFile; fileRef = ADA0E0D12825605300CF05D1 /* Colors.swift */; };
		ADA0E0D6282561A600CF05D1 /* IndicatorPoint.swift in Sources */ = {isa = PBXBuildFile; fileRef = ADA0E0D5282561A600CF05D1 /* IndicatorPoint.swift */; };
		ADA0E0D8282561A900CF05D1 /* Line.swift in Sources */ = {isa = PBXBuildFile; fileRef = ADA0E0D7282561A900CF05D1 /* Line.swift */; };
		ADA0E0DA282561B400CF05D1 /* LineBackgroundShape.swift in Sources */ = {isa = PBXBuildFile; fileRef = ADA0E0D9282561B400CF05D1 /* LineBackgroundShape.swift */; };
		ADA0E0DC282561BF00CF05D1 /* LineBackgroundShapeView.swift in Sources */ = {isa = PBXBuildFile; fileRef = ADA0E0DB282561BF00CF05D1 /* LineBackgroundShapeView.swift */; };
		ADA0E0DE282561C400CF05D1 /* LineChart.swift in Sources */ = {isa = PBXBuildFile; fileRef = ADA0E0DD282561C400CF05D1 /* LineChart.swift */; };
		ADA0E0E0282561CA00CF05D1 /* LineShape.swift in Sources */ = {isa = PBXBuildFile; fileRef = ADA0E0DF282561CA00CF05D1 /* LineShape.swift */; };
		ADA0E0E2282561D700CF05D1 /* LineShapeView.swift in Sources */ = {isa = PBXBuildFile; fileRef = ADA0E0E1282561D700CF05D1 /* LineShapeView.swift */; };
		ADA1EC9B2899C6B000EE58E3 /* AVAduioPCMBuffer.swift in Sources */ = {isa = PBXBuildFile; fileRef = ADA1EC9A2899C6B000EE58E3 /* AVAduioPCMBuffer.swift */; };
		ADA1EC9E2899C99400EE58E3 /* AudioKitUI in Frameworks */ = {isa = PBXBuildFile; productRef = ADA1EC9D2899C99400EE58E3 /* AudioKitUI */; };
		ADB4A81B29369516003D8556 /* AnyTransition.swift in Sources */ = {isa = PBXBuildFile; fileRef = ADB4A81A29369516003D8556 /* AnyTransition.swift */; };
		ADB4A82229369B75003D8556 /* TreatmentLog.swift in Sources */ = {isa = PBXBuildFile; fileRef = ADB4A82129369B75003D8556 /* TreatmentLog.swift */; };
		ADB4A82429369C96003D8556 /* NewTreatmentForm.swift in Sources */ = {isa = PBXBuildFile; fileRef = ADB4A82329369C96003D8556 /* NewTreatmentForm.swift */; };
		ADB4A8262936A199003D8556 /* TreatmentRow.swift in Sources */ = {isa = PBXBuildFile; fileRef = ADB4A8252936A199003D8556 /* TreatmentRow.swift */; };
		ADB4A8282936BDA1003D8556 /* GraphicTitle.swift in Sources */ = {isa = PBXBuildFile; fileRef = ADB4A8272936BDA1003D8556 /* GraphicTitle.swift */; };
		ADB4A82A2936BEE2003D8556 /* Graphic.swift in Sources */ = {isa = PBXBuildFile; fileRef = ADB4A8292936BEE2003D8556 /* Graphic.swift */; };
		ADB4A82C2936C32E003D8556 /* ProgressViewFunctions.swift in Sources */ = {isa = PBXBuildFile; fileRef = ADB4A82B2936C32E003D8556 /* ProgressViewFunctions.swift */; };
		ADB4A82E2936C3E1003D8556 /* ElementModel.swift in Sources */ = {isa = PBXBuildFile; fileRef = ADB4A82D2936C3E1003D8556 /* ElementModel.swift */; };
		ADB4A8302936CC10003D8556 /* EntryRow.swift in Sources */ = {isa = PBXBuildFile; fileRef = ADB4A82F2936CC10003D8556 /* EntryRow.swift */; };
		ADB4A8332936CCFC003D8556 /* ExpandedSurvey.swift in Sources */ = {isa = PBXBuildFile; fileRef = ADB4A8322936CCFC003D8556 /* ExpandedSurvey.swift */; };
		ADB4A8352936CD02003D8556 /* ExpandedRecording.swift in Sources */ = {isa = PBXBuildFile; fileRef = ADB4A8342936CD02003D8556 /* ExpandedRecording.swift */; };
		ADB4A8372936CD08003D8556 /* ExpandedJournal.swift in Sources */ = {isa = PBXBuildFile; fileRef = ADB4A8362936CD08003D8556 /* ExpandedJournal.swift */; };
		ADB4A8392936CFE2003D8556 /* DeleteButton.swift in Sources */ = {isa = PBXBuildFile; fileRef = ADB4A8382936CFE2003D8556 /* DeleteButton.swift */; };
		ADB4A83B293809DB003D8556 /* AudioInterface.swift in Sources */ = {isa = PBXBuildFile; fileRef = ADB4A83A293809DB003D8556 /* AudioInterface.swift */; };
		ADB4A840293831AF003D8556 /* VEScale.swift in Sources */ = {isa = PBXBuildFile; fileRef = ADB4A83F293831AF003D8556 /* VEScale.swift */; };
		ADB4A84229385ABF003D8556 /* CustomSlider.swift in Sources */ = {isa = PBXBuildFile; fileRef = ADB4A84129385ABF003D8556 /* CustomSlider.swift */; };
		ADBAE7F9282996A500A7BD1B /* Roboto-Bold.ttf in Resources */ = {isa = PBXBuildFile; fileRef = ADBAE7F8282996A500A7BD1B /* Roboto-Bold.ttf */; };
		ADBAE7FC282996DF00A7BD1B /* Roboto-Medium.ttf in Resources */ = {isa = PBXBuildFile; fileRef = ADBAE7FB282996DF00A7BD1B /* Roboto-Medium.ttf */; };
		ADBAE7FE282996E500A7BD1B /* Roboto-Regular.ttf in Resources */ = {isa = PBXBuildFile; fileRef = ADBAE7FD282996E500A7BD1B /* Roboto-Regular.ttf */; };
		ADBAE800282996EE00A7BD1B /* Roboto-Light.ttf in Resources */ = {isa = PBXBuildFile; fileRef = ADBAE7FF282996EE00A7BD1B /* Roboto-Light.ttf */; };
		ADBAE802282996FA00A7BD1B /* Roboto-LightItalic.ttf in Resources */ = {isa = PBXBuildFile; fileRef = ADBAE801282996FA00A7BD1B /* Roboto-LightItalic.ttf */; };
		ADBAE8062829984F00A7BD1B /* Assets.xcassets in Resources */ = {isa = PBXBuildFile; fileRef = ADBAE8052829984F00A7BD1B /* Assets.xcassets */; };
		ADBDFF8628C2663000518354 /* ViewController.swift in Sources */ = {isa = PBXBuildFile; fileRef = ADBDFF8528C2663000518354 /* ViewController.swift */; };
		ADBDFF8828C2669300518354 /* OnboardView.swift in Sources */ = {isa = PBXBuildFile; fileRef = ADBDFF8728C2669300518354 /* OnboardView.swift */; };
		ADBDFF8A28C2682100518354 /* HomeView.swift in Sources */ = {isa = PBXBuildFile; fileRef = ADBDFF8928C2682100518354 /* HomeView.swift */; };
		ADBDFF8C28C2688D00518354 /* SettingsView.swift in Sources */ = {isa = PBXBuildFile; fileRef = ADBDFF8B28C2688D00518354 /* SettingsView.swift */; };
		ADBDFF8E28C26D5800518354 /* RecordView.swift in Sources */ = {isa = PBXBuildFile; fileRef = ADBDFF8D28C26D5800518354 /* RecordView.swift */; };
		ADBDFF9028C26DD100518354 /* JournalView.swift in Sources */ = {isa = PBXBuildFile; fileRef = ADBDFF8F28C26DD100518354 /* JournalView.swift */; };
		ADBDFF9228C26DDA00518354 /* TreatmentView.swift in Sources */ = {isa = PBXBuildFile; fileRef = ADBDFF9128C26DDA00518354 /* TreatmentView.swift */; };
		ADBDFF9428C26DE900518354 /* ProgressView.swift in Sources */ = {isa = PBXBuildFile; fileRef = ADBDFF9328C26DE900518354 /* ProgressView.swift */; };
		ADBDFF9628C2BA5000518354 /* SurveyView.swift in Sources */ = {isa = PBXBuildFile; fileRef = ADBDFF9528C2BA5000518354 /* SurveyView.swift */; };
		ADBF439F290AC03D001CDBF5 /* Filter.swift in Sources */ = {isa = PBXBuildFile; fileRef = ADBF439E290AC03D001CDBF5 /* Filter.swift */; };
		ADBF43A1290AC074001CDBF5 /* DayList.swift in Sources */ = {isa = PBXBuildFile; fileRef = ADBF43A0290AC074001CDBF5 /* DayList.swift */; };
		ADBF43A3290AC6B1001CDBF5 /* FilterButton.swift in Sources */ = {isa = PBXBuildFile; fileRef = ADBF43A2290AC6B1001CDBF5 /* FilterButton.swift */; };
		ADC484BC28CBB50500160DFA /* RecordAction.swift in Sources */ = {isa = PBXBuildFile; fileRef = ADC484BB28CBB50500160DFA /* RecordAction.swift */; };
		ADC5A60628358611000C73DF /* Font.swift in Sources */ = {isa = PBXBuildFile; fileRef = ADC5A60528358611000C73DF /* Font.swift */; };
		ADC5A60828358616000C73DF /* Color.swift in Sources */ = {isa = PBXBuildFile; fileRef = ADC5A60728358616000C73DF /* Color.swift */; };
		ADC5A60A28358644000C73DF /* Date.swift in Sources */ = {isa = PBXBuildFile; fileRef = ADC5A60928358644000C73DF /* Date.swift */; };
		ADC5A60C283587D9000C73DF /* Array.swift in Sources */ = {isa = PBXBuildFile; fileRef = ADC5A60B283587D9000C73DF /* Array.swift */; };
		ADE03015293312AC00320A61 /* GraphView.swift in Sources */ = {isa = PBXBuildFile; fileRef = ADE03014293312AC00320A61 /* GraphView.swift */; };
		ADE3A01628395A8C00E56527 /* String.swift in Sources */ = {isa = PBXBuildFile; fileRef = ADE3A01528395A8C00E56527 /* String.swift */; };
		ADE416442911821500133437 /* Image.swift in Sources */ = {isa = PBXBuildFile; fileRef = ADE416432911821500133437 /* Image.swift */; };
		ADE416462911874600133437 /* NavButtons.swift in Sources */ = {isa = PBXBuildFile; fileRef = ADE416452911874600133437 /* NavButtons.swift */; };
		ADE4164929118D0C00133437 /* LandingPageView.swift in Sources */ = {isa = PBXBuildFile; fileRef = ADE4164829118D0C00133437 /* LandingPageView.swift */; };
		ADE4164B29118D9500133437 /* PersonalQuestionView.swift in Sources */ = {isa = PBXBuildFile; fileRef = ADE4164A29118D9500133437 /* PersonalQuestionView.swift */; };
		ADE4164D29118DCB00133437 /* VoiceQuestionView.swift in Sources */ = {isa = PBXBuildFile; fileRef = ADE4164C29118DCB00133437 /* VoiceQuestionView.swift */; };
		ADE4164F29118DF100133437 /* TargetView.swift in Sources */ = {isa = PBXBuildFile; fileRef = ADE4164E29118DF100133437 /* TargetView.swift */; };
		ADE4165129118E3200133437 /* CustomTargetView.swift in Sources */ = {isa = PBXBuildFile; fileRef = ADE4165029118E3200133437 /* CustomTargetView.swift */; };
		ADE4165329118E5C00133437 /* GoalEntryView.swift in Sources */ = {isa = PBXBuildFile; fileRef = ADE4165229118E5C00133437 /* GoalEntryView.swift */; };
		ADE4165629118EC000133437 /* ProgressBar.swift in Sources */ = {isa = PBXBuildFile; fileRef = ADE4165529118EC000133437 /* ProgressBar.swift */; };
		ADE416592911959900133437 /* SetThreshold.swift in Sources */ = {isa = PBXBuildFile; fileRef = ADE416582911959900133437 /* SetThreshold.swift */; };
		ADE89218295BACCC00351EA1 /* PitchGraph.swift in Sources */ = {isa = PBXBuildFile; fileRef = ADE89217295BACCC00351EA1 /* PitchGraph.swift */; };
		ADE8921A295D426900351EA1 /* SurveyGraph.swift in Sources */ = {isa = PBXBuildFile; fileRef = ADE89219295D426900351EA1 /* SurveyGraph.swift */; };
/* End PBXBuildFile section */

/* Begin PBXFileReference section */
		AD0422FC28D0F2FF00E7105B /* HomeBackground.swift */ = {isa = PBXFileReference; lastKnownFileType = sourcecode.swift; name = HomeBackground.swift; path = vomo/Components/Shapes/HomeBackground.swift; sourceTree = SOURCE_ROOT; };
		AD158E68279919A500C3119A /* VoMo.app */ = {isa = PBXFileReference; explicitFileType = wrapper.application; includeInIndex = 0; path = VoMo.app; sourceTree = BUILT_PRODUCTS_DIR; };
		AD158E6B279919A500C3119A /* VoMoApp.swift */ = {isa = PBXFileReference; lastKnownFileType = sourcecode.swift; path = VoMoApp.swift; sourceTree = "<group>"; };
		AD158E72279919A600C3119A /* Preview Assets.xcassets */ = {isa = PBXFileReference; lastKnownFileType = folder.assetcatalog; path = "Preview Assets.xcassets"; sourceTree = "<group>"; };
		AD26BA192829F4C000AC1A7B /* BarChart1.swift */ = {isa = PBXFileReference; lastKnownFileType = sourcecode.swift; name = BarChart1.swift; path = vomo/Graphs/BarChart/BarChart1.swift; sourceTree = SOURCE_ROOT; };
		AD26BA1B2829F4C900AC1A7B /* BarChartCell.swift */ = {isa = PBXFileReference; lastKnownFileType = sourcecode.swift; name = BarChartCell.swift; path = vomo/Graphs/BarChart/BarChartCell.swift; sourceTree = SOURCE_ROOT; };
		AD26BA1D2829F4DD00AC1A7B /* BarChartCellShape.swift */ = {isa = PBXFileReference; lastKnownFileType = sourcecode.swift; name = BarChartCellShape.swift; path = vomo/Graphs/BarChart/BarChartCellShape.swift; sourceTree = SOURCE_ROOT; };
		AD26BA1F2829F4E600AC1A7B /* BarChartRow.swift */ = {isa = PBXFileReference; lastKnownFileType = sourcecode.swift; name = BarChartRow.swift; path = vomo/Graphs/BarChart/BarChartRow.swift; sourceTree = SOURCE_ROOT; };
		AD57E6432805D02600CDB31B /* BackUps.swift */ = {isa = PBXFileReference; lastKnownFileType = sourcecode.swift; path = BackUps.swift; sourceTree = "<group>"; };
		AD59E6F92939E66600F5BCF7 /* ReminderPopUp.swift */ = {isa = PBXFileReference; lastKnownFileType = sourcecode.swift; name = ReminderPopUp.swift; path = vomo/Core/SettingsView/ReminderPopUp.swift; sourceTree = SOURCE_ROOT; };
		AD59E6FB293A92CB00F5BCF7 /* RecordingModel.swift */ = {isa = PBXFileReference; lastKnownFileType = sourcecode.swift; name = RecordingModel.swift; path = vomo/Model/RecordingModel.swift; sourceTree = SOURCE_ROOT; };
		AD59E6FD293A92FC00F5BCF7 /* ProcessedData.swift */ = {isa = PBXFileReference; lastKnownFileType = sourcecode.swift; name = ProcessedData.swift; path = vomo/Model/ProcessedData.swift; sourceTree = SOURCE_ROOT; };
		AD67CEBF28A48DA2006AF596 /* EntryField.swift */ = {isa = PBXFileReference; lastKnownFileType = sourcecode.swift; name = EntryField.swift; path = vomo/Components/Shapes/EntryField.swift; sourceTree = SOURCE_ROOT; };
		AD67CEC128A49646006AF596 /* TabIcons.swift */ = {isa = PBXFileReference; lastKnownFileType = sourcecode.swift; name = TabIcons.swift; path = vomo/Components/Buttons/TabIcons.swift; sourceTree = SOURCE_ROOT; };
		AD67CEC328A4965A006AF596 /* SubmissionButton.swift */ = {isa = PBXFileReference; lastKnownFileType = sourcecode.swift; name = SubmissionButton.swift; path = vomo/Components/Buttons/SubmissionButton.swift; sourceTree = SOURCE_ROOT; };
		AD67CEC528A49665006AF596 /* YesButton.swift */ = {isa = PBXFileReference; lastKnownFileType = sourcecode.swift; name = YesButton.swift; path = vomo/Components/Buttons/YesButton.swift; sourceTree = SOURCE_ROOT; };
		AD67CEC728A49673006AF596 /* NoButton.swift */ = {isa = PBXFileReference; lastKnownFileType = sourcecode.swift; name = NoButton.swift; path = vomo/Components/Buttons/NoButton.swift; sourceTree = SOURCE_ROOT; };
		AD6B031B27FCB26F0066B77D /* APIPlayground.swift */ = {isa = PBXFileReference; lastKnownFileType = sourcecode.swift; path = APIPlayground.swift; sourceTree = "<group>"; };
		AD72972328CFD736001E7211 /* SignalProcessing.swift */ = {isa = PBXFileReference; lastKnownFileType = sourcecode.swift; name = SignalProcessing.swift; path = vomo/Service/Recording/SignalProcessing.swift; sourceTree = SOURCE_ROOT; };
		AD7525FD28C85C4B0017FEC6 /* Arrow.swift */ = {isa = PBXFileReference; lastKnownFileType = sourcecode.swift; name = Arrow.swift; path = vomo/Components/Shapes/Arrow.swift; sourceTree = SOURCE_ROOT; };
		AD7525FF28C861520017FEC6 /* TextEntryField.swift */ = {isa = PBXFileReference; lastKnownFileType = sourcecode.swift; name = TextEntryField.swift; path = vomo/Components/Shapes/TextEntryField.swift; sourceTree = SOURCE_ROOT; };
		AD75260328C8639A0017FEC6 /* DateEntryField.swift */ = {isa = PBXFileReference; lastKnownFileType = sourcecode.swift; name = DateEntryField.swift; path = vomo/Components/Shapes/DateEntryField.swift; sourceTree = SOURCE_ROOT; };
		AD75260528C9002E0017FEC6 /* VHIScale.swift */ = {isa = PBXFileReference; lastKnownFileType = sourcecode.swift; name = VHIScale.swift; path = VoMo/Core/SurveyView/VHIScale.swift; sourceTree = SOURCE_ROOT; };
		AD75260728C91C150017FEC6 /* Wave.swift */ = {isa = PBXFileReference; lastKnownFileType = sourcecode.swift; name = Wave.swift; path = vomo/Components/Shapes/Wave.swift; sourceTree = SOURCE_ROOT; };
		AD81B71028BC21F8009920FB /* Graph.swift */ = {isa = PBXFileReference; lastKnownFileType = sourcecode.swift; name = Graph.swift; path = vomo/Graphs/Graph.swift; sourceTree = SOURCE_ROOT; };
		AD81B71228BDBA5A009920FB /* BarChart.swift */ = {isa = PBXFileReference; lastKnownFileType = sourcecode.swift; name = BarChart.swift; path = vomo/Graphs/BarChart.swift; sourceTree = SOURCE_ROOT; };
		AD81B71428BEAE84009920FB /* HBarChart.swift */ = {isa = PBXFileReference; lastKnownFileType = sourcecode.swift; name = HBarChart.swift; path = vomo/Graphs/HBarChart.swift; sourceTree = SOURCE_ROOT; };
		AD81B71628BEB011009920FB /* HBarChartCell.swift */ = {isa = PBXFileReference; lastKnownFileType = sourcecode.swift; name = HBarChartCell.swift; path = vomo/Graphs/BarChart/HBarChartCell.swift; sourceTree = SOURCE_ROOT; };
		AD81B71828BEB0B5009920FB /* HBarChartCellShape.swift */ = {isa = PBXFileReference; lastKnownFileType = sourcecode.swift; name = HBarChartCellShape.swift; path = vomo/Graphs/BarChart/HBarChartCellShape.swift; sourceTree = SOURCE_ROOT; };
		AD81B71D28BFCF83009920FB /* Notification.swift */ = {isa = PBXFileReference; lastKnownFileType = sourcecode.swift; name = Notification.swift; path = vomo/Service/Notification/Notification.swift; sourceTree = SOURCE_ROOT; };
		AD81B71F28BFCFB2009920FB /* AudioRecorder.swift */ = {isa = PBXFileReference; lastKnownFileType = sourcecode.swift; name = AudioRecorder.swift; path = vomo/Service/Recording/AudioRecorder.swift; sourceTree = SOURCE_ROOT; };
		AD81B72128BFCFCA009920FB /* AudioPlayer.swift */ = {isa = PBXFileReference; lastKnownFileType = sourcecode.swift; name = AudioPlayer.swift; path = vomo/Service/Recording/AudioPlayer.swift; sourceTree = SOURCE_ROOT; };
		AD81B72728BFD769009920FB /* QuestionnaireModel.swift */ = {isa = PBXFileReference; lastKnownFileType = sourcecode.swift; name = QuestionnaireModel.swift; path = vomo/Model/QuestionnaireModel.swift; sourceTree = SOURCE_ROOT; };
		AD81B72928BFD76E009920FB /* JournalModel.swift */ = {isa = PBXFileReference; lastKnownFileType = sourcecode.swift; name = JournalModel.swift; path = vomo/Model/JournalModel.swift; sourceTree = SOURCE_ROOT; };
		AD81B72B28BFD774009920FB /* TreatmentModel.swift */ = {isa = PBXFileReference; lastKnownFileType = sourcecode.swift; name = TreatmentModel.swift; path = vomo/Model/TreatmentModel.swift; sourceTree = SOURCE_ROOT; };
		AD81B72E28BFDB13009920FB /* Entries.swift */ = {isa = PBXFileReference; lastKnownFileType = sourcecode.swift; name = Entries.swift; path = vomo/Model/UserData/Entries.swift; sourceTree = SOURCE_ROOT; };
		AD81B73028BFDBF6009920FB /* Settings.swift */ = {isa = PBXFileReference; lastKnownFileType = sourcecode.swift; name = Settings.swift; path = vomo/Model/UserData/Settings.swift; sourceTree = SOURCE_ROOT; };
		AD81B73528BFE013009920FB /* SharedViewModel.swift */ = {isa = PBXFileReference; lastKnownFileType = sourcecode.swift; name = SharedViewModel.swift; path = vomo/ViewModel/SharedViewModel.swift; sourceTree = SOURCE_ROOT; };
		AD81B73728C00070009920FB /* ViewControllerModel.swift */ = {isa = PBXFileReference; lastKnownFileType = sourcecode.swift; name = ViewControllerModel.swift; path = VoMo/Core/ViewController/ViewControllerModel.swift; sourceTree = SOURCE_ROOT; };
		AD915C36280624E200B48A5C /* ProfileButton.swift */ = {isa = PBXFileReference; lastKnownFileType = sourcecode.swift; path = ProfileButton.swift; sourceTree = "<group>"; };
		AD9BBAB6283419A30081331C /* KR_rainbow_1.wav */ = {isa = PBXFileReference; lastKnownFileType = audio.wav; name = KR_rainbow_1.wav; path = vomo/KR_rainbow_1.wav; sourceTree = SOURCE_ROOT; };
		AD9BBAB8283419A80081331C /* KR_sustained_Ah_1.wav */ = {isa = PBXFileReference; lastKnownFileType = audio.wav; name = KR_sustained_Ah_1.wav; path = vomo/KR_sustained_Ah_1.wav; sourceTree = SOURCE_ROOT; };
		AD9EC70428050DBF007F0395 /* PlayButton.swift */ = {isa = PBXFileReference; lastKnownFileType = sourcecode.swift; path = PlayButton.swift; sourceTree = "<group>"; };
		ADA0E0B328255EAF00CF05D1 /* CardView.swift */ = {isa = PBXFileReference; lastKnownFileType = sourcecode.swift; name = CardView.swift; path = vomo/Graphs/CardView/CardView.swift; sourceTree = SOURCE_ROOT; };
		ADA0E0B528255ECD00CF05D1 /* ChartBase.swift */ = {isa = PBXFileReference; lastKnownFileType = sourcecode.swift; name = ChartBase.swift; path = vomo/Graphs/Chart/ChartBase.swift; sourceTree = SOURCE_ROOT; };
		ADA0E0B728255ED200CF05D1 /* ChartData.swift */ = {isa = PBXFileReference; lastKnownFileType = sourcecode.swift; name = ChartData.swift; path = vomo/Graphs/Chart/ChartData.swift; sourceTree = SOURCE_ROOT; };
		ADA0E0B928255EDA00CF05D1 /* ChartValue.swift */ = {isa = PBXFileReference; lastKnownFileType = sourcecode.swift; name = ChartValue.swift; path = vomo/Graphs/Chart/ChartValue.swift; sourceTree = SOURCE_ROOT; };
		ADA0E0BB28255F1900CF05D1 /* Array+Extension.swift */ = {isa = PBXFileReference; lastKnownFileType = sourcecode.swift; name = "Array+Extension.swift"; path = "vomo/Graphs/Extensions/Array+Extension.swift"; sourceTree = SOURCE_ROOT; };
		ADA0E0BD28255F3A00CF05D1 /* CGPoint+Extension.swift */ = {isa = PBXFileReference; lastKnownFileType = sourcecode.swift; name = "CGPoint+Extension.swift"; path = "vomo/Graphs/Extensions/CGPoint+Extension.swift"; sourceTree = SOURCE_ROOT; };
		ADA0E0BF28255F5300CF05D1 /* CGReact+Extension.swift */ = {isa = PBXFileReference; lastKnownFileType = sourcecode.swift; name = "CGReact+Extension.swift"; path = "vomo/Graphs/Extensions/CGReact+Extension.swift"; sourceTree = SOURCE_ROOT; };
		ADA0E0C128255F6A00CF05D1 /* ChartBase+Extension.swift */ = {isa = PBXFileReference; lastKnownFileType = sourcecode.swift; name = "ChartBase+Extension.swift"; path = "vomo/Graphs/Extensions/ChartBase+Extension.swift"; sourceTree = SOURCE_ROOT; };
		ADA0E0C328255F7B00CF05D1 /* Color+Extension.swift */ = {isa = PBXFileReference; lastKnownFileType = sourcecode.swift; name = "Color+Extension.swift"; path = "vomo/Graphs/Extensions/Color+Extension.swift"; sourceTree = SOURCE_ROOT; };
		ADA0E0C528255FA800CF05D1 /* Path+QuadCurve.swift */ = {isa = PBXFileReference; lastKnownFileType = sourcecode.swift; name = "Path+QuadCurve.swift"; path = "vomo/Graphs/Extensions/Path+QuadCurve.swift"; sourceTree = SOURCE_ROOT; };
		ADA0E0C728255FD900CF05D1 /* View+Extension.swift */ = {isa = PBXFileReference; lastKnownFileType = sourcecode.swift; name = "View+Extension.swift"; path = "vomo/Graphs/Extensions/View+Extension.swift"; sourceTree = SOURCE_ROOT; };
		ADA0E0C92825601700CF05D1 /* ChartGrid.swift */ = {isa = PBXFileReference; lastKnownFileType = sourcecode.swift; name = ChartGrid.swift; path = vomo/Graphs/Grid/ChartGrid.swift; sourceTree = SOURCE_ROOT; };
		ADA0E0CB2825602A00CF05D1 /* ChartLabel.swift */ = {isa = PBXFileReference; lastKnownFileType = sourcecode.swift; name = ChartLabel.swift; path = vomo/Graphs/Label/ChartLabel.swift; sourceTree = SOURCE_ROOT; };
		ADA0E0CD2825604800CF05D1 /* ChartStyle.swift */ = {isa = PBXFileReference; lastKnownFileType = sourcecode.swift; name = ChartStyle.swift; path = vomo/Graphs/Style/ChartStyle.swift; sourceTree = SOURCE_ROOT; };
		ADA0E0CF2825604E00CF05D1 /* ColorGradient.swift */ = {isa = PBXFileReference; lastKnownFileType = sourcecode.swift; name = ColorGradient.swift; path = vomo/Graphs/Style/ColorGradient.swift; sourceTree = SOURCE_ROOT; };
		ADA0E0D12825605300CF05D1 /* Colors.swift */ = {isa = PBXFileReference; lastKnownFileType = sourcecode.swift; name = Colors.swift; path = vomo/Graphs/Style/Colors.swift; sourceTree = SOURCE_ROOT; };
		ADA0E0D5282561A600CF05D1 /* IndicatorPoint.swift */ = {isa = PBXFileReference; lastKnownFileType = sourcecode.swift; name = IndicatorPoint.swift; path = vomo/Graphs/LineChart/IndicatorPoint.swift; sourceTree = SOURCE_ROOT; };
		ADA0E0D7282561A900CF05D1 /* Line.swift */ = {isa = PBXFileReference; lastKnownFileType = sourcecode.swift; name = Line.swift; path = vomo/Graphs/LineChart/Line.swift; sourceTree = SOURCE_ROOT; };
		ADA0E0D9282561B400CF05D1 /* LineBackgroundShape.swift */ = {isa = PBXFileReference; lastKnownFileType = sourcecode.swift; name = LineBackgroundShape.swift; path = vomo/Graphs/LineChart/LineBackgroundShape.swift; sourceTree = SOURCE_ROOT; };
		ADA0E0DB282561BF00CF05D1 /* LineBackgroundShapeView.swift */ = {isa = PBXFileReference; lastKnownFileType = sourcecode.swift; name = LineBackgroundShapeView.swift; path = vomo/Graphs/LineChart/LineBackgroundShapeView.swift; sourceTree = SOURCE_ROOT; };
		ADA0E0DD282561C400CF05D1 /* LineChart.swift */ = {isa = PBXFileReference; lastKnownFileType = sourcecode.swift; name = LineChart.swift; path = vomo/Graphs/LineChart/LineChart.swift; sourceTree = SOURCE_ROOT; };
		ADA0E0DF282561CA00CF05D1 /* LineShape.swift */ = {isa = PBXFileReference; lastKnownFileType = sourcecode.swift; name = LineShape.swift; path = vomo/Graphs/LineChart/LineShape.swift; sourceTree = SOURCE_ROOT; };
		ADA0E0E1282561D700CF05D1 /* LineShapeView.swift */ = {isa = PBXFileReference; lastKnownFileType = sourcecode.swift; name = LineShapeView.swift; path = vomo/Graphs/LineChart/LineShapeView.swift; sourceTree = SOURCE_ROOT; };
		ADA0E0E52826E42600CF05D1 /* VoMo.entitlements */ = {isa = PBXFileReference; lastKnownFileType = text.plist.entitlements; path = VoMo.entitlements; sourceTree = "<group>"; };
		ADA1EC9A2899C6B000EE58E3 /* AVAduioPCMBuffer.swift */ = {isa = PBXFileReference; lastKnownFileType = sourcecode.swift; name = AVAduioPCMBuffer.swift; path = vomo/Extensions/AVAduioPCMBuffer.swift; sourceTree = SOURCE_ROOT; };
		ADB4A81A29369516003D8556 /* AnyTransition.swift */ = {isa = PBXFileReference; lastKnownFileType = sourcecode.swift; name = AnyTransition.swift; path = vomo/Extensions/AnyTransition.swift; sourceTree = SOURCE_ROOT; };
		ADB4A82129369B75003D8556 /* TreatmentLog.swift */ = {isa = PBXFileReference; lastKnownFileType = sourcecode.swift; name = TreatmentLog.swift; path = VoMo/Core/TreatmentView/TreatmentLog.swift; sourceTree = SOURCE_ROOT; };
		ADB4A82329369C96003D8556 /* NewTreatmentForm.swift */ = {isa = PBXFileReference; lastKnownFileType = sourcecode.swift; name = NewTreatmentForm.swift; path = VoMo/Core/TreatmentView/NewTreatmentForm.swift; sourceTree = SOURCE_ROOT; };
		ADB4A8252936A199003D8556 /* TreatmentRow.swift */ = {isa = PBXFileReference; lastKnownFileType = sourcecode.swift; name = TreatmentRow.swift; path = VoMo/Core/TreatmentView/TreatmentRow.swift; sourceTree = SOURCE_ROOT; };
		ADB4A8272936BDA1003D8556 /* GraphicTitle.swift */ = {isa = PBXFileReference; lastKnownFileType = sourcecode.swift; name = GraphicTitle.swift; path = vomo/Core/ProgressView/GraphicTitle.swift; sourceTree = SOURCE_ROOT; };
		ADB4A8292936BEE2003D8556 /* Graphic.swift */ = {isa = PBXFileReference; lastKnownFileType = sourcecode.swift; name = Graphic.swift; path = vomo/Core/ProgressView/Graphic.swift; sourceTree = SOURCE_ROOT; };
		ADB4A82B2936C32E003D8556 /* ProgressViewFunctions.swift */ = {isa = PBXFileReference; lastKnownFileType = sourcecode.swift; name = ProgressViewFunctions.swift; path = vomo/Core/ProgressView/ProgressViewFunctions.swift; sourceTree = SOURCE_ROOT; };
		ADB4A82D2936C3E1003D8556 /* ElementModel.swift */ = {isa = PBXFileReference; lastKnownFileType = sourcecode.swift; name = ElementModel.swift; path = vomo/Model/ElementModel.swift; sourceTree = SOURCE_ROOT; };
		ADB4A82F2936CC10003D8556 /* EntryRow.swift */ = {isa = PBXFileReference; lastKnownFileType = sourcecode.swift; name = EntryRow.swift; path = vomo/Core/ProgressView/EntryRow.swift; sourceTree = SOURCE_ROOT; };
		ADB4A8322936CCFC003D8556 /* ExpandedSurvey.swift */ = {isa = PBXFileReference; lastKnownFileType = sourcecode.swift; name = ExpandedSurvey.swift; path = vomo/Core/ProgressView/ExpandedEntries/ExpandedSurvey.swift; sourceTree = SOURCE_ROOT; };
		ADB4A8342936CD02003D8556 /* ExpandedRecording.swift */ = {isa = PBXFileReference; lastKnownFileType = sourcecode.swift; name = ExpandedRecording.swift; path = vomo/Core/ProgressView/ExpandedEntries/ExpandedRecording.swift; sourceTree = SOURCE_ROOT; };
		ADB4A8362936CD08003D8556 /* ExpandedJournal.swift */ = {isa = PBXFileReference; lastKnownFileType = sourcecode.swift; name = ExpandedJournal.swift; path = vomo/Core/ProgressView/ExpandedEntries/ExpandedJournal.swift; sourceTree = SOURCE_ROOT; };
		ADB4A8382936CFE2003D8556 /* DeleteButton.swift */ = {isa = PBXFileReference; lastKnownFileType = sourcecode.swift; name = DeleteButton.swift; path = vomo/Components/Buttons/DeleteButton.swift; sourceTree = SOURCE_ROOT; };
		ADB4A83A293809DB003D8556 /* AudioInterface.swift */ = {isa = PBXFileReference; lastKnownFileType = sourcecode.swift; name = AudioInterface.swift; path = VoMo/Components/AudioInterface.swift; sourceTree = SOURCE_ROOT; };
		ADB4A83F293831AF003D8556 /* VEScale.swift */ = {isa = PBXFileReference; lastKnownFileType = sourcecode.swift; name = VEScale.swift; path = vomo/Core/SurveyView/VEScale.swift; sourceTree = SOURCE_ROOT; };
		ADB4A84129385ABF003D8556 /* CustomSlider.swift */ = {isa = PBXFileReference; lastKnownFileType = sourcecode.swift; name = CustomSlider.swift; path = vomo/Core/SurveyView/CustomSlider.swift; sourceTree = SOURCE_ROOT; };
		ADBAE7F8282996A500A7BD1B /* Roboto-Bold.ttf */ = {isa = PBXFileReference; lastKnownFileType = file; name = "Roboto-Bold.ttf"; path = "../../Roboto/Roboto-Bold.ttf"; sourceTree = "<group>"; };
		ADBAE7FB282996DF00A7BD1B /* Roboto-Medium.ttf */ = {isa = PBXFileReference; lastKnownFileType = file; name = "Roboto-Medium.ttf"; path = "../../Roboto/Roboto-Medium.ttf"; sourceTree = "<group>"; };
		ADBAE7FD282996E500A7BD1B /* Roboto-Regular.ttf */ = {isa = PBXFileReference; lastKnownFileType = file; name = "Roboto-Regular.ttf"; path = "../../Roboto/Roboto-Regular.ttf"; sourceTree = "<group>"; };
		ADBAE7FF282996EE00A7BD1B /* Roboto-Light.ttf */ = {isa = PBXFileReference; lastKnownFileType = file; name = "Roboto-Light.ttf"; path = "../../Roboto/Roboto-Light.ttf"; sourceTree = "<group>"; };
		ADBAE801282996FA00A7BD1B /* Roboto-LightItalic.ttf */ = {isa = PBXFileReference; lastKnownFileType = file; name = "Roboto-LightItalic.ttf"; path = "../../Roboto/Roboto-LightItalic.ttf"; sourceTree = "<group>"; };
		ADBAE8052829984F00A7BD1B /* Assets.xcassets */ = {isa = PBXFileReference; lastKnownFileType = folder.assetcatalog; name = Assets.xcassets; path = vomo/Assets.xcassets; sourceTree = SOURCE_ROOT; };
		ADBDFF8528C2663000518354 /* ViewController.swift */ = {isa = PBXFileReference; lastKnownFileType = sourcecode.swift; name = ViewController.swift; path = VoMo/Core/ViewController/ViewController.swift; sourceTree = SOURCE_ROOT; };
		ADBDFF8728C2669300518354 /* OnboardView.swift */ = {isa = PBXFileReference; lastKnownFileType = sourcecode.swift; name = OnboardView.swift; path = VoMo/Core/OnboardView/OnboardView.swift; sourceTree = SOURCE_ROOT; };
		ADBDFF8928C2682100518354 /* HomeView.swift */ = {isa = PBXFileReference; lastKnownFileType = sourcecode.swift; name = HomeView.swift; path = VoMo/Core/HomeView/HomeView.swift; sourceTree = SOURCE_ROOT; };
		ADBDFF8B28C2688D00518354 /* SettingsView.swift */ = {isa = PBXFileReference; lastKnownFileType = sourcecode.swift; name = SettingsView.swift; path = VoMo/Core/SettingsView/SettingsView.swift; sourceTree = SOURCE_ROOT; };
		ADBDFF8D28C26D5800518354 /* RecordView.swift */ = {isa = PBXFileReference; lastKnownFileType = sourcecode.swift; name = RecordView.swift; path = VoMo/Core/RecordView/RecordView.swift; sourceTree = SOURCE_ROOT; };
		ADBDFF8F28C26DD100518354 /* JournalView.swift */ = {isa = PBXFileReference; lastKnownFileType = sourcecode.swift; name = JournalView.swift; path = vomo/Core/JournalView.swift; sourceTree = SOURCE_ROOT; };
		ADBDFF9128C26DDA00518354 /* TreatmentView.swift */ = {isa = PBXFileReference; lastKnownFileType = sourcecode.swift; name = TreatmentView.swift; path = VoMo/Core/TreatmentView/TreatmentView.swift; sourceTree = SOURCE_ROOT; };
		ADBDFF9328C26DE900518354 /* ProgressView.swift */ = {isa = PBXFileReference; lastKnownFileType = sourcecode.swift; name = ProgressView.swift; path = VoMo/Core/ProgressView/ProgressView.swift; sourceTree = SOURCE_ROOT; };
		ADBDFF9528C2BA5000518354 /* SurveyView.swift */ = {isa = PBXFileReference; lastKnownFileType = sourcecode.swift; name = SurveyView.swift; path = VoMo/Core/SurveyView/SurveyView.swift; sourceTree = SOURCE_ROOT; };
		ADBF439E290AC03D001CDBF5 /* Filter.swift */ = {isa = PBXFileReference; lastKnownFileType = sourcecode.swift; name = Filter.swift; path = VoMo/Core/ProgressView/Filter.swift; sourceTree = SOURCE_ROOT; };
		ADBF43A0290AC074001CDBF5 /* DayList.swift */ = {isa = PBXFileReference; lastKnownFileType = sourcecode.swift; name = DayList.swift; path = VoMo/Core/ProgressView/DayList.swift; sourceTree = SOURCE_ROOT; };
		ADBF43A2290AC6B1001CDBF5 /* FilterButton.swift */ = {isa = PBXFileReference; lastKnownFileType = sourcecode.swift; name = FilterButton.swift; path = vomo/Components/Buttons/FilterButton.swift; sourceTree = SOURCE_ROOT; };
		ADC484BB28CBB50500160DFA /* RecordAction.swift */ = {isa = PBXFileReference; lastKnownFileType = sourcecode.swift; name = RecordAction.swift; path = VoMo/Core/RecordView/RecordAction.swift; sourceTree = SOURCE_ROOT; };
		ADC5A60528358611000C73DF /* Font.swift */ = {isa = PBXFileReference; lastKnownFileType = sourcecode.swift; name = Font.swift; path = vomo/Extensions/Font.swift; sourceTree = SOURCE_ROOT; };
		ADC5A60728358616000C73DF /* Color.swift */ = {isa = PBXFileReference; lastKnownFileType = sourcecode.swift; name = Color.swift; path = vomo/Extensions/Color.swift; sourceTree = SOURCE_ROOT; };
		ADC5A60928358644000C73DF /* Date.swift */ = {isa = PBXFileReference; lastKnownFileType = sourcecode.swift; name = Date.swift; path = vomo/Extensions/Date.swift; sourceTree = SOURCE_ROOT; };
		ADC5A60B283587D9000C73DF /* Array.swift */ = {isa = PBXFileReference; lastKnownFileType = sourcecode.swift; name = Array.swift; path = vomo/Extensions/Array.swift; sourceTree = SOURCE_ROOT; };
		ADE03014293312AC00320A61 /* GraphView.swift */ = {isa = PBXFileReference; lastKnownFileType = sourcecode.swift; name = GraphView.swift; path = vomo/Graphs/GraphView.swift; sourceTree = SOURCE_ROOT; };
		ADE3A01528395A8C00E56527 /* String.swift */ = {isa = PBXFileReference; lastKnownFileType = sourcecode.swift; name = String.swift; path = vomo/Extensions/String.swift; sourceTree = SOURCE_ROOT; };
		ADE416432911821500133437 /* Image.swift */ = {isa = PBXFileReference; lastKnownFileType = sourcecode.swift; name = Image.swift; path = vomo/Extensions/Image.swift; sourceTree = SOURCE_ROOT; };
		ADE416452911874600133437 /* NavButtons.swift */ = {isa = PBXFileReference; lastKnownFileType = sourcecode.swift; name = NavButtons.swift; path = vomo/Components/Buttons/NavButtons.swift; sourceTree = SOURCE_ROOT; };
		ADE4164829118D0C00133437 /* LandingPageView.swift */ = {isa = PBXFileReference; lastKnownFileType = sourcecode.swift; name = LandingPageView.swift; path = VoMo/Core/OnboardView/LandingPageView.swift; sourceTree = SOURCE_ROOT; };
		ADE4164A29118D9500133437 /* PersonalQuestionView.swift */ = {isa = PBXFileReference; lastKnownFileType = sourcecode.swift; name = PersonalQuestionView.swift; path = VoMo/Core/OnboardView/PersonalQuestionView.swift; sourceTree = SOURCE_ROOT; };
		ADE4164C29118DCB00133437 /* VoiceQuestionView.swift */ = {isa = PBXFileReference; lastKnownFileType = sourcecode.swift; name = VoiceQuestionView.swift; path = VoMo/Core/OnboardView/VoiceQuestionView.swift; sourceTree = SOURCE_ROOT; };
		ADE4164E29118DF100133437 /* TargetView.swift */ = {isa = PBXFileReference; lastKnownFileType = sourcecode.swift; name = TargetView.swift; path = VoMo/Core/OnboardView/TargetView.swift; sourceTree = SOURCE_ROOT; };
		ADE4165029118E3200133437 /* CustomTargetView.swift */ = {isa = PBXFileReference; lastKnownFileType = sourcecode.swift; name = CustomTargetView.swift; path = VoMo/Core/OnboardView/CustomTargetView.swift; sourceTree = SOURCE_ROOT; };
		ADE4165229118E5C00133437 /* GoalEntryView.swift */ = {isa = PBXFileReference; lastKnownFileType = sourcecode.swift; name = GoalEntryView.swift; path = VoMo/Core/OnboardView/GoalEntryView.swift; sourceTree = SOURCE_ROOT; };
		ADE4165529118EC000133437 /* ProgressBar.swift */ = {isa = PBXFileReference; lastKnownFileType = sourcecode.swift; name = ProgressBar.swift; path = VoMo/Core/HomeView/ProgressBar.swift; sourceTree = SOURCE_ROOT; };
		ADE416582911959900133437 /* SetThreshold.swift */ = {isa = PBXFileReference; lastKnownFileType = sourcecode.swift; name = SetThreshold.swift; path = VoMo/Core/ProgressView/SetThreshold.swift; sourceTree = SOURCE_ROOT; };
		ADE89217295BACCC00351EA1 /* PitchGraph.swift */ = {isa = PBXFileReference; lastKnownFileType = sourcecode.swift; name = PitchGraph.swift; path = vomo/Graphs/PitchGraph.swift; sourceTree = SOURCE_ROOT; };
		ADE89219295D426900351EA1 /* SurveyGraph.swift */ = {isa = PBXFileReference; lastKnownFileType = sourcecode.swift; name = SurveyGraph.swift; path = vomo/Graphs/SurveyGraph.swift; sourceTree = SOURCE_ROOT; };
/* End PBXFileReference section */

/* Begin PBXFrameworksBuildPhase section */
		AD158E65279919A500C3119A /* Frameworks */ = {
			isa = PBXFrameworksBuildPhase;
			buildActionMask = 2147483647;
			files = (
				ADA1EC9E2899C99400EE58E3 /* AudioKitUI in Frameworks */,
				ADA0E0AB2824C26A00CF05D1 /* SwiftUICharts in Frameworks */,
			);
			runOnlyForDeploymentPostprocessing = 0;
		};
/* End PBXFrameworksBuildPhase section */

/* Begin PBXGroup section */
		AD064FBA27DB680C00D6CA26 /* Model */ = {
			isa = PBXGroup;
			children = (
				AD81B72728BFD769009920FB /* QuestionnaireModel.swift */,
				AD59E6FB293A92CB00F5BCF7 /* RecordingModel.swift */,
				AD81B72928BFD76E009920FB /* JournalModel.swift */,
				AD59E6FD293A92FC00F5BCF7 /* ProcessedData.swift */,
				AD81B72B28BFD774009920FB /* TreatmentModel.swift */,
				ADB4A82D2936C3E1003D8556 /* ElementModel.swift */,
				AD81B72D28BFDB07009920FB /* UserData */,
			);
			path = Model;
			sourceTree = "<group>";
		};
		AD158E5F279919A500C3119A = {
			isa = PBXGroup;
			children = (
				AD158E6A279919A500C3119A /* VoMo */,
				AD158E69279919A500C3119A /* Products */,
			);
			sourceTree = "<group>";
		};
		AD158E69279919A500C3119A /* Products */ = {
			isa = PBXGroup;
			children = (
				AD158E68279919A500C3119A /* VoMo.app */,
			);
			name = Products;
			sourceTree = "<group>";
		};
		AD158E6A279919A500C3119A /* VoMo */ = {
			isa = PBXGroup;
			children = (
				ADA0E0E52826E42600CF05D1 /* VoMo.entitlements */,
				AD158E6B279919A500C3119A /* VoMoApp.swift */,
				AD81B71A28BFCED1009920FB /* Service */,
				AD064FBA27DB680C00D6CA26 /* Model */,
				AD81B73428BFDFF9009920FB /* ViewModel */,
				ADC5A600283584FB000C73DF /* Core */,
				ADC5A60128358500000C73DF /* Components */,
				AD3FA000280F16F5007E6327 /* Graphs */,
				ADD6846A27D8325C00FF23D2 /* Extensions */,
				AD6B031B27FCB26F0066B77D /* APIPlayground.swift */,
				AD57E6432805D02600CDB31B /* BackUps.swift */,
				AD9BBAB6283419A30081331C /* KR_rainbow_1.wav */,
				AD9BBAB8283419A80081331C /* KR_sustained_Ah_1.wav */,
				ADBAE7F8282996A500A7BD1B /* Roboto-Bold.ttf */,
				ADBAE7FB282996DF00A7BD1B /* Roboto-Medium.ttf */,
				ADBAE7FD282996E500A7BD1B /* Roboto-Regular.ttf */,
				ADBAE7FF282996EE00A7BD1B /* Roboto-Light.ttf */,
				ADBAE801282996FA00A7BD1B /* Roboto-LightItalic.ttf */,
				ADBAE8052829984F00A7BD1B /* Assets.xcassets */,
				AD158E71279919A600C3119A /* Preview Content */,
			);
			path = VoMo;
			sourceTree = "<group>";
		};
		AD158E71279919A600C3119A /* Preview Content */ = {
			isa = PBXGroup;
			children = (
				AD158E72279919A600C3119A /* Preview Assets.xcassets */,
			);
			path = "Preview Content";
			sourceTree = "<group>";
		};
		AD26BA182829F4A200AC1A7B /* BarChart */ = {
			isa = PBXGroup;
			children = (
				AD26BA192829F4C000AC1A7B /* BarChart1.swift */,
				AD26BA1B2829F4C900AC1A7B /* BarChartCell.swift */,
				AD81B71628BEB011009920FB /* HBarChartCell.swift */,
				AD26BA1D2829F4DD00AC1A7B /* BarChartCellShape.swift */,
				AD81B71828BEB0B5009920FB /* HBarChartCellShape.swift */,
				AD26BA1F2829F4E600AC1A7B /* BarChartRow.swift */,
			);
			path = BarChart;
			sourceTree = "<group>";
		};
		AD2A7A8A29A6B14100EA92E8 /* TreatmentView */ = {
			isa = PBXGroup;
			children = (
				ADBDFF9128C26DDA00518354 /* TreatmentView.swift */,
				ADB4A82129369B75003D8556 /* TreatmentLog.swift */,
				ADB4A8252936A199003D8556 /* TreatmentRow.swift */,
				ADB4A82329369C96003D8556 /* NewTreatmentForm.swift */,
			);
			path = TreatmentView;
			sourceTree = "<group>";
		};
		AD3FA000280F16F5007E6327 /* Graphs */ = {
			isa = PBXGroup;
			children = (
				ADE89217295BACCC00351EA1 /* PitchGraph.swift */,
				ADE89219295D426900351EA1 /* SurveyGraph.swift */,
				AD81B71028BC21F8009920FB /* Graph.swift */,
				ADE03014293312AC00320A61 /* GraphView.swift */,
				AD81B71228BDBA5A009920FB /* BarChart.swift */,
				AD81B71428BEAE84009920FB /* HBarChart.swift */,
				AD26BA182829F4A200AC1A7B /* BarChart */,
				ADA0E0B228255E9F00CF05D1 /* LineChart */,
				ADA0E0B128255E9600CF05D1 /* Style */,
				ADA0E0B028255E9100CF05D1 /* Label */,
				ADA0E0AF28255E8A00CF05D1 /* Grid */,
				ADA0E0AE28255E8200CF05D1 /* Extensions */,
				ADA0E0AD28255E7D00CF05D1 /* Chart */,
				ADA0E0AC28255E7100CF05D1 /* CardView */,
			);
			path = Graphs;
			sourceTree = "<group>";
		};
		AD59E6F82939E65100F5BCF7 /* SettingsView */ = {
			isa = PBXGroup;
			children = (
				ADBDFF8B28C2688D00518354 /* SettingsView.swift */,
				AD59E6F92939E66600F5BCF7 /* ReminderPopUp.swift */,
			);
			path = SettingsView;
			sourceTree = "<group>";
		};
		AD67CEBE28A48D63006AF596 /* Shapes */ = {
			isa = PBXGroup;
			children = (
				AD67CEBF28A48DA2006AF596 /* EntryField.swift */,
				AD7525FF28C861520017FEC6 /* TextEntryField.swift */,
				AD75260328C8639A0017FEC6 /* DateEntryField.swift */,
				AD7525FD28C85C4B0017FEC6 /* Arrow.swift */,
				AD75260728C91C150017FEC6 /* Wave.swift */,
				AD0422FC28D0F2FF00E7105B /* HomeBackground.swift */,
			);
			path = Shapes;
			sourceTree = "<group>";
		};
		AD81B71A28BFCED1009920FB /* Service */ = {
			isa = PBXGroup;
			children = (
				AD81B71B28BFCEE3009920FB /* Recording */,
				AD81B71C28BFCEEB009920FB /* Notification */,
			);
			path = Service;
			sourceTree = "<group>";
		};
		AD81B71B28BFCEE3009920FB /* Recording */ = {
			isa = PBXGroup;
			children = (
				AD81B71F28BFCFB2009920FB /* AudioRecorder.swift */,
				AD72972328CFD736001E7211 /* SignalProcessing.swift */,
				AD81B72128BFCFCA009920FB /* AudioPlayer.swift */,
			);
			path = Recording;
			sourceTree = "<group>";
		};
		AD81B71C28BFCEEB009920FB /* Notification */ = {
			isa = PBXGroup;
			children = (
				AD81B71D28BFCF83009920FB /* Notification.swift */,
			);
			path = Notification;
			sourceTree = "<group>";
		};
		AD81B72D28BFDB07009920FB /* UserData */ = {
			isa = PBXGroup;
			children = (
				AD81B72E28BFDB13009920FB /* Entries.swift */,
				AD81B73028BFDBF6009920FB /* Settings.swift */,
			);
			path = UserData;
			sourceTree = "<group>";
		};
		AD81B73428BFDFF9009920FB /* ViewModel */ = {
			isa = PBXGroup;
			children = (
				AD81B73528BFE013009920FB /* SharedViewModel.swift */,
			);
			path = ViewModel;
			sourceTree = "<group>";
		};
		ADA0E0AC28255E7100CF05D1 /* CardView */ = {
			isa = PBXGroup;
			children = (
				ADA0E0B328255EAF00CF05D1 /* CardView.swift */,
			);
			path = CardView;
			sourceTree = "<group>";
		};
		ADA0E0AD28255E7D00CF05D1 /* Chart */ = {
			isa = PBXGroup;
			children = (
				ADA0E0B528255ECD00CF05D1 /* ChartBase.swift */,
				ADA0E0B728255ED200CF05D1 /* ChartData.swift */,
				ADA0E0B928255EDA00CF05D1 /* ChartValue.swift */,
			);
			path = Chart;
			sourceTree = "<group>";
		};
		ADA0E0AE28255E8200CF05D1 /* Extensions */ = {
			isa = PBXGroup;
			children = (
				ADA0E0BB28255F1900CF05D1 /* Array+Extension.swift */,
				ADA0E0BD28255F3A00CF05D1 /* CGPoint+Extension.swift */,
				ADA0E0BF28255F5300CF05D1 /* CGReact+Extension.swift */,
				ADA0E0C128255F6A00CF05D1 /* ChartBase+Extension.swift */,
				ADA0E0C328255F7B00CF05D1 /* Color+Extension.swift */,
				ADA0E0C528255FA800CF05D1 /* Path+QuadCurve.swift */,
				ADA0E0C728255FD900CF05D1 /* View+Extension.swift */,
			);
			path = Extensions;
			sourceTree = "<group>";
		};
		ADA0E0AF28255E8A00CF05D1 /* Grid */ = {
			isa = PBXGroup;
			children = (
				ADA0E0C92825601700CF05D1 /* ChartGrid.swift */,
			);
			path = Grid;
			sourceTree = "<group>";
		};
		ADA0E0B028255E9100CF05D1 /* Label */ = {
			isa = PBXGroup;
			children = (
				ADA0E0CB2825602A00CF05D1 /* ChartLabel.swift */,
			);
			path = Label;
			sourceTree = "<group>";
		};
		ADA0E0B128255E9600CF05D1 /* Style */ = {
			isa = PBXGroup;
			children = (
				ADA0E0CD2825604800CF05D1 /* ChartStyle.swift */,
				ADA0E0CF2825604E00CF05D1 /* ColorGradient.swift */,
				ADA0E0D12825605300CF05D1 /* Colors.swift */,
			);
			path = Style;
			sourceTree = "<group>";
		};
		ADA0E0B228255E9F00CF05D1 /* LineChart */ = {
			isa = PBXGroup;
			children = (
				ADA0E0D5282561A600CF05D1 /* IndicatorPoint.swift */,
				ADA0E0D7282561A900CF05D1 /* Line.swift */,
				ADA0E0D9282561B400CF05D1 /* LineBackgroundShape.swift */,
				ADA0E0DB282561BF00CF05D1 /* LineBackgroundShapeView.swift */,
				ADA0E0DD282561C400CF05D1 /* LineChart.swift */,
				ADA0E0DF282561CA00CF05D1 /* LineShape.swift */,
				ADA0E0E1282561D700CF05D1 /* LineShapeView.swift */,
			);
			path = LineChart;
			sourceTree = "<group>";
		};
		ADA0E0E928282CC000CF05D1 /* Buttons */ = {
			isa = PBXGroup;
			children = (
				AD915C36280624E200B48A5C /* ProfileButton.swift */,
				AD9EC70428050DBF007F0395 /* PlayButton.swift */,
				ADB4A8382936CFE2003D8556 /* DeleteButton.swift */,
				AD67CEC128A49646006AF596 /* TabIcons.swift */,
				AD67CEC328A4965A006AF596 /* SubmissionButton.swift */,
				ADE416452911874600133437 /* NavButtons.swift */,
				AD67CEC528A49665006AF596 /* YesButton.swift */,
				AD67CEC728A49673006AF596 /* NoButton.swift */,
				ADBF43A2290AC6B1001CDBF5 /* FilterButton.swift */,
			);
			path = Buttons;
			sourceTree = "<group>";
		};
		ADB4A81C293698DC003D8556 /* ViewController */ = {
			isa = PBXGroup;
			children = (
				AD81B73728C00070009920FB /* ViewControllerModel.swift */,
				ADBDFF8528C2663000518354 /* ViewController.swift */,
			);
			path = ViewController;
			sourceTree = "<group>";
		};
		ADB4A81D293698F4003D8556 /* OnboardView */ = {
			isa = PBXGroup;
			children = (
				ADBDFF8728C2669300518354 /* OnboardView.swift */,
				ADE4164829118D0C00133437 /* LandingPageView.swift */,
				ADE4164A29118D9500133437 /* PersonalQuestionView.swift */,
				ADE4164C29118DCB00133437 /* VoiceQuestionView.swift */,
				ADE4164E29118DF100133437 /* TargetView.swift */,
				ADE4165029118E3200133437 /* CustomTargetView.swift */,
				ADE4165229118E5C00133437 /* GoalEntryView.swift */,
			);
			path = OnboardView;
			sourceTree = "<group>";
		};
		ADB4A81E29369922003D8556 /* HomeView */ = {
			isa = PBXGroup;
			children = (
				ADBDFF8928C2682100518354 /* HomeView.swift */,
				ADE4165529118EC000133437 /* ProgressBar.swift */,
			);
			path = HomeView;
			sourceTree = "<group>";
		};
		ADB4A81F29369ACB003D8556 /* ProgressView */ = {
			isa = PBXGroup;
			children = (
				ADBDFF9328C26DE900518354 /* ProgressView.swift */,
				ADB4A82B2936C32E003D8556 /* ProgressViewFunctions.swift */,
				ADB4A8292936BEE2003D8556 /* Graphic.swift */,
				ADB4A8272936BDA1003D8556 /* GraphicTitle.swift */,
				ADE416582911959900133437 /* SetThreshold.swift */,
				ADBF439E290AC03D001CDBF5 /* Filter.swift */,
				ADBF43A0290AC074001CDBF5 /* DayList.swift */,
				ADB4A82F2936CC10003D8556 /* EntryRow.swift */,
				ADB4A8312936CCEF003D8556 /* ExpandedEntries */,
			);
			path = ProgressView;
			sourceTree = "<group>";
		};
		ADB4A8312936CCEF003D8556 /* ExpandedEntries */ = {
			isa = PBXGroup;
			children = (
				ADB4A8322936CCFC003D8556 /* ExpandedSurvey.swift */,
				ADB4A8342936CD02003D8556 /* ExpandedRecording.swift */,
				ADB4A8362936CD08003D8556 /* ExpandedJournal.swift */,
			);
			path = ExpandedEntries;
			sourceTree = "<group>";
		};
		ADB4A83E293830D0003D8556 /* SurveyView */ = {
			isa = PBXGroup;
			children = (
				ADBDFF9528C2BA5000518354 /* SurveyView.swift */,
				AD75260528C9002E0017FEC6 /* VHIScale.swift */,
				ADB4A83F293831AF003D8556 /* VEScale.swift */,
				ADB4A84129385ABF003D8556 /* CustomSlider.swift */,
			);
			path = SurveyView;
			sourceTree = "<group>";
		};
		ADB4A84329386E78003D8556 /* RecordView */ = {
			isa = PBXGroup;
			children = (
				ADBDFF8D28C26D5800518354 /* RecordView.swift */,
				ADC484BB28CBB50500160DFA /* RecordAction.swift */,
			);
			path = RecordView;
			sourceTree = "<group>";
		};
		ADC5A600283584FB000C73DF /* Core */ = {
			isa = PBXGroup;
			children = (
				ADB4A81C293698DC003D8556 /* ViewController */,
				ADB4A81D293698F4003D8556 /* OnboardView */,
				ADB4A81E29369922003D8556 /* HomeView */,
				AD59E6F82939E65100F5BCF7 /* SettingsView */,
				ADB4A84329386E78003D8556 /* RecordView */,
				ADB4A83E293830D0003D8556 /* SurveyView */,
				ADBDFF8F28C26DD100518354 /* JournalView.swift */,
				AD2A7A8A29A6B14100EA92E8 /* TreatmentView */,
				ADB4A81F29369ACB003D8556 /* ProgressView */,
			);
			path = Core;
			sourceTree = "<group>";
		};
		ADC5A60128358500000C73DF /* Components */ = {
			isa = PBXGroup;
			children = (
				ADB4A83A293809DB003D8556 /* AudioInterface.swift */,
				AD67CEBE28A48D63006AF596 /* Shapes */,
				ADA0E0E928282CC000CF05D1 /* Buttons */,
			);
			path = Components;
			sourceTree = "<group>";
		};
		ADD6846A27D8325C00FF23D2 /* Extensions */ = {
			isa = PBXGroup;
			children = (
				ADC5A60528358611000C73DF /* Font.swift */,
				ADC5A60728358616000C73DF /* Color.swift */,
				ADC5A60928358644000C73DF /* Date.swift */,
				ADC5A60B283587D9000C73DF /* Array.swift */,
				ADE3A01528395A8C00E56527 /* String.swift */,
				ADE416432911821500133437 /* Image.swift */,
				ADA1EC9A2899C6B000EE58E3 /* AVAduioPCMBuffer.swift */,
				ADB4A81A29369516003D8556 /* AnyTransition.swift */,
			);
			path = Extensions;
			sourceTree = "<group>";
		};
/* End PBXGroup section */

/* Begin PBXNativeTarget section */
		AD158E67279919A500C3119A /* VoMo */ = {
			isa = PBXNativeTarget;
			buildConfigurationList = AD158E76279919A600C3119A /* Build configuration list for PBXNativeTarget "VoMo" */;
			buildPhases = (
				AD158E64279919A500C3119A /* Sources */,
				AD158E65279919A500C3119A /* Frameworks */,
				AD158E66279919A500C3119A /* Resources */,
			);
			buildRules = (
			);
			dependencies = (
			);
			name = VoMo;
			packageProductDependencies = (
				ADA0E0AA2824C26A00CF05D1 /* SwiftUICharts */,
				ADA1EC9D2899C99400EE58E3 /* AudioKitUI */,
			);
			productName = VoMo;
			productReference = AD158E68279919A500C3119A /* VoMo.app */;
			productType = "com.apple.product-type.application";
		};
/* End PBXNativeTarget section */

/* Begin PBXProject section */
		AD158E60279919A500C3119A /* Project object */ = {
			isa = PBXProject;
			attributes = {
				BuildIndependentTargetsInParallel = 1;
				LastSwiftUpdateCheck = 1320;
				LastUpgradeCheck = 1320;
				TargetAttributes = {
					AD158E67279919A500C3119A = {
						CreatedOnToolsVersion = 13.2;
					};
				};
			};
			buildConfigurationList = AD158E63279919A500C3119A /* Build configuration list for PBXProject "VoMo" */;
			compatibilityVersion = "Xcode 13.0";
			developmentRegion = en;
			hasScannedForEncodings = 0;
			knownRegions = (
				en,
				Base,
			);
			mainGroup = AD158E5F279919A500C3119A;
			packageReferences = (
				ADA0E0A92824C26A00CF05D1 /* XCRemoteSwiftPackageReference "ChartView" */,
				ADA1EC9C2899C99400EE58E3 /* XCRemoteSwiftPackageReference "AudioKitUI" */,
			);
			productRefGroup = AD158E69279919A500C3119A /* Products */;
			projectDirPath = "";
			projectRoot = "";
			targets = (
				AD158E67279919A500C3119A /* VoMo */,
			);
		};
/* End PBXProject section */

/* Begin PBXResourcesBuildPhase section */
		AD158E66279919A500C3119A /* Resources */ = {
			isa = PBXResourcesBuildPhase;
			buildActionMask = 2147483647;
			files = (
				ADBAE7FC282996DF00A7BD1B /* Roboto-Medium.ttf in Resources */,
				AD158E73279919A600C3119A /* Preview Assets.xcassets in Resources */,
				AD9BBAB9283419A80081331C /* KR_sustained_Ah_1.wav in Resources */,
				ADBAE802282996FA00A7BD1B /* Roboto-LightItalic.ttf in Resources */,
				ADBAE800282996EE00A7BD1B /* Roboto-Light.ttf in Resources */,
				ADBAE8062829984F00A7BD1B /* Assets.xcassets in Resources */,
				ADBAE7FE282996E500A7BD1B /* Roboto-Regular.ttf in Resources */,
				ADBAE7F9282996A500A7BD1B /* Roboto-Bold.ttf in Resources */,
				AD9BBAB7283419A30081331C /* KR_rainbow_1.wav in Resources */,
			);
			runOnlyForDeploymentPostprocessing = 0;
		};
/* End PBXResourcesBuildPhase section */

/* Begin PBXSourcesBuildPhase section */
		AD158E64279919A500C3119A /* Sources */ = {
			isa = PBXSourcesBuildPhase;
			buildActionMask = 2147483647;
			files = (
				ADBDFF8C28C2688D00518354 /* SettingsView.swift in Sources */,
				ADB4A8302936CC10003D8556 /* EntryRow.swift in Sources */,
				ADA0E0D22825605300CF05D1 /* Colors.swift in Sources */,
				ADA0E0BC28255F1900CF05D1 /* Array+Extension.swift in Sources */,
				AD81B73828C00070009920FB /* ViewControllerModel.swift in Sources */,
				ADA0E0D6282561A600CF05D1 /* IndicatorPoint.swift in Sources */,
				AD7525FE28C85C4B0017FEC6 /* Arrow.swift in Sources */,
				AD81B72A28BFD76E009920FB /* JournalModel.swift in Sources */,
				ADBDFF8E28C26D5800518354 /* RecordView.swift in Sources */,
				AD81B71128BC21F8009920FB /* Graph.swift in Sources */,
				AD59E6FC293A92CB00F5BCF7 /* RecordingModel.swift in Sources */,
				AD81B72828BFD769009920FB /* QuestionnaireModel.swift in Sources */,
				ADB4A8372936CD08003D8556 /* ExpandedJournal.swift in Sources */,
				ADA0E0B828255ED200CF05D1 /* ChartData.swift in Sources */,
				ADBDFF9628C2BA5000518354 /* SurveyView.swift in Sources */,
				AD75260628C9002E0017FEC6 /* VHIScale.swift in Sources */,
				AD67CEC028A48DA2006AF596 /* EntryField.swift in Sources */,
				ADA0E0C428255F7B00CF05D1 /* Color+Extension.swift in Sources */,
				ADBDFF9228C26DDA00518354 /* TreatmentView.swift in Sources */,
				ADC5A60628358611000C73DF /* Font.swift in Sources */,
				ADC5A60A28358644000C73DF /* Date.swift in Sources */,
				ADA0E0DC282561BF00CF05D1 /* LineBackgroundShapeView.swift in Sources */,
				AD0422FD28D0F2FF00E7105B /* HomeBackground.swift in Sources */,
				ADC5A60C283587D9000C73DF /* Array.swift in Sources */,
				AD75260028C861520017FEC6 /* TextEntryField.swift in Sources */,
				ADA0E0D02825604E00CF05D1 /* ColorGradient.swift in Sources */,
				ADA0E0BE28255F3A00CF05D1 /* CGPoint+Extension.swift in Sources */,
				ADB4A840293831AF003D8556 /* VEScale.swift in Sources */,
				ADC5A60828358616000C73DF /* Color.swift in Sources */,
				ADA0E0C628255FA800CF05D1 /* Path+QuadCurve.swift in Sources */,
				ADA0E0DA282561B400CF05D1 /* LineBackgroundShape.swift in Sources */,
				ADA0E0D8282561A900CF05D1 /* Line.swift in Sources */,
				ADA1EC9B2899C6B000EE58E3 /* AVAduioPCMBuffer.swift in Sources */,
				ADB4A8332936CCFC003D8556 /* ExpandedSurvey.swift in Sources */,
				ADA0E0BA28255EDA00CF05D1 /* ChartValue.swift in Sources */,
				ADE416442911821500133437 /* Image.swift in Sources */,
				AD67CEC228A49646006AF596 /* TabIcons.swift in Sources */,
				AD81B73128BFDBF6009920FB /* Settings.swift in Sources */,
				ADB4A82E2936C3E1003D8556 /* ElementModel.swift in Sources */,
				AD26BA202829F4E600AC1A7B /* BarChartRow.swift in Sources */,
				ADA0E0CA2825601700CF05D1 /* ChartGrid.swift in Sources */,
				AD81B71E28BFCF83009920FB /* Notification.swift in Sources */,
				ADBF43A1290AC074001CDBF5 /* DayList.swift in Sources */,
				AD26BA1C2829F4C900AC1A7B /* BarChartCell.swift in Sources */,
				ADE4165129118E3200133437 /* CustomTargetView.swift in Sources */,
				AD81B71328BDBA5A009920FB /* BarChart.swift in Sources */,
				ADB4A81B29369516003D8556 /* AnyTransition.swift in Sources */,
				ADB4A83B293809DB003D8556 /* AudioInterface.swift in Sources */,
				AD59E6FE293A92FC00F5BCF7 /* ProcessedData.swift in Sources */,
				AD57E6442805D02600CDB31B /* BackUps.swift in Sources */,
				ADA0E0B628255ECD00CF05D1 /* ChartBase.swift in Sources */,
				ADE4164F29118DF100133437 /* TargetView.swift in Sources */,
				ADE4164D29118DCB00133437 /* VoiceQuestionView.swift in Sources */,
				ADB4A82229369B75003D8556 /* TreatmentLog.swift in Sources */,
				ADBF43A3290AC6B1001CDBF5 /* FilterButton.swift in Sources */,
				AD67CEC428A4965A006AF596 /* SubmissionButton.swift in Sources */,
				AD915C37280624E200B48A5C /* ProfileButton.swift in Sources */,
				AD81B72F28BFDB13009920FB /* Entries.swift in Sources */,
				ADA0E0C028255F5300CF05D1 /* CGReact+Extension.swift in Sources */,
				AD67CEC628A49665006AF596 /* YesButton.swift in Sources */,
				ADE03015293312AC00320A61 /* GraphView.swift in Sources */,
				ADA0E0B428255EAF00CF05D1 /* CardView.swift in Sources */,
				ADE4164929118D0C00133437 /* LandingPageView.swift in Sources */,
				ADE89218295BACCC00351EA1 /* PitchGraph.swift in Sources */,
				ADE8921A295D426900351EA1 /* SurveyGraph.swift in Sources */,
				ADA0E0E0282561CA00CF05D1 /* LineShape.swift in Sources */,
				AD6B031C27FCB26F0066B77D /* APIPlayground.swift in Sources */,
				ADA0E0C228255F6A00CF05D1 /* ChartBase+Extension.swift in Sources */,
				AD75260428C8639A0017FEC6 /* DateEntryField.swift in Sources */,
				ADB4A8262936A199003D8556 /* TreatmentRow.swift in Sources */,
				ADB4A8282936BDA1003D8556 /* GraphicTitle.swift in Sources */,
				AD81B72028BFCFB2009920FB /* AudioRecorder.swift in Sources */,
				AD81B71928BEB0B5009920FB /* HBarChartCellShape.swift in Sources */,
				ADB4A82429369C96003D8556 /* NewTreatmentForm.swift in Sources */,
				ADA0E0CC2825602A00CF05D1 /* ChartLabel.swift in Sources */,
				AD72972428CFD736001E7211 /* SignalProcessing.swift in Sources */,
				ADA0E0C828255FD900CF05D1 /* View+Extension.swift in Sources */,
				AD75260828C91C150017FEC6 /* Wave.swift in Sources */,
				AD81B72C28BFD774009920FB /* TreatmentModel.swift in Sources */,
				ADBDFF8A28C2682100518354 /* HomeView.swift in Sources */,
				ADA0E0DE282561C400CF05D1 /* LineChart.swift in Sources */,
				ADBDFF9028C26DD100518354 /* JournalView.swift in Sources */,
				ADC484BC28CBB50500160DFA /* RecordAction.swift in Sources */,
				AD158E6C279919A500C3119A /* VoMoApp.swift in Sources */,
				AD9EC70528050DBF007F0395 /* PlayButton.swift in Sources */,
				ADE4165629118EC000133437 /* ProgressBar.swift in Sources */,
				AD81B73628BFE013009920FB /* SharedViewModel.swift in Sources */,
				ADBF439F290AC03D001CDBF5 /* Filter.swift in Sources */,
				ADB4A8352936CD02003D8556 /* ExpandedRecording.swift in Sources */,
				AD81B71528BEAE84009920FB /* HBarChart.swift in Sources */,
				AD67CEC828A49673006AF596 /* NoButton.swift in Sources */,
				ADBDFF8628C2663000518354 /* ViewController.swift in Sources */,
				AD26BA1E2829F4DD00AC1A7B /* BarChartCellShape.swift in Sources */,
				ADBDFF9428C26DE900518354 /* ProgressView.swift in Sources */,
				ADB4A84229385ABF003D8556 /* CustomSlider.swift in Sources */,
				ADB4A8392936CFE2003D8556 /* DeleteButton.swift in Sources */,
				AD26BA1A2829F4C000AC1A7B /* BarChart1.swift in Sources */,
				AD59E6FA2939E66600F5BCF7 /* ReminderPopUp.swift in Sources */,
				AD81B71728BEB011009920FB /* HBarChartCell.swift in Sources */,
				ADA0E0E2282561D700CF05D1 /* LineShapeView.swift in Sources */,
				ADE3A01628395A8C00E56527 /* String.swift in Sources */,
				ADB4A82C2936C32E003D8556 /* ProgressViewFunctions.swift in Sources */,
				ADBDFF8828C2669300518354 /* OnboardView.swift in Sources */,
				ADE4164B29118D9500133437 /* PersonalQuestionView.swift in Sources */,
				ADE416462911874600133437 /* NavButtons.swift in Sources */,
				ADB4A82A2936BEE2003D8556 /* Graphic.swift in Sources */,
				AD81B72228BFCFCA009920FB /* AudioPlayer.swift in Sources */,
				ADE4165329118E5C00133437 /* GoalEntryView.swift in Sources */,
				ADE416592911959900133437 /* SetThreshold.swift in Sources */,
				ADA0E0CE2825604800CF05D1 /* ChartStyle.swift in Sources */,
			);
			runOnlyForDeploymentPostprocessing = 0;
		};
/* End PBXSourcesBuildPhase section */

/* Begin XCBuildConfiguration section */
		AD158E74279919A600C3119A /* Debug */ = {
			isa = XCBuildConfiguration;
			buildSettings = {
				ALWAYS_SEARCH_USER_PATHS = NO;
				CLANG_ANALYZER_NONNULL = YES;
				CLANG_ANALYZER_NUMBER_OBJECT_CONVERSION = YES_AGGRESSIVE;
				CLANG_CXX_LANGUAGE_STANDARD = "gnu++17";
				CLANG_CXX_LIBRARY = "libc++";
				CLANG_ENABLE_MODULES = YES;
				CLANG_ENABLE_OBJC_ARC = YES;
				CLANG_ENABLE_OBJC_WEAK = YES;
				CLANG_WARN_BLOCK_CAPTURE_AUTORELEASING = YES;
				CLANG_WARN_BOOL_CONVERSION = YES;
				CLANG_WARN_COMMA = YES;
				CLANG_WARN_CONSTANT_CONVERSION = YES;
				CLANG_WARN_DEPRECATED_OBJC_IMPLEMENTATIONS = YES;
				CLANG_WARN_DIRECT_OBJC_ISA_USAGE = YES_ERROR;
				CLANG_WARN_DOCUMENTATION_COMMENTS = YES;
				CLANG_WARN_EMPTY_BODY = YES;
				CLANG_WARN_ENUM_CONVERSION = YES;
				CLANG_WARN_INFINITE_RECURSION = YES;
				CLANG_WARN_INT_CONVERSION = YES;
				CLANG_WARN_NON_LITERAL_NULL_CONVERSION = YES;
				CLANG_WARN_OBJC_IMPLICIT_RETAIN_SELF = YES;
				CLANG_WARN_OBJC_LITERAL_CONVERSION = YES;
				CLANG_WARN_OBJC_ROOT_CLASS = YES_ERROR;
				CLANG_WARN_QUOTED_INCLUDE_IN_FRAMEWORK_HEADER = YES;
				CLANG_WARN_RANGE_LOOP_ANALYSIS = YES;
				CLANG_WARN_STRICT_PROTOTYPES = YES;
				CLANG_WARN_SUSPICIOUS_MOVE = YES;
				CLANG_WARN_UNGUARDED_AVAILABILITY = YES_AGGRESSIVE;
				CLANG_WARN_UNREACHABLE_CODE = YES;
				CLANG_WARN__DUPLICATE_METHOD_MATCH = YES;
				COPY_PHASE_STRIP = NO;
				DEBUG_INFORMATION_FORMAT = dwarf;
				ENABLE_STRICT_OBJC_MSGSEND = YES;
				ENABLE_TESTABILITY = YES;
				GCC_C_LANGUAGE_STANDARD = gnu11;
				GCC_DYNAMIC_NO_PIC = NO;
				GCC_NO_COMMON_BLOCKS = YES;
				GCC_OPTIMIZATION_LEVEL = 0;
				GCC_PREPROCESSOR_DEFINITIONS = (
					"DEBUG=1",
					"$(inherited)",
				);
				GCC_WARN_64_TO_32_BIT_CONVERSION = YES;
				GCC_WARN_ABOUT_RETURN_TYPE = YES_ERROR;
				GCC_WARN_UNDECLARED_SELECTOR = YES;
				GCC_WARN_UNINITIALIZED_AUTOS = YES_AGGRESSIVE;
				GCC_WARN_UNUSED_FUNCTION = YES;
				GCC_WARN_UNUSED_VARIABLE = YES;
				IPHONEOS_DEPLOYMENT_TARGET = 15.1;
				MTL_ENABLE_DEBUG_INFO = INCLUDE_SOURCE;
				MTL_FAST_MATH = YES;
				ONLY_ACTIVE_ARCH = YES;
				SDKROOT = iphoneos;
				SWIFT_ACTIVE_COMPILATION_CONDITIONS = DEBUG;
				SWIFT_OPTIMIZATION_LEVEL = "-Onone";
			};
			name = Debug;
		};
		AD158E75279919A600C3119A /* Release */ = {
			isa = XCBuildConfiguration;
			buildSettings = {
				ALWAYS_SEARCH_USER_PATHS = NO;
				CLANG_ANALYZER_NONNULL = YES;
				CLANG_ANALYZER_NUMBER_OBJECT_CONVERSION = YES_AGGRESSIVE;
				CLANG_CXX_LANGUAGE_STANDARD = "gnu++17";
				CLANG_CXX_LIBRARY = "libc++";
				CLANG_ENABLE_MODULES = YES;
				CLANG_ENABLE_OBJC_ARC = YES;
				CLANG_ENABLE_OBJC_WEAK = YES;
				CLANG_WARN_BLOCK_CAPTURE_AUTORELEASING = YES;
				CLANG_WARN_BOOL_CONVERSION = YES;
				CLANG_WARN_COMMA = YES;
				CLANG_WARN_CONSTANT_CONVERSION = YES;
				CLANG_WARN_DEPRECATED_OBJC_IMPLEMENTATIONS = YES;
				CLANG_WARN_DIRECT_OBJC_ISA_USAGE = YES_ERROR;
				CLANG_WARN_DOCUMENTATION_COMMENTS = YES;
				CLANG_WARN_EMPTY_BODY = YES;
				CLANG_WARN_ENUM_CONVERSION = YES;
				CLANG_WARN_INFINITE_RECURSION = YES;
				CLANG_WARN_INT_CONVERSION = YES;
				CLANG_WARN_NON_LITERAL_NULL_CONVERSION = YES;
				CLANG_WARN_OBJC_IMPLICIT_RETAIN_SELF = YES;
				CLANG_WARN_OBJC_LITERAL_CONVERSION = YES;
				CLANG_WARN_OBJC_ROOT_CLASS = YES_ERROR;
				CLANG_WARN_QUOTED_INCLUDE_IN_FRAMEWORK_HEADER = YES;
				CLANG_WARN_RANGE_LOOP_ANALYSIS = YES;
				CLANG_WARN_STRICT_PROTOTYPES = YES;
				CLANG_WARN_SUSPICIOUS_MOVE = YES;
				CLANG_WARN_UNGUARDED_AVAILABILITY = YES_AGGRESSIVE;
				CLANG_WARN_UNREACHABLE_CODE = YES;
				CLANG_WARN__DUPLICATE_METHOD_MATCH = YES;
				COPY_PHASE_STRIP = NO;
				DEBUG_INFORMATION_FORMAT = "dwarf-with-dsym";
				ENABLE_NS_ASSERTIONS = NO;
				ENABLE_STRICT_OBJC_MSGSEND = YES;
				GCC_C_LANGUAGE_STANDARD = gnu11;
				GCC_NO_COMMON_BLOCKS = YES;
				GCC_WARN_64_TO_32_BIT_CONVERSION = YES;
				GCC_WARN_ABOUT_RETURN_TYPE = YES_ERROR;
				GCC_WARN_UNDECLARED_SELECTOR = YES;
				GCC_WARN_UNINITIALIZED_AUTOS = YES_AGGRESSIVE;
				GCC_WARN_UNUSED_FUNCTION = YES;
				GCC_WARN_UNUSED_VARIABLE = YES;
				IPHONEOS_DEPLOYMENT_TARGET = 15.1;
				MTL_ENABLE_DEBUG_INFO = NO;
				MTL_FAST_MATH = YES;
				SDKROOT = iphoneos;
				SWIFT_COMPILATION_MODE = wholemodule;
				SWIFT_OPTIMIZATION_LEVEL = "-O";
				VALIDATE_PRODUCT = YES;
			};
			name = Release;
		};
		AD158E77279919A600C3119A /* Debug */ = {
			isa = XCBuildConfiguration;
			buildSettings = {
				ASSETCATALOG_COMPILER_APPICON_NAME = AppIcon;
				ASSETCATALOG_COMPILER_GLOBAL_ACCENT_COLOR_NAME = AccentColor;
				CODE_SIGN_ENTITLEMENTS = VoMo/VoMo.entitlements;
				CODE_SIGN_IDENTITY = "Apple Development";
				CODE_SIGN_STYLE = Automatic;
				CURRENT_PROJECT_VERSION = 18;
				DEVELOPMENT_ASSET_PATHS = "\"VoMo/Preview Content\"";
				DEVELOPMENT_TEAM = HA6YWKP834;
				ENABLE_PREVIEWS = YES;
				GENERATE_INFOPLIST_FILE = YES;
				INFOPLIST_FILE = VoMo/Info.plist;
				INFOPLIST_KEY_CFBundleDisplayName = Vomo;
				INFOPLIST_KEY_LSApplicationCategoryType = "public.app-category.medical";
				INFOPLIST_KEY_NSCameraUsageDescription = "We use this to import a profile picture";
				INFOPLIST_KEY_NSMicrophoneUsageDescription = "We need access to your microphone";
				INFOPLIST_KEY_NSPhotoLibraryAddUsageDescription = "Our application needs permission to write photos...";
				INFOPLIST_KEY_UIApplicationSceneManifest_Generation = YES;
				INFOPLIST_KEY_UIApplicationSupportsIndirectInputEvents = YES;
				INFOPLIST_KEY_UIRequiresFullScreen = YES;
				INFOPLIST_KEY_UISupportedInterfaceOrientations = UIInterfaceOrientationPortrait;
				INFOPLIST_KEY_UISupportedInterfaceOrientations_iPad = UIInterfaceOrientationPortrait;
				INFOPLIST_KEY_UISupportedInterfaceOrientations_iPhone = UIInterfaceOrientationPortrait;
				IPHONEOS_DEPLOYMENT_TARGET = 15.1;
				LD_RUNPATH_SEARCH_PATHS = (
					"$(inherited)",
					"@executable_path/Frameworks",
				);
				MARKETING_VERSION = 1.6;
				PRODUCT_BUNDLE_IDENTIFIER = edu.uc.vomo;
				PRODUCT_NAME = "$(TARGET_NAME)";
				PROVISIONING_PROFILE_SPECIFIER = "";
				SWIFT_EMIT_LOC_STRINGS = YES;
				SWIFT_OPTIMIZATION_LEVEL = "-O";
				SWIFT_VERSION = 5.0;
				TARGETED_DEVICE_FAMILY = "1,2";
			};
			name = Debug;
		};
		AD158E78279919A600C3119A /* Release */ = {
			isa = XCBuildConfiguration;
			buildSettings = {
				ASSETCATALOG_COMPILER_APPICON_NAME = AppIcon;
				ASSETCATALOG_COMPILER_GLOBAL_ACCENT_COLOR_NAME = AccentColor;
				CODE_SIGN_ENTITLEMENTS = VoMo/VoMo.entitlements;
				CODE_SIGN_IDENTITY = "Apple Development";
				CODE_SIGN_STYLE = Automatic;
				CURRENT_PROJECT_VERSION = 18;
				DEVELOPMENT_ASSET_PATHS = "\"VoMo/Preview Content\"";
				DEVELOPMENT_TEAM = HA6YWKP834;
				ENABLE_PREVIEWS = YES;
				GENERATE_INFOPLIST_FILE = YES;
				INFOPLIST_FILE = VoMo/Info.plist;
				INFOPLIST_KEY_CFBundleDisplayName = Vomo;
				INFOPLIST_KEY_LSApplicationCategoryType = "public.app-category.medical";
				INFOPLIST_KEY_NSCameraUsageDescription = "We use this to import a profile picture";
				INFOPLIST_KEY_NSMicrophoneUsageDescription = "We need access to your microphone";
				INFOPLIST_KEY_NSPhotoLibraryAddUsageDescription = "Our application needs permission to write photos...";
				INFOPLIST_KEY_UIApplicationSceneManifest_Generation = YES;
				INFOPLIST_KEY_UIApplicationSupportsIndirectInputEvents = YES;
				INFOPLIST_KEY_UIRequiresFullScreen = YES;
				INFOPLIST_KEY_UISupportedInterfaceOrientations = UIInterfaceOrientationPortrait;
				INFOPLIST_KEY_UISupportedInterfaceOrientations_iPad = UIInterfaceOrientationPortrait;
				INFOPLIST_KEY_UISupportedInterfaceOrientations_iPhone = UIInterfaceOrientationPortrait;
				IPHONEOS_DEPLOYMENT_TARGET = 15.1;
				LD_RUNPATH_SEARCH_PATHS = (
					"$(inherited)",
					"@executable_path/Frameworks",
				);
				MARKETING_VERSION = 1.6;
				PRODUCT_BUNDLE_IDENTIFIER = edu.uc.vomo;
				PRODUCT_NAME = "$(TARGET_NAME)";
				PROVISIONING_PROFILE_SPECIFIER = "";
				SWIFT_EMIT_LOC_STRINGS = YES;
				SWIFT_VERSION = 5.0;
				TARGETED_DEVICE_FAMILY = "1,2";
			};
			name = Release;
		};
/* End XCBuildConfiguration section */

/* Begin XCConfigurationList section */
		AD158E63279919A500C3119A /* Build configuration list for PBXProject "VoMo" */ = {
			isa = XCConfigurationList;
			buildConfigurations = (
				AD158E74279919A600C3119A /* Debug */,
				AD158E75279919A600C3119A /* Release */,
			);
			defaultConfigurationIsVisible = 0;
			defaultConfigurationName = Release;
		};
		AD158E76279919A600C3119A /* Build configuration list for PBXNativeTarget "VoMo" */ = {
			isa = XCConfigurationList;
			buildConfigurations = (
				AD158E77279919A600C3119A /* Debug */,
				AD158E78279919A600C3119A /* Release */,
			);
			defaultConfigurationIsVisible = 0;
			defaultConfigurationName = Release;
		};
/* End XCConfigurationList section */

/* Begin XCRemoteSwiftPackageReference section */
		ADA0E0A92824C26A00CF05D1 /* XCRemoteSwiftPackageReference "ChartView" */ = {
			isa = XCRemoteSwiftPackageReference;
			repositoryURL = "https://github.com/AppPear/ChartView";
			requirement = {
				kind = exactVersion;
				version = "2.0.0-beta.2";
			};
		};
		ADA1EC9C2899C99400EE58E3 /* XCRemoteSwiftPackageReference "AudioKitUI" */ = {
			isa = XCRemoteSwiftPackageReference;
			repositoryURL = "https://github.com/AudioKit/AudioKitUI";
			requirement = {
				kind = upToNextMajorVersion;
				minimumVersion = 0.1.5;
			};
		};
/* End XCRemoteSwiftPackageReference section */

/* Begin XCSwiftPackageProductDependency section */
		ADA0E0AA2824C26A00CF05D1 /* SwiftUICharts */ = {
			isa = XCSwiftPackageProductDependency;
			package = ADA0E0A92824C26A00CF05D1 /* XCRemoteSwiftPackageReference "ChartView" */;
			productName = SwiftUICharts;
		};
		ADA1EC9D2899C99400EE58E3 /* AudioKitUI */ = {
			isa = XCSwiftPackageProductDependency;
			package = ADA1EC9C2899C99400EE58E3 /* XCRemoteSwiftPackageReference "AudioKitUI" */;
			productName = AudioKitUI;
		};
/* End XCSwiftPackageProductDependency section */
	};
	rootObject = AD158E60279919A500C3119A /* Project object */;
}
